
Microsoft Visual Studio Solution File, Format Version 9.00
# Visual Studio 2005
Project("{8BC9CEB8-8B4A-11D0-8D11-00A0C91BC942}") = "ClipboardDll", "ClipboardDll.vcproj", "{B4E1087F-2644-430B-A6D4-95B75D62398B}"
EndProject
Global
	GlobalSection(SolutionConfigurationPlatforms) = preSolution
		Debug|Win32 = Debug|Win32
		Release|Win32 = Release|Win32
	EndGlobalSection
	GlobalSection(ProjectConfigurationPlatforms) = postSolution
		{B4E1087F-2644-430B-A6D4-95B75D62398B}.Debug|Win32.ActiveCfg = Debug|Win32
		{B4E1087F-2644-430B-A6D4-95B75D62398B}.Debug|Win32.Build.0 = Debug|Win32
		{B4E1087F-2644-430B-A6D4-95B75D62398B}.Release|Win32.ActiveCfg = Release|Win32
		{B4E1087F-2644-430B-A6D4-95B75D62398B}.Release|Win32.Build.0 = Release|Win32
	EndGlobalSection
	GlobalSection(SolutionProperties) = preSolution
		HideSolutionNode = FALSE
	EndGlobalSection
EndGlobal
