Microsoft Visual Studio Solution File, Format Version 10.00
# Visual Studio 2008
Project("{2150E333-8FDC-42A3-9474-1A3956D46DE8}") = "Solution Items", "Solution Items", "{9D718549-67C4-4FEE-BA97-10F50E189F83}"
	ProjectSection(SolutionItems) = preProject
		Properties\AssemblyInfo.Dolphin.cs = Properties\AssemblyInfo.Dolphin.cs
		CreateAcrobatDistillerAssembly.bat = CreateAcrobatDistillerAssembly.bat
		Epsitec.Cresus.snk = Epsitec.Cresus.snk
		External\uac.manifest = External\uac.manifest
		Visual.bat = Visual.bat
	EndProjectSection
EndProject
Project("{FAE04EC0-301F-11D3-BF4B-00C04F79EFBC}") = "Common.Widgets", "Common.Widgets\Common.Widgets.csproj", "{C84C2E19-04B7-4244-86F6-E4CAFA3FDA7B}"
EndProject
Project("{FAE04EC0-301F-11D3-BF4B-00C04F79EFBC}") = "Common.Drawing", "Common.Drawing\Common.Drawing.csproj", "{35FFBEF6-6A7D-4FEA-A4C6-AAB784FA709B}"
EndProject
Project("{FAE04EC0-301F-11D3-BF4B-00C04F79EFBC}") = "Common.Support", "Common.Support\Common.Support.csproj", "{AC07F95F-9D11-44BE-8ABC-D6E33C3BB10B}"
EndProject
Project("{FAE04EC0-301F-11D3-BF4B-00C04F79EFBC}") = "Common.Support.Implementation", "Common.Support.Implementation\Common.Support.Implementation.csproj", "{5ABF5752-A44A-4D8B-B4F0-D64CF5E74B2D}"
EndProject
Project("{FAE04EC0-301F-11D3-BF4B-00C04F79EFBC}") = "Common.Drawing.Platform", "Common.Drawing.Platform\Common.Drawing.Platform.csproj", "{0202C35E-E79E-43BE-9E35-1ACECB0BBE9B}"
EndProject
Project("{FAE04EC0-301F-11D3-BF4B-00C04F79EFBC}") = "Common.Dialogs", "Common.Dialogs\Common.Dialogs.csproj", "{560DFD49-3052-4F41-A4C3-6216E6135DC9}"
EndProject
Project("{FAE04EC0-301F-11D3-BF4B-00C04F79EFBC}") = "Common.Printing", "Common.Printing\Common.Printing.csproj", "{21655556-2BC3-46A4-931A-1295AD971737}"
EndProject
Project("{FAE04EC0-301F-11D3-BF4B-00C04F79EFBC}") = "Common.UI", "Common.UI\Common.UI.csproj", "{BDF75452-AAB1-4E62-82D5-AE23F35C6319}"
EndProject
Project("{FAE04EC0-301F-11D3-BF4B-00C04F79EFBC}") = "Common.Types", "Common.Types\Common.Types.csproj", "{8960D1EA-3B82-49A1-9D44-F92F467209FF}"
EndProject
Project("{FAE04EC0-301F-11D3-BF4B-00C04F79EFBC}") = "Common.IO", "Common.IO\Common.IO.csproj", "{5A67ED63-98AC-4FC2-9E25-0AFA3229B9D0}"
EndProject
Project("{FAE04EC0-301F-11D3-BF4B-00C04F79EFBC}") = "Common.Support.Events", "Common.Support.Events\Common.Support.Events.csproj", "{EAF258A4-E107-4466-A3E1-9FC072557940}"
EndProject
Project("{FAE04EC0-301F-11D3-BF4B-00C04F79EFBC}") = "Common.DocumentEditor", "Common.DocumentEditor\Common.DocumentEditor.csproj", "{B3B20AC3-680D-41E0-94C2-8113577CE703}"
EndProject
Project("{FAE04EC0-301F-11D3-BF4B-00C04F79EFBC}") = "Common.Document", "Common.Document\Common.Document.csproj", "{B324896E-2CDE-45B8-91CE-B476687EA384}"
EndProject
Project("{FAE04EC0-301F-11D3-BF4B-00C04F79EFBC}") = "Common.Debug", "Common.Debug\Common.Debug.csproj", "{AF58270B-4B5C-49F7-81D8-723CFF122F2C}"
EndProject
Project("{FAE04EC0-301F-11D3-BF4B-00C04F79EFBC}") = "Common.OpenType", "Common.OpenType\Common.OpenType.csproj", "{7703436A-1D8D-46AA-BB44-699AE5EAAA2F}"
EndProject
Project("{FAE04EC0-301F-11D3-BF4B-00C04F79EFBC}") = "Common.Text", "Common.Text\Common.Text.csproj", "{62F59974-6D79-4919-AAA0-10717A8D8514}"
EndProject
Project("{FAE04EC0-301F-11D3-BF4B-00C04F79EFBC}") = "Common.Drawing.Agg", "Common.Drawing.Agg\Common.Drawing.Agg.csproj", "{7D73AD35-D078-4B4C-AF30-434C6A377058}"
EndProject
Project("{FAE04EC0-301F-11D3-BF4B-00C04F79EFBC}") = "Common.Text.Exchange", "Common.Text.Exchange\Common.Text.Exchange.csproj", "{CAE8D21F-CADA-4401-949F-186BB1D4F5D6}"
EndProject
Project("{8BC9CEB8-8B4A-11D0-8D11-00A0C91BC942}") = "Clipboard.Win32", "Common.Text.Exchange\Clipboard.Win32\ClipboardDll.vcproj", "{B4E1087F-2644-430B-A6D4-95B75D62398B}"
EndProject
Project("{FAE04EC0-301F-11D3-BF4B-00C04F79EFBC}") = "X.Export", "X.Export\X.Export.csproj", "{F3A53056-6C28-470B-A79F-9AA9C2235BBF}"
	ProjectSection(ProjectDependencies) = postProject
		{B4E1087F-2644-430B-A6D4-95B75D62398B} = {B4E1087F-2644-430B-A6D4-95B75D62398B}
	EndProjectSection
EndProject
Project("{FAE04EC0-301F-11D3-BF4B-00C04F79EFBC}") = "Common.Drawing.Images", "Common.Drawing.Images\Common.Drawing.Images.csproj", "{FD37B74B-455D-4706-9ED3-BD210EB91975}"
EndProject
Project("{FAE04EC0-301F-11D3-BF4B-00C04F79EFBC}") = "Common.Identity", "Common.Identity\Common.Identity.csproj", "{3B21F4C6-9461-4751-9B23-9A9006743D68}"
EndProject
Project("{FAE04EC0-301F-11D3-BF4B-00C04F79EFBC}") = "App.Dolphin", "App.Dolphin\App.Dolphin.csproj", "{C7F4F507-E056-46CB-B403-9EC194A0AF0F}"
EndProject
Project("{54435603-DBB4-11D2-8724-00A0C9A8B90C}") = "X.Setup.Dolphin (fr)", "X.Setup.Dolphin.fr\X.Setup.Dolphin (fr).vdproj", "{B83C6D31-8F6C-4032-A0BA-BE891802DE54}"
EndProject
Project("{54435603-DBB4-11D2-8724-00A0C9A8B90C}") = "X.Setup.Dolphin (de)", "X.Setup.Dolphin.de\X.Setup.Dolphin (de).vdproj", "{B83C6D32-8F6C-4032-A0BA-BE891802DE54}"
EndProject
Project("{FAE04EC0-301F-11D3-BF4B-00C04F79EFBC}") = "App.Dolphin.Tests", "App.Dolphin.Tests\App.Dolphin.Tests.csproj", "{DD376A6F-929E-4228-A80C-1BAA20376DA6}"
EndProject
Project("{FAE04EC0-301F-11D3-BF4B-00C04F79EFBC}") = "App.Dolphin.SplashScreen", "App.Dolphin.SplashScreen\App.Dolphin.SplashScreen.csproj", "{EF853C31-7276-40E4-8B01-9939C4934BD0}"
EndProject
Project("{FAE04EC0-301F-11D3-BF4B-00C04F79EFBC}") = "App.Dolphin.Core", "App.Dolphin.Core\App.Dolphin.Core.csproj", "{57C124C2-BE7E-42C0-AD03-0455373C48E6}"
	ProjectSection(ProjectDependencies) = postProject
		{F3A53056-6C28-470B-A79F-9AA9C2235BBF} = {F3A53056-6C28-470B-A79F-9AA9C2235BBF}
		{EF853C31-7276-40E4-8B01-9939C4934BD0} = {EF853C31-7276-40E4-8B01-9939C4934BD0}
	EndProjectSection
EndProject
Project("{FAE04EC0-301F-11D3-BF4B-00C04F79EFBC}") = "App.Dolphin.Executable", "App.Dolphin.Executable\App.Dolphin.Executable.csproj", "{B6FF1855-D7B4-45AB-A121-897B37DD00E2}"
	ProjectSection(ProjectDependencies) = postProject
		{57C124C2-BE7E-42C0-AD03-0455373C48E6} = {57C124C2-BE7E-42C0-AD03-0455373C48E6}
	EndProjectSection
EndProject
Project("{FAE04EC0-301F-11D3-BF4B-00C04F79EFBC}") = "Common.FormEngine", "Common.FormEngine\Common.FormEngine.csproj", "{29CBCF29-AA80-43BC-81C7-698DE2A4D88A}"
EndProject
Global
	GlobalSection(SolutionConfigurationPlatforms) = preSolution
		Debug|Any CPU = Debug|Any CPU
		Debug|Mixed Platforms = Debug|Mixed Platforms
		Debug|Win32 = Debug|Win32
		Release|Any CPU = Release|Any CPU
		Release|Mixed Platforms = Release|Mixed Platforms
		Release|Win32 = Release|Win32
	EndGlobalSection
	GlobalSection(ProjectConfigurationPlatforms) = postSolution
		{C84C2E19-04B7-4244-86F6-E4CAFA3FDA7B}.Debug|Any CPU.ActiveCfg = Debug|Any CPU
		{C84C2E19-04B7-4244-86F6-E4CAFA3FDA7B}.Debug|Any CPU.Build.0 = Debug|Any CPU
		{C84C2E19-04B7-4244-86F6-E4CAFA3FDA7B}.Debug|Mixed Platforms.ActiveCfg = Debug|Any CPU
		{C84C2E19-04B7-4244-86F6-E4CAFA3FDA7B}.Debug|Mixed Platforms.Build.0 = Debug|Any CPU
		{C84C2E19-04B7-4244-86F6-E4CAFA3FDA7B}.Debug|Win32.ActiveCfg = Debug|Any CPU
		{C84C2E19-04B7-4244-86F6-E4CAFA3FDA7B}.Release|Any CPU.ActiveCfg = Release|Any CPU
		{C84C2E19-04B7-4244-86F6-E4CAFA3FDA7B}.Release|Any CPU.Build.0 = Release|Any CPU
		{C84C2E19-04B7-4244-86F6-E4CAFA3FDA7B}.Release|Mixed Platforms.ActiveCfg = Release|Any CPU
		{C84C2E19-04B7-4244-86F6-E4CAFA3FDA7B}.Release|Mixed Platforms.Build.0 = Release|Any CPU
		{C84C2E19-04B7-4244-86F6-E4CAFA3FDA7B}.Release|Win32.ActiveCfg = Release|Any CPU
		{35FFBEF6-6A7D-4FEA-A4C6-AAB784FA709B}.Debug|Any CPU.ActiveCfg = Debug|Any CPU
		{35FFBEF6-6A7D-4FEA-A4C6-AAB784FA709B}.Debug|Any CPU.Build.0 = Debug|Any CPU
		{35FFBEF6-6A7D-4FEA-A4C6-AAB784FA709B}.Debug|Mixed Platforms.ActiveCfg = Debug|Any CPU
		{35FFBEF6-6A7D-4FEA-A4C6-AAB784FA709B}.Debug|Mixed Platforms.Build.0 = Debug|Any CPU
		{35FFBEF6-6A7D-4FEA-A4C6-AAB784FA709B}.Debug|Win32.ActiveCfg = Debug|Any CPU
		{35FFBEF6-6A7D-4FEA-A4C6-AAB784FA709B}.Release|Any CPU.ActiveCfg = Release|Any CPU
		{35FFBEF6-6A7D-4FEA-A4C6-AAB784FA709B}.Release|Any CPU.Build.0 = Release|Any CPU
		{35FFBEF6-6A7D-4FEA-A4C6-AAB784FA709B}.Release|Mixed Platforms.ActiveCfg = Release|Any CPU
		{35FFBEF6-6A7D-4FEA-A4C6-AAB784FA709B}.Release|Mixed Platforms.Build.0 = Release|Any CPU
		{35FFBEF6-6A7D-4FEA-A4C6-AAB784FA709B}.Release|Win32.ActiveCfg = Release|Any CPU
		{AC07F95F-9D11-44BE-8ABC-D6E33C3BB10B}.Debug|Any CPU.ActiveCfg = Debug|Any CPU
		{AC07F95F-9D11-44BE-8ABC-D6E33C3BB10B}.Debug|Any CPU.Build.0 = Debug|Any CPU
		{AC07F95F-9D11-44BE-8ABC-D6E33C3BB10B}.Debug|Mixed Platforms.ActiveCfg = Debug|Any CPU
		{AC07F95F-9D11-44BE-8ABC-D6E33C3BB10B}.Debug|Mixed Platforms.Build.0 = Debug|Any CPU
		{AC07F95F-9D11-44BE-8ABC-D6E33C3BB10B}.Debug|Win32.ActiveCfg = Debug|Any CPU
		{AC07F95F-9D11-44BE-8ABC-D6E33C3BB10B}.Release|Any CPU.ActiveCfg = Release|Any CPU
		{AC07F95F-9D11-44BE-8ABC-D6E33C3BB10B}.Release|Any CPU.Build.0 = Release|Any CPU
		{AC07F95F-9D11-44BE-8ABC-D6E33C3BB10B}.Release|Mixed Platforms.ActiveCfg = Release|Any CPU
		{AC07F95F-9D11-44BE-8ABC-D6E33C3BB10B}.Release|Mixed Platforms.Build.0 = Release|Any CPU
		{AC07F95F-9D11-44BE-8ABC-D6E33C3BB10B}.Release|Win32.ActiveCfg = Release|Any CPU
		{5ABF5752-A44A-4D8B-B4F0-D64CF5E74B2D}.Debug|Any CPU.ActiveCfg = Debug|Any CPU
		{5ABF5752-A44A-4D8B-B4F0-D64CF5E74B2D}.Debug|Any CPU.Build.0 = Debug|Any CPU
		{5ABF5752-A44A-4D8B-B4F0-D64CF5E74B2D}.Debug|Mixed Platforms.ActiveCfg = Debug|Any CPU
		{5ABF5752-A44A-4D8B-B4F0-D64CF5E74B2D}.Debug|Mixed Platforms.Build.0 = Debug|Any CPU
		{5ABF5752-A44A-4D8B-B4F0-D64CF5E74B2D}.Debug|Win32.ActiveCfg = Debug|Any CPU
		{5ABF5752-A44A-4D8B-B4F0-D64CF5E74B2D}.Release|Any CPU.ActiveCfg = Release|Any CPU
		{5ABF5752-A44A-4D8B-B4F0-D64CF5E74B2D}.Release|Any CPU.Build.0 = Release|Any CPU
		{5ABF5752-A44A-4D8B-B4F0-D64CF5E74B2D}.Release|Mixed Platforms.ActiveCfg = Release|Any CPU
		{5ABF5752-A44A-4D8B-B4F0-D64CF5E74B2D}.Release|Mixed Platforms.Build.0 = Release|Any CPU
		{5ABF5752-A44A-4D8B-B4F0-D64CF5E74B2D}.Release|Win32.ActiveCfg = Release|Any CPU
		{0202C35E-E79E-43BE-9E35-1ACECB0BBE9B}.Debug|Any CPU.ActiveCfg = Debug|Any CPU
		{0202C35E-E79E-43BE-9E35-1ACECB0BBE9B}.Debug|Any CPU.Build.0 = Debug|Any CPU
		{0202C35E-E79E-43BE-9E35-1ACECB0BBE9B}.Debug|Mixed Platforms.ActiveCfg = Debug|Any CPU
		{0202C35E-E79E-43BE-9E35-1ACECB0BBE9B}.Debug|Mixed Platforms.Build.0 = Debug|Any CPU
		{0202C35E-E79E-43BE-9E35-1ACECB0BBE9B}.Debug|Win32.ActiveCfg = Debug|Any CPU
		{0202C35E-E79E-43BE-9E35-1ACECB0BBE9B}.Release|Any CPU.ActiveCfg = Release|Any CPU
		{0202C35E-E79E-43BE-9E35-1ACECB0BBE9B}.Release|Any CPU.Build.0 = Release|Any CPU
		{0202C35E-E79E-43BE-9E35-1ACECB0BBE9B}.Release|Mixed Platforms.ActiveCfg = Release|Any CPU
		{0202C35E-E79E-43BE-9E35-1ACECB0BBE9B}.Release|Mixed Platforms.Build.0 = Release|Any CPU
		{0202C35E-E79E-43BE-9E35-1ACECB0BBE9B}.Release|Win32.ActiveCfg = Release|Any CPU
		{560DFD49-3052-4F41-A4C3-6216E6135DC9}.Debug|Any CPU.ActiveCfg = Debug|Any CPU
		{560DFD49-3052-4F41-A4C3-6216E6135DC9}.Debug|Any CPU.Build.0 = Debug|Any CPU
		{560DFD49-3052-4F41-A4C3-6216E6135DC9}.Debug|Mixed Platforms.ActiveCfg = Debug|Any CPU
		{560DFD49-3052-4F41-A4C3-6216E6135DC9}.Debug|Mixed Platforms.Build.0 = Debug|Any CPU
		{560DFD49-3052-4F41-A4C3-6216E6135DC9}.Debug|Win32.ActiveCfg = Debug|Any CPU
		{560DFD49-3052-4F41-A4C3-6216E6135DC9}.Release|Any CPU.ActiveCfg = Release|Any CPU
		{560DFD49-3052-4F41-A4C3-6216E6135DC9}.Release|Any CPU.Build.0 = Release|Any CPU
		{560DFD49-3052-4F41-A4C3-6216E6135DC9}.Release|Mixed Platforms.ActiveCfg = Release|Any CPU
		{560DFD49-3052-4F41-A4C3-6216E6135DC9}.Release|Mixed Platforms.Build.0 = Release|Any CPU
		{560DFD49-3052-4F41-A4C3-6216E6135DC9}.Release|Win32.ActiveCfg = Release|Any CPU
		{21655556-2BC3-46A4-931A-1295AD971737}.Debug|Any CPU.ActiveCfg = Debug|Any CPU
		{21655556-2BC3-46A4-931A-1295AD971737}.Debug|Any CPU.Build.0 = Debug|Any CPU
		{21655556-2BC3-46A4-931A-1295AD971737}.Debug|Mixed Platforms.ActiveCfg = Debug|Any CPU
		{21655556-2BC3-46A4-931A-1295AD971737}.Debug|Mixed Platforms.Build.0 = Debug|Any CPU
		{21655556-2BC3-46A4-931A-1295AD971737}.Debug|Win32.ActiveCfg = Debug|Any CPU
		{21655556-2BC3-46A4-931A-1295AD971737}.Release|Any CPU.ActiveCfg = Release|Any CPU
		{21655556-2BC3-46A4-931A-1295AD971737}.Release|Any CPU.Build.0 = Release|Any CPU
		{21655556-2BC3-46A4-931A-1295AD971737}.Release|Mixed Platforms.ActiveCfg = Release|Any CPU
		{21655556-2BC3-46A4-931A-1295AD971737}.Release|Mixed Platforms.Build.0 = Release|Any CPU
		{21655556-2BC3-46A4-931A-1295AD971737}.Release|Win32.ActiveCfg = Release|Any CPU
		{BDF75452-AAB1-4E62-82D5-AE23F35C6319}.Debug|Any CPU.ActiveCfg = Debug|Any CPU
		{BDF75452-AAB1-4E62-82D5-AE23F35C6319}.Debug|Any CPU.Build.0 = Debug|Any CPU
		{BDF75452-AAB1-4E62-82D5-AE23F35C6319}.Debug|Mixed Platforms.ActiveCfg = Debug|Any CPU
		{BDF75452-AAB1-4E62-82D5-AE23F35C6319}.Debug|Mixed Platforms.Build.0 = Debug|Any CPU
		{BDF75452-AAB1-4E62-82D5-AE23F35C6319}.Debug|Win32.ActiveCfg = Debug|Any CPU
		{BDF75452-AAB1-4E62-82D5-AE23F35C6319}.Release|Any CPU.ActiveCfg = Release|Any CPU
		{BDF75452-AAB1-4E62-82D5-AE23F35C6319}.Release|Any CPU.Build.0 = Release|Any CPU
		{BDF75452-AAB1-4E62-82D5-AE23F35C6319}.Release|Mixed Platforms.ActiveCfg = Release|Any CPU
		{BDF75452-AAB1-4E62-82D5-AE23F35C6319}.Release|Mixed Platforms.Build.0 = Release|Any CPU
		{BDF75452-AAB1-4E62-82D5-AE23F35C6319}.Release|Win32.ActiveCfg = Release|Any CPU
		{8960D1EA-3B82-49A1-9D44-F92F467209FF}.Debug|Any CPU.ActiveCfg = Debug|Any CPU
		{8960D1EA-3B82-49A1-9D44-F92F467209FF}.Debug|Any CPU.Build.0 = Debug|Any CPU
		{8960D1EA-3B82-49A1-9D44-F92F467209FF}.Debug|Mixed Platforms.ActiveCfg = Debug|Any CPU
		{8960D1EA-3B82-49A1-9D44-F92F467209FF}.Debug|Mixed Platforms.Build.0 = Debug|Any CPU
		{8960D1EA-3B82-49A1-9D44-F92F467209FF}.Debug|Win32.ActiveCfg = Debug|Any CPU
		{8960D1EA-3B82-49A1-9D44-F92F467209FF}.Release|Any CPU.ActiveCfg = Release|Any CPU
		{8960D1EA-3B82-49A1-9D44-F92F467209FF}.Release|Any CPU.Build.0 = Release|Any CPU
		{8960D1EA-3B82-49A1-9D44-F92F467209FF}.Release|Mixed Platforms.ActiveCfg = Release|Any CPU
		{8960D1EA-3B82-49A1-9D44-F92F467209FF}.Release|Mixed Platforms.Build.0 = Release|Any CPU
		{8960D1EA-3B82-49A1-9D44-F92F467209FF}.Release|Win32.ActiveCfg = Release|Any CPU
		{5A67ED63-98AC-4FC2-9E25-0AFA3229B9D0}.Debug|Any CPU.ActiveCfg = Debug|Any CPU
		{5A67ED63-98AC-4FC2-9E25-0AFA3229B9D0}.Debug|Any CPU.Build.0 = Debug|Any CPU
		{5A67ED63-98AC-4FC2-9E25-0AFA3229B9D0}.Debug|Mixed Platforms.ActiveCfg = Debug|Any CPU
		{5A67ED63-98AC-4FC2-9E25-0AFA3229B9D0}.Debug|Mixed Platforms.Build.0 = Debug|Any CPU
		{5A67ED63-98AC-4FC2-9E25-0AFA3229B9D0}.Debug|Win32.ActiveCfg = Debug|Any CPU
		{5A67ED63-98AC-4FC2-9E25-0AFA3229B9D0}.Release|Any CPU.ActiveCfg = Release|Any CPU
		{5A67ED63-98AC-4FC2-9E25-0AFA3229B9D0}.Release|Any CPU.Build.0 = Release|Any CPU
		{5A67ED63-98AC-4FC2-9E25-0AFA3229B9D0}.Release|Mixed Platforms.ActiveCfg = Release|Any CPU
		{5A67ED63-98AC-4FC2-9E25-0AFA3229B9D0}.Release|Mixed Platforms.Build.0 = Release|Any CPU
		{5A67ED63-98AC-4FC2-9E25-0AFA3229B9D0}.Release|Win32.ActiveCfg = Release|Any CPU
		{EAF258A4-E107-4466-A3E1-9FC072557940}.Debug|Any CPU.ActiveCfg = Debug|Any CPU
		{EAF258A4-E107-4466-A3E1-9FC072557940}.Debug|Any CPU.Build.0 = Debug|Any CPU
		{EAF258A4-E107-4466-A3E1-9FC072557940}.Debug|Mixed Platforms.ActiveCfg = Debug|Any CPU
		{EAF258A4-E107-4466-A3E1-9FC072557940}.Debug|Mixed Platforms.Build.0 = Debug|Any CPU
		{EAF258A4-E107-4466-A3E1-9FC072557940}.Debug|Win32.ActiveCfg = Debug|Any CPU
		{EAF258A4-E107-4466-A3E1-9FC072557940}.Release|Any CPU.ActiveCfg = Release|Any CPU
		{EAF258A4-E107-4466-A3E1-9FC072557940}.Release|Any CPU.Build.0 = Release|Any CPU
		{EAF258A4-E107-4466-A3E1-9FC072557940}.Release|Mixed Platforms.ActiveCfg = Release|Any CPU
		{EAF258A4-E107-4466-A3E1-9FC072557940}.Release|Mixed Platforms.Build.0 = Release|Any CPU
		{EAF258A4-E107-4466-A3E1-9FC072557940}.Release|Win32.ActiveCfg = Release|Any CPU
		{B3B20AC3-680D-41E0-94C2-8113577CE703}.Debug|Any CPU.ActiveCfg = Debug|Any CPU
		{B3B20AC3-680D-41E0-94C2-8113577CE703}.Debug|Any CPU.Build.0 = Debug|Any CPU
		{B3B20AC3-680D-41E0-94C2-8113577CE703}.Debug|Mixed Platforms.ActiveCfg = Debug|Any CPU
		{B3B20AC3-680D-41E0-94C2-8113577CE703}.Debug|Mixed Platforms.Build.0 = Debug|Any CPU
		{B3B20AC3-680D-41E0-94C2-8113577CE703}.Debug|Win32.ActiveCfg = Debug|Any CPU
		{B3B20AC3-680D-41E0-94C2-8113577CE703}.Release|Any CPU.ActiveCfg = Release|Any CPU
		{B3B20AC3-680D-41E0-94C2-8113577CE703}.Release|Any CPU.Build.0 = Release|Any CPU
		{B3B20AC3-680D-41E0-94C2-8113577CE703}.Release|Mixed Platforms.ActiveCfg = Release|Any CPU
		{B3B20AC3-680D-41E0-94C2-8113577CE703}.Release|Mixed Platforms.Build.0 = Release|Any CPU
		{B3B20AC3-680D-41E0-94C2-8113577CE703}.Release|Win32.ActiveCfg = Release|Any CPU
		{B324896E-2CDE-45B8-91CE-B476687EA384}.Debug|Any CPU.ActiveCfg = Debug|Any CPU
		{B324896E-2CDE-45B8-91CE-B476687EA384}.Debug|Any CPU.Build.0 = Debug|Any CPU
		{B324896E-2CDE-45B8-91CE-B476687EA384}.Debug|Mixed Platforms.ActiveCfg = Debug|Any CPU
		{B324896E-2CDE-45B8-91CE-B476687EA384}.Debug|Mixed Platforms.Build.0 = Debug|Any CPU
		{B324896E-2CDE-45B8-91CE-B476687EA384}.Debug|Win32.ActiveCfg = Debug|Any CPU
		{B324896E-2CDE-45B8-91CE-B476687EA384}.Release|Any CPU.ActiveCfg = Release|Any CPU
		{B324896E-2CDE-45B8-91CE-B476687EA384}.Release|Any CPU.Build.0 = Release|Any CPU
		{B324896E-2CDE-45B8-91CE-B476687EA384}.Release|Mixed Platforms.ActiveCfg = Release|Any CPU
		{B324896E-2CDE-45B8-91CE-B476687EA384}.Release|Mixed Platforms.Build.0 = Release|Any CPU
		{B324896E-2CDE-45B8-91CE-B476687EA384}.Release|Win32.ActiveCfg = Release|Any CPU
		{AF58270B-4B5C-49F7-81D8-723CFF122F2C}.Debug|Any CPU.ActiveCfg = Debug|Any CPU
		{AF58270B-4B5C-49F7-81D8-723CFF122F2C}.Debug|Any CPU.Build.0 = Debug|Any CPU
		{AF58270B-4B5C-49F7-81D8-723CFF122F2C}.Debug|Mixed Platforms.ActiveCfg = Debug|Any CPU
		{AF58270B-4B5C-49F7-81D8-723CFF122F2C}.Debug|Mixed Platforms.Build.0 = Debug|Any CPU
		{AF58270B-4B5C-49F7-81D8-723CFF122F2C}.Debug|Win32.ActiveCfg = Debug|Any CPU
		{AF58270B-4B5C-49F7-81D8-723CFF122F2C}.Release|Any CPU.ActiveCfg = Release|Any CPU
		{AF58270B-4B5C-49F7-81D8-723CFF122F2C}.Release|Any CPU.Build.0 = Release|Any CPU
		{AF58270B-4B5C-49F7-81D8-723CFF122F2C}.Release|Mixed Platforms.ActiveCfg = Release|Any CPU
		{AF58270B-4B5C-49F7-81D8-723CFF122F2C}.Release|Mixed Platforms.Build.0 = Release|Any CPU
		{AF58270B-4B5C-49F7-81D8-723CFF122F2C}.Release|Win32.ActiveCfg = Release|Any CPU
		{7703436A-1D8D-46AA-BB44-699AE5EAAA2F}.Debug|Any CPU.ActiveCfg = Debug|Any CPU
		{7703436A-1D8D-46AA-BB44-699AE5EAAA2F}.Debug|Any CPU.Build.0 = Debug|Any CPU
		{7703436A-1D8D-46AA-BB44-699AE5EAAA2F}.Debug|Mixed Platforms.ActiveCfg = Debug|Any CPU
		{7703436A-1D8D-46AA-BB44-699AE5EAAA2F}.Debug|Mixed Platforms.Build.0 = Debug|Any CPU
		{7703436A-1D8D-46AA-BB44-699AE5EAAA2F}.Debug|Win32.ActiveCfg = Debug|Any CPU
		{7703436A-1D8D-46AA-BB44-699AE5EAAA2F}.Release|Any CPU.ActiveCfg = Release|Any CPU
		{7703436A-1D8D-46AA-BB44-699AE5EAAA2F}.Release|Any CPU.Build.0 = Release|Any CPU
		{7703436A-1D8D-46AA-BB44-699AE5EAAA2F}.Release|Mixed Platforms.ActiveCfg = Release|Any CPU
		{7703436A-1D8D-46AA-BB44-699AE5EAAA2F}.Release|Mixed Platforms.Build.0 = Release|Any CPU
		{7703436A-1D8D-46AA-BB44-699AE5EAAA2F}.Release|Win32.ActiveCfg = Release|Any CPU
		{62F59974-6D79-4919-AAA0-10717A8D8514}.Debug|Any CPU.ActiveCfg = Debug|Any CPU
		{62F59974-6D79-4919-AAA0-10717A8D8514}.Debug|Any CPU.Build.0 = Debug|Any CPU
		{62F59974-6D79-4919-AAA0-10717A8D8514}.Debug|Mixed Platforms.ActiveCfg = Debug|Any CPU
		{62F59974-6D79-4919-AAA0-10717A8D8514}.Debug|Mixed Platforms.Build.0 = Debug|Any CPU
		{62F59974-6D79-4919-AAA0-10717A8D8514}.Debug|Win32.ActiveCfg = Debug|Any CPU
		{62F59974-6D79-4919-AAA0-10717A8D8514}.Release|Any CPU.ActiveCfg = Release|Any CPU
		{62F59974-6D79-4919-AAA0-10717A8D8514}.Release|Any CPU.Build.0 = Release|Any CPU
		{62F59974-6D79-4919-AAA0-10717A8D8514}.Release|Mixed Platforms.ActiveCfg = Release|Any CPU
		{62F59974-6D79-4919-AAA0-10717A8D8514}.Release|Mixed Platforms.Build.0 = Release|Any CPU
		{62F59974-6D79-4919-AAA0-10717A8D8514}.Release|Win32.ActiveCfg = Release|Any CPU
		{7D73AD35-D078-4B4C-AF30-434C6A377058}.Debug|Any CPU.ActiveCfg = Debug|Any CPU
		{7D73AD35-D078-4B4C-AF30-434C6A377058}.Debug|Any CPU.Build.0 = Debug|Any CPU
		{7D73AD35-D078-4B4C-AF30-434C6A377058}.Debug|Mixed Platforms.ActiveCfg = Debug|Any CPU
		{7D73AD35-D078-4B4C-AF30-434C6A377058}.Debug|Mixed Platforms.Build.0 = Debug|Any CPU
		{7D73AD35-D078-4B4C-AF30-434C6A377058}.Debug|Win32.ActiveCfg = Debug|Any CPU
		{7D73AD35-D078-4B4C-AF30-434C6A377058}.Release|Any CPU.ActiveCfg = Release|Any CPU
		{7D73AD35-D078-4B4C-AF30-434C6A377058}.Release|Any CPU.Build.0 = Release|Any CPU
		{7D73AD35-D078-4B4C-AF30-434C6A377058}.Release|Mixed Platforms.ActiveCfg = Release|Any CPU
		{7D73AD35-D078-4B4C-AF30-434C6A377058}.Release|Mixed Platforms.Build.0 = Release|Any CPU
		{7D73AD35-D078-4B4C-AF30-434C6A377058}.Release|Win32.ActiveCfg = Release|Any CPU
		{CAE8D21F-CADA-4401-949F-186BB1D4F5D6}.Debug|Any CPU.ActiveCfg = Debug|Any CPU
		{CAE8D21F-CADA-4401-949F-186BB1D4F5D6}.Debug|Any CPU.Build.0 = Debug|Any CPU
		{CAE8D21F-CADA-4401-949F-186BB1D4F5D6}.Debug|Mixed Platforms.ActiveCfg = Debug|Any CPU
		{CAE8D21F-CADA-4401-949F-186BB1D4F5D6}.Debug|Mixed Platforms.Build.0 = Debug|Any CPU
		{CAE8D21F-CADA-4401-949F-186BB1D4F5D6}.Debug|Win32.ActiveCfg = Debug|Any CPU
		{CAE8D21F-CADA-4401-949F-186BB1D4F5D6}.Release|Any CPU.ActiveCfg = Release|Any CPU
		{CAE8D21F-CADA-4401-949F-186BB1D4F5D6}.Release|Any CPU.Build.0 = Release|Any CPU
		{CAE8D21F-CADA-4401-949F-186BB1D4F5D6}.Release|Mixed Platforms.ActiveCfg = Release|Any CPU
		{CAE8D21F-CADA-4401-949F-186BB1D4F5D6}.Release|Mixed Platforms.Build.0 = Release|Any CPU
		{CAE8D21F-CADA-4401-949F-186BB1D4F5D6}.Release|Win32.ActiveCfg = Release|Any CPU
		{B4E1087F-2644-430B-A6D4-95B75D62398B}.Debug|Any CPU.ActiveCfg = Debug|Win32
		{B4E1087F-2644-430B-A6D4-95B75D62398B}.Debug|Mixed Platforms.ActiveCfg = Debug|Win32
		{B4E1087F-2644-430B-A6D4-95B75D62398B}.Debug|Mixed Platforms.Build.0 = Debug|Win32
		{B4E1087F-2644-430B-A6D4-95B75D62398B}.Debug|Win32.ActiveCfg = Debug|Win32
		{B4E1087F-2644-430B-A6D4-95B75D62398B}.Debug|Win32.Build.0 = Debug|Win32
		{B4E1087F-2644-430B-A6D4-95B75D62398B}.Release|Any CPU.ActiveCfg = Release|Win32
		{B4E1087F-2644-430B-A6D4-95B75D62398B}.Release|Mixed Platforms.ActiveCfg = Release|Win32
		{B4E1087F-2644-430B-A6D4-95B75D62398B}.Release|Mixed Platforms.Build.0 = Release|Win32
		{B4E1087F-2644-430B-A6D4-95B75D62398B}.Release|Win32.ActiveCfg = Release|Win32
		{B4E1087F-2644-430B-A6D4-95B75D62398B}.Release|Win32.Build.0 = Release|Win32
		{F3A53056-6C28-470B-A79F-9AA9C2235BBF}.Debug|Any CPU.ActiveCfg = Debug|Any CPU
		{F3A53056-6C28-470B-A79F-9AA9C2235BBF}.Debug|Any CPU.Build.0 = Debug|Any CPU
		{F3A53056-6C28-470B-A79F-9AA9C2235BBF}.Debug|Mixed Platforms.ActiveCfg = Debug|Any CPU
		{F3A53056-6C28-470B-A79F-9AA9C2235BBF}.Debug|Mixed Platforms.Build.0 = Debug|Any CPU
		{F3A53056-6C28-470B-A79F-9AA9C2235BBF}.Debug|Win32.ActiveCfg = Debug|Any CPU
		{F3A53056-6C28-470B-A79F-9AA9C2235BBF}.Release|Any CPU.ActiveCfg = Release|Any CPU
		{F3A53056-6C28-470B-A79F-9AA9C2235BBF}.Release|Any CPU.Build.0 = Release|Any CPU
		{F3A53056-6C28-470B-A79F-9AA9C2235BBF}.Release|Mixed Platforms.ActiveCfg = Release|Any CPU
		{F3A53056-6C28-470B-A79F-9AA9C2235BBF}.Release|Mixed Platforms.Build.0 = Release|Any CPU
		{F3A53056-6C28-470B-A79F-9AA9C2235BBF}.Release|Win32.ActiveCfg = Release|Any CPU
		{FD37B74B-455D-4706-9ED3-BD210EB91975}.Debug|Any CPU.ActiveCfg = Debug|Any CPU
		{FD37B74B-455D-4706-9ED3-BD210EB91975}.Debug|Any CPU.Build.0 = Debug|Any CPU
		{FD37B74B-455D-4706-9ED3-BD210EB91975}.Debug|Mixed Platforms.ActiveCfg = Debug|Any CPU
		{FD37B74B-455D-4706-9ED3-BD210EB91975}.Debug|Mixed Platforms.Build.0 = Debug|Any CPU
		{FD37B74B-455D-4706-9ED3-BD210EB91975}.Debug|Win32.ActiveCfg = Debug|Any CPU
		{FD37B74B-455D-4706-9ED3-BD210EB91975}.Release|Any CPU.ActiveCfg = Release|Any CPU
		{FD37B74B-455D-4706-9ED3-BD210EB91975}.Release|Any CPU.Build.0 = Release|Any CPU
		{FD37B74B-455D-4706-9ED3-BD210EB91975}.Release|Mixed Platforms.ActiveCfg = Release|Any CPU
		{FD37B74B-455D-4706-9ED3-BD210EB91975}.Release|Mixed Platforms.Build.0 = Release|Any CPU
		{FD37B74B-455D-4706-9ED3-BD210EB91975}.Release|Win32.ActiveCfg = Release|Any CPU
		{3B21F4C6-9461-4751-9B23-9A9006743D68}.Debug|Any CPU.ActiveCfg = Debug|Any CPU
		{3B21F4C6-9461-4751-9B23-9A9006743D68}.Debug|Any CPU.Build.0 = Debug|Any CPU
		{3B21F4C6-9461-4751-9B23-9A9006743D68}.Debug|Mixed Platforms.ActiveCfg = Debug|Any CPU
		{3B21F4C6-9461-4751-9B23-9A9006743D68}.Debug|Mixed Platforms.Build.0 = Debug|Any CPU
		{3B21F4C6-9461-4751-9B23-9A9006743D68}.Debug|Win32.ActiveCfg = Debug|Any CPU
		{3B21F4C6-9461-4751-9B23-9A9006743D68}.Release|Any CPU.ActiveCfg = Release|Any CPU
		{3B21F4C6-9461-4751-9B23-9A9006743D68}.Release|Any CPU.Build.0 = Release|Any CPU
		{3B21F4C6-9461-4751-9B23-9A9006743D68}.Release|Mixed Platforms.ActiveCfg = Release|Any CPU
		{3B21F4C6-9461-4751-9B23-9A9006743D68}.Release|Mixed Platforms.Build.0 = Release|Any CPU
		{3B21F4C6-9461-4751-9B23-9A9006743D68}.Release|Win32.ActiveCfg = Release|Any CPU
		{C7F4F507-E056-46CB-B403-9EC194A0AF0F}.Debug|Any CPU.ActiveCfg = Debug|Any CPU
		{C7F4F507-E056-46CB-B403-9EC194A0AF0F}.Debug|Any CPU.Build.0 = Debug|Any CPU
		{C7F4F507-E056-46CB-B403-9EC194A0AF0F}.Debug|Mixed Platforms.ActiveCfg = Debug|Any CPU
		{C7F4F507-E056-46CB-B403-9EC194A0AF0F}.Debug|Mixed Platforms.Build.0 = Debug|Any CPU
		{C7F4F507-E056-46CB-B403-9EC194A0AF0F}.Debug|Win32.ActiveCfg = Debug|Any CPU
		{C7F4F507-E056-46CB-B403-9EC194A0AF0F}.Release|Any CPU.ActiveCfg = Release|Any CPU
		{C7F4F507-E056-46CB-B403-9EC194A0AF0F}.Release|Any CPU.Build.0 = Release|Any CPU
		{C7F4F507-E056-46CB-B403-9EC194A0AF0F}.Release|Mixed Platforms.ActiveCfg = Release|Any CPU
		{C7F4F507-E056-46CB-B403-9EC194A0AF0F}.Release|Mixed Platforms.Build.0 = Release|Any CPU
		{C7F4F507-E056-46CB-B403-9EC194A0AF0F}.Release|Win32.ActiveCfg = Release|Any CPU
		{B83C6D31-8F6C-4032-A0BA-BE891802DE54}.Debug|Any CPU.ActiveCfg = Debug
		{B83C6D31-8F6C-4032-A0BA-BE891802DE54}.Debug|Mixed Platforms.ActiveCfg = Debug
		{B83C6D31-8F6C-4032-A0BA-BE891802DE54}.Debug|Win32.ActiveCfg = Debug
		{B83C6D31-8F6C-4032-A0BA-BE891802DE54}.Release|Any CPU.ActiveCfg = Release
		{B83C6D31-8F6C-4032-A0BA-BE891802DE54}.Release|Mixed Platforms.ActiveCfg = Release
		{B83C6D31-8F6C-4032-A0BA-BE891802DE54}.Release|Win32.ActiveCfg = Release
		{B83C6D32-8F6C-4032-A0BA-BE891802DE54}.Debug|Any CPU.ActiveCfg = Debug
		{B83C6D32-8F6C-4032-A0BA-BE891802DE54}.Debug|Mixed Platforms.ActiveCfg = Debug
		{B83C6D32-8F6C-4032-A0BA-BE891802DE54}.Debug|Win32.ActiveCfg = Debug
		{B83C6D32-8F6C-4032-A0BA-BE891802DE54}.Release|Any CPU.ActiveCfg = Release
		{B83C6D32-8F6C-4032-A0BA-BE891802DE54}.Release|Mixed Platforms.ActiveCfg = Release
		{B83C6D32-8F6C-4032-A0BA-BE891802DE54}.Release|Win32.ActiveCfg = Release
		{DD376A6F-929E-4228-A80C-1BAA20376DA6}.Debug|Any CPU.ActiveCfg = Debug|Any CPU
		{DD376A6F-929E-4228-A80C-1BAA20376DA6}.Debug|Any CPU.Build.0 = Debug|Any CPU
		{DD376A6F-929E-4228-A80C-1BAA20376DA6}.Debug|Mixed Platforms.ActiveCfg = Debug|Any CPU
		{DD376A6F-929E-4228-A80C-1BAA20376DA6}.Debug|Mixed Platforms.Build.0 = Debug|Any CPU
		{DD376A6F-929E-4228-A80C-1BAA20376DA6}.Debug|Win32.ActiveCfg = Debug|Any CPU
		{DD376A6F-929E-4228-A80C-1BAA20376DA6}.Release|Any CPU.ActiveCfg = Release|Any CPU
		{DD376A6F-929E-4228-A80C-1BAA20376DA6}.Release|Any CPU.Build.0 = Release|Any CPU
		{DD376A6F-929E-4228-A80C-1BAA20376DA6}.Release|Mixed Platforms.ActiveCfg = Release|Any CPU
		{DD376A6F-929E-4228-A80C-1BAA20376DA6}.Release|Mixed Platforms.Build.0 = Release|Any CPU
		{DD376A6F-929E-4228-A80C-1BAA20376DA6}.Release|Win32.ActiveCfg = Release|Any CPU
		{EF853C31-7276-40E4-8B01-9939C4934BD0}.Debug|Any CPU.ActiveCfg = Debug|Any CPU
		{EF853C31-7276-40E4-8B01-9939C4934BD0}.Debug|Any CPU.Build.0 = Debug|Any CPU
		{EF853C31-7276-40E4-8B01-9939C4934BD0}.Debug|Mixed Platforms.ActiveCfg = Debug|Any CPU
		{EF853C31-7276-40E4-8B01-9939C4934BD0}.Debug|Mixed Platforms.Build.0 = Debug|Any CPU
		{EF853C31-7276-40E4-8B01-9939C4934BD0}.Debug|Win32.ActiveCfg = Debug|Any CPU
		{EF853C31-7276-40E4-8B01-9939C4934BD0}.Release|Any CPU.ActiveCfg = Release|Any CPU
		{EF853C31-7276-40E4-8B01-9939C4934BD0}.Release|Any CPU.Build.0 = Release|Any CPU
		{EF853C31-7276-40E4-8B01-9939C4934BD0}.Release|Mixed Platforms.ActiveCfg = Release|Any CPU
		{EF853C31-7276-40E4-8B01-9939C4934BD0}.Release|Mixed Platforms.Build.0 = Release|Any CPU
		{EF853C31-7276-40E4-8B01-9939C4934BD0}.Release|Win32.ActiveCfg = Release|Any CPU
		{57C124C2-BE7E-42C0-AD03-0455373C48E6}.Debug|Any CPU.ActiveCfg = Debug|Any CPU
		{57C124C2-BE7E-42C0-AD03-0455373C48E6}.Debug|Any CPU.Build.0 = Debug|Any CPU
		{57C124C2-BE7E-42C0-AD03-0455373C48E6}.Debug|Mixed Platforms.ActiveCfg = Debug|Any CPU
		{57C124C2-BE7E-42C0-AD03-0455373C48E6}.Debug|Mixed Platforms.Build.0 = Debug|Any CPU
		{57C124C2-BE7E-42C0-AD03-0455373C48E6}.Debug|Win32.ActiveCfg = Debug|Any CPU
		{57C124C2-BE7E-42C0-AD03-0455373C48E6}.Release|Any CPU.ActiveCfg = Release|Any CPU
		{57C124C2-BE7E-42C0-AD03-0455373C48E6}.Release|Any CPU.Build.0 = Release|Any CPU
		{57C124C2-BE7E-42C0-AD03-0455373C48E6}.Release|Mixed Platforms.ActiveCfg = Release|Any CPU
		{57C124C2-BE7E-42C0-AD03-0455373C48E6}.Release|Mixed Platforms.Build.0 = Release|Any CPU
		{57C124C2-BE7E-42C0-AD03-0455373C48E6}.Release|Win32.ActiveCfg = Release|Any CPU
		{B6FF1855-D7B4-45AB-A121-897B37DD00E2}.Debug|Any CPU.ActiveCfg = Debug|Any CPU
		{B6FF1855-D7B4-45AB-A121-897B37DD00E2}.Debug|Any CPU.Build.0 = Debug|Any CPU
		{B6FF1855-D7B4-45AB-A121-897B37DD00E2}.Debug|Mixed Platforms.ActiveCfg = Debug|Any CPU
		{B6FF1855-D7B4-45AB-A121-897B37DD00E2}.Debug|Mixed Platforms.Build.0 = Debug|Any CPU
		{B6FF1855-D7B4-45AB-A121-897B37DD00E2}.Debug|Win32.ActiveCfg = Debug|Any CPU
		{B6FF1855-D7B4-45AB-A121-897B37DD00E2}.Release|Any CPU.ActiveCfg = Release|Any CPU
		{B6FF1855-D7B4-45AB-A121-897B37DD00E2}.Release|Any CPU.Build.0 = Release|Any CPU
		{B6FF1855-D7B4-45AB-A121-897B37DD00E2}.Release|Mixed Platforms.ActiveCfg = Release|Any CPU
		{B6FF1855-D7B4-45AB-A121-897B37DD00E2}.Release|Mixed Platforms.Build.0 = Release|Any CPU
		{B6FF1855-D7B4-45AB-A121-897B37DD00E2}.Release|Win32.ActiveCfg = Release|Any CPU
		{29CBCF29-AA80-43BC-81C7-698DE2A4D88A}.Debug|Any CPU.ActiveCfg = Debug|Any CPU
		{29CBCF29-AA80-43BC-81C7-698DE2A4D88A}.Debug|Any CPU.Build.0 = Debug|Any CPU
		{29CBCF29-AA80-43BC-81C7-698DE2A4D88A}.Debug|Mixed Platforms.ActiveCfg = Debug|Any CPU
		{29CBCF29-AA80-43BC-81C7-698DE2A4D88A}.Debug|Mixed Platforms.Build.0 = Debug|Any CPU
		{29CBCF29-AA80-43BC-81C7-698DE2A4D88A}.Debug|Win32.ActiveCfg = Debug|Any CPU
		{29CBCF29-AA80-43BC-81C7-698DE2A4D88A}.Release|Any CPU.ActiveCfg = Release|Any CPU
		{29CBCF29-AA80-43BC-81C7-698DE2A4D88A}.Release|Any CPU.Build.0 = Release|Any CPU
		{29CBCF29-AA80-43BC-81C7-698DE2A4D88A}.Release|Mixed Platforms.ActiveCfg = Release|Any CPU
		{29CBCF29-AA80-43BC-81C7-698DE2A4D88A}.Release|Mixed Platforms.Build.0 = Release|Any CPU
		{29CBCF29-AA80-43BC-81C7-698DE2A4D88A}.Release|Win32.ActiveCfg = Release|Any CPU
	EndGlobalSection
	GlobalSection(SolutionProperties) = preSolution
		HideSolutionNode = FALSE
	EndGlobalSection
	GlobalSection(DPCodeReviewSolutionGUID) = preSolution
		DPCodeReviewSolutionGUID = {00000000-0000-0000-0000-000000000000}
	EndGlobalSection
EndGlobal
