Microsoft Visual Studio Solution File, Format Version 8.00
Project("{FAE04EC0-301F-11D3-BF4B-00C04F79EFBC}") = "Cresus.Database", "Cresus.Database\Cresus.Database.csproj", "{BBBFCDFF-5A53-4B82-80CB-B98B2EC1B349}"
	ProjectSection(ProjectDependencies) = postProject
	EndProjectSection
EndProject
Project("{FAE04EC0-301F-11D3-BF4B-00C04F79EFBC}") = "Cresus.Database.Implementation", "Cresus.Database.Implementation\Cresus.Database.Implementation.csproj", "{C757AD58-605D-4480-BC2E-03E8076368B2}"
	ProjectSection(ProjectDependencies) = postProject
		{BBBFCDFF-5A53-4B82-80CB-B98B2EC1B349} = {BBBFCDFF-5A53-4B82-80CB-B98B2EC1B349}
	EndProjectSection
EndProject
Project("{FAE04EC0-301F-11D3-BF4B-00C04F79EFBC}") = "Cresus.Database.Tests", "Cresus.Database.Tests\Cresus.Database.Tests.csproj", "{065F982F-9739-426E-99C3-D7C1ED2E791C}"
	ProjectSection(ProjectDependencies) = postProject
	EndProjectSection
EndProject
Project("{FAE04EC0-301F-11D3-BF4B-00C04F79EFBC}") = "Common.Widgets", "Common.Widgets\Common.Widgets.csproj", "{C84C2E19-04B7-4244-86F6-E4CAFA3FDA7B}"
	ProjectSection(ProjectDependencies) = postProject
	EndProjectSection
EndProject
Project("{FAE04EC0-301F-11D3-BF4B-00C04F79EFBC}") = "Common.Widgets.Tests", "Common.Widgets.Tests\Common.Widgets.Tests.csproj", "{DD959763-7F9E-4170-ABEE-4CEE60C14468}"
	ProjectSection(ProjectDependencies) = postProject
	EndProjectSection
EndProject
Project("{FAE04EC0-301F-11D3-BF4B-00C04F79EFBC}") = "Common.Drawing", "Common.Drawing\Common.Drawing.csproj", "{35FFBEF6-6A7D-4FEA-A4C6-AAB784FA709B}"
	ProjectSection(ProjectDependencies) = postProject
	EndProjectSection
EndProject
Project("{FAE04EC0-301F-11D3-BF4B-00C04F79EFBC}") = "Cresus.DataLayer", "Cresus.DataLayer\Cresus.DataLayer.csproj", "{BA604F89-53C1-4228-AC76-5D5E68205029}"
	ProjectSection(ProjectDependencies) = postProject
	EndProjectSection
EndProject
Project("{FAE04EC0-301F-11D3-BF4B-00C04F79EFBC}") = "System.Extension", "System.Extension\System.Extension.csproj", "{10453A3B-CA2A-4D36-B634-78BA87AAAB26}"
	ProjectSection(ProjectDependencies) = postProject
	EndProjectSection
EndProject
Project("{FAE04EC0-301F-11D3-BF4B-00C04F79EFBC}") = "Common.Support", "Common.Support\Common.Support.csproj", "{AC07F95F-9D11-44BE-8ABC-D6E33C3BB10B}"
	ProjectSection(ProjectDependencies) = postProject
	EndProjectSection
EndProject
Project("{FAE04EC0-301F-11D3-BF4B-00C04F79EFBC}") = "Common.Support.Implementation", "Common.Support.Implementation\Common.Support.Implementation.csproj", "{5ABF5752-A44A-4D8B-B4F0-D64CF5E74B2D}"
	ProjectSection(ProjectDependencies) = postProject
	EndProjectSection
EndProject
Project("{FAE04EC0-301F-11D3-BF4B-00C04F79EFBC}") = "Common.Support.Tests", "Common.Support.Tests\Common.Support.Tests.csproj", "{99DC1B23-014D-4BE4-8D4D-3FC613360102}"
	ProjectSection(ProjectDependencies) = postProject
	EndProjectSection
EndProject
Project("{FAE04EC0-301F-11D3-BF4B-00C04F79EFBC}") = "Cresus.UserInterface", "Cresus.UserInterface\Cresus.UserInterface.csproj", "{5E8E51FA-AB4A-4E48-BD20-7796EDCA1B63}"
	ProjectSection(ProjectDependencies) = postProject
	EndProjectSection
EndProject
Project("{FAE04EC0-301F-11D3-BF4B-00C04F79EFBC}") = "Cresus.DataLayer.Tests", "Cresus.DataLayer.Tests\Cresus.DataLayer.Tests.csproj", "{D2ADDD9E-56DE-4285-B209-013A19D9DCDC}"
	ProjectSection(ProjectDependencies) = postProject
	EndProjectSection
EndProject
Project("{FAE04EC0-301F-11D3-BF4B-00C04F79EFBC}") = "Common.Drawing.Platform", "Common.Drawing.Platform\Common.Drawing.Platform.csproj", "{0202C35E-E79E-43BE-9E35-1ACECB0BBE9B}"
	ProjectSection(ProjectDependencies) = postProject
	EndProjectSection
EndProject
Project("{FAE04EC0-301F-11D3-BF4B-00C04F79EFBC}") = "Common.Drawing.Tests", "Common.Drawing.Tests\Common.Drawing.Tests.csproj", "{D4EBA788-51BA-42BE-83AD-28F2A441E3A7}"
	ProjectSection(ProjectDependencies) = postProject
	EndProjectSection
EndProject
Project("{FAE04EC0-301F-11D3-BF4B-00C04F79EFBC}") = "App.Fiche", "App.Fiche\App.Fiche.csproj", "{CC74E4E2-D514-4528-BF95-D5A658DB08B9}"
	ProjectSection(ProjectDependencies) = postProject
	EndProjectSection
EndProject
Project("{54435603-DBB4-11D2-8724-00A0C9A8B90C}") = "X.Setup.Fiche", "X.Setup.Fiche\X.Setup.Fiche.vdproj", "{7733D3A9-66F7-4768-959B-236236085CAC}"
	ProjectSection(ProjectDependencies) = postProject
	EndProjectSection
EndProject
Project("{FAE04EC0-301F-11D3-BF4B-00C04F79EFBC}") = "System.Extension.Tests", "System.Extension.Tests\System.Extension.Tests.csproj", "{E9786766-8E62-4E55-850F-0C0363933664}"
	ProjectSection(ProjectDependencies) = postProject
	EndProjectSection
EndProject
Global
	GlobalSection(SourceCodeControl) = preSolution
		SccNumberOfProjects = 19
		SccLocalPath0 = .
		CanCheckoutShared = false
		SolutionUniqueID = {2A624BB5-D763-4224-A016-8B608E307D13}
		SccProjectUniqueName1 = Common.Widgets\\Common.Widgets.csproj
		SccLocalPath1 = .
		CanCheckoutShared = false
		SccProjectFilePathRelativizedFromConnection1 = Common.Widgets\\
		SccProjectUniqueName2 = Common.Drawing\\Common.Drawing.csproj
		SccLocalPath2 = .
		CanCheckoutShared = false
		SccProjectFilePathRelativizedFromConnection2 = Common.Drawing\\
		SccProjectUniqueName3 = Common.Support\\Common.Support.csproj
		SccLocalPath3 = .
		CanCheckoutShared = false
		SccProjectFilePathRelativizedFromConnection3 = Common.Support\\
		SccProjectUniqueName4 = Common.Support.Implementation\\Common.Support.Implementation.csproj
		SccLocalPath4 = .
		CanCheckoutShared = false
		SccProjectFilePathRelativizedFromConnection4 = Common.Support.Implementation\\
		SccProjectUniqueName5 = Common.Support.Tests\\Common.Support.Tests.csproj
		SccLocalPath5 = .
		CanCheckoutShared = false
		SccProjectFilePathRelativizedFromConnection5 = Common.Support.Tests\\
		SccProjectUniqueName6 = Common.Drawing.Platform\\Common.Drawing.Platform.csproj
		SccLocalPath6 = .
		CanCheckoutShared = false
		SccProjectFilePathRelativizedFromConnection6 = Common.Drawing.Platform\\
		SccProjectUniqueName7 = Common.Widgets.Tests\\Common.Widgets.Tests.csproj
		SccLocalPath7 = .
		CanCheckoutShared = false
		SccProjectFilePathRelativizedFromConnection7 = Common.Widgets.Tests\\
		SccProjectUniqueName8 = Cresus.Database\\Cresus.Database.csproj
		SccLocalPath8 = .
		CanCheckoutShared = false
		SccProjectFilePathRelativizedFromConnection8 = Cresus.Database\\
		SccProjectUniqueName9 = Cresus.Database.Implementation\\Cresus.Database.Implementation.csproj
		SccLocalPath9 = .
		CanCheckoutShared = false
		SccProjectFilePathRelativizedFromConnection9 = Cresus.Database.Implementation\\
		SccProjectUniqueName10 = Cresus.Database.Tests\\Cresus.Database.Tests.csproj
		SccLocalPath10 = .
		CanCheckoutShared = false
		SccProjectFilePathRelativizedFromConnection10 = Cresus.Database.Tests\\
		SccProjectUniqueName11 = Cresus.DataLayer\\Cresus.DataLayer.csproj
		SccLocalPath11 = .
		CanCheckoutShared = false
		SccProjectFilePathRelativizedFromConnection11 = Cresus.DataLayer\\
		SccProjectUniqueName12 = Cresus.DataLayer.Tests\\Cresus.DataLayer.Tests.csproj
		SccLocalPath12 = .
		CanCheckoutShared = false
		SccProjectFilePathRelativizedFromConnection12 = Cresus.DataLayer.Tests\\
		SccProjectUniqueName13 = Cresus.UserInterface\\Cresus.UserInterface.csproj
		SccLocalPath13 = .
		CanCheckoutShared = false
		SccProjectFilePathRelativizedFromConnection13 = Cresus.UserInterface\\
		SccProjectUniqueName14 = System.Extension\\System.Extension.csproj
		SccLocalPath14 = .
		CanCheckoutShared = false
		SccProjectFilePathRelativizedFromConnection14 = System.Extension\\
		SccProjectUniqueName15 = Common.Drawing.Tests\\Common.Drawing.Tests.csproj
		SccLocalPath15 = .
		CanCheckoutShared = false
		SccProjectFilePathRelativizedFromConnection15 = Common.Drawing.Tests\\
		SccProjectUniqueName16 = App.Fiche\\App.Fiche.csproj
		SccLocalPath16 = .
		CanCheckoutShared = false
		SccProjectFilePathRelativizedFromConnection16 = App.Fiche\\
		SccProjectUniqueName17 = X.Setup.Fiche\\X.Setup.Fiche.vdproj
		SccLocalPath17 = .
		CanCheckoutShared = false
		SccProjectFilePathRelativizedFromConnection17 = X.Setup.Fiche\\
		SccProjectUniqueName18 = System.Extension.Tests\\System.Extension.Tests.csproj
		SccLocalPath18 = .
		CanCheckoutShared = false
		SccProjectFilePathRelativizedFromConnection18 = System.Extension.Tests\\
	EndGlobalSection
	GlobalSection(SolutionConfiguration) = preSolution
		Debug = Debug
		Release = Release
	EndGlobalSection
	GlobalSection(ProjectConfiguration) = postSolution
		{BBBFCDFF-5A53-4B82-80CB-B98B2EC1B349}.Debug.ActiveCfg = Debug|.NET
		{BBBFCDFF-5A53-4B82-80CB-B98B2EC1B349}.Debug.Build.0 = Debug|.NET
		{BBBFCDFF-5A53-4B82-80CB-B98B2EC1B349}.Release.ActiveCfg = Release|.NET
		{BBBFCDFF-5A53-4B82-80CB-B98B2EC1B349}.Release.Build.0 = Release|.NET
		{C757AD58-605D-4480-BC2E-03E8076368B2}.Debug.ActiveCfg = Debug|.NET
		{C757AD58-605D-4480-BC2E-03E8076368B2}.Debug.Build.0 = Debug|.NET
		{C757AD58-605D-4480-BC2E-03E8076368B2}.Release.ActiveCfg = Release|.NET
		{C757AD58-605D-4480-BC2E-03E8076368B2}.Release.Build.0 = Release|.NET
		{065F982F-9739-426E-99C3-D7C1ED2E791C}.Debug.ActiveCfg = Debug|.NET
		{065F982F-9739-426E-99C3-D7C1ED2E791C}.Debug.Build.0 = Debug|.NET
		{065F982F-9739-426E-99C3-D7C1ED2E791C}.Release.ActiveCfg = Release|.NET
		{065F982F-9739-426E-99C3-D7C1ED2E791C}.Release.Build.0 = Release|.NET
		{C84C2E19-04B7-4244-86F6-E4CAFA3FDA7B}.Debug.ActiveCfg = Debug|.NET
		{C84C2E19-04B7-4244-86F6-E4CAFA3FDA7B}.Debug.Build.0 = Debug|.NET
		{C84C2E19-04B7-4244-86F6-E4CAFA3FDA7B}.Release.ActiveCfg = Release|.NET
		{C84C2E19-04B7-4244-86F6-E4CAFA3FDA7B}.Release.Build.0 = Release|.NET
		{DD959763-7F9E-4170-ABEE-4CEE60C14468}.Debug.ActiveCfg = Debug|.NET
		{DD959763-7F9E-4170-ABEE-4CEE60C14468}.Debug.Build.0 = Debug|.NET
		{DD959763-7F9E-4170-ABEE-4CEE60C14468}.Release.ActiveCfg = Release|.NET
		{DD959763-7F9E-4170-ABEE-4CEE60C14468}.Release.Build.0 = Release|.NET
		{35FFBEF6-6A7D-4FEA-A4C6-AAB784FA709B}.Debug.ActiveCfg = Debug|.NET
		{35FFBEF6-6A7D-4FEA-A4C6-AAB784FA709B}.Debug.Build.0 = Debug|.NET
		{35FFBEF6-6A7D-4FEA-A4C6-AAB784FA709B}.Release.ActiveCfg = Release|.NET
		{35FFBEF6-6A7D-4FEA-A4C6-AAB784FA709B}.Release.Build.0 = Release|.NET
		{BA604F89-53C1-4228-AC76-5D5E68205029}.Debug.ActiveCfg = Debug|.NET
		{BA604F89-53C1-4228-AC76-5D5E68205029}.Debug.Build.0 = Debug|.NET
		{BA604F89-53C1-4228-AC76-5D5E68205029}.Release.ActiveCfg = Release|.NET
		{BA604F89-53C1-4228-AC76-5D5E68205029}.Release.Build.0 = Release|.NET
		{10453A3B-CA2A-4D36-B634-78BA87AAAB26}.Debug.ActiveCfg = Debug|.NET
		{10453A3B-CA2A-4D36-B634-78BA87AAAB26}.Debug.Build.0 = Debug|.NET
		{10453A3B-CA2A-4D36-B634-78BA87AAAB26}.Release.ActiveCfg = Release|.NET
		{10453A3B-CA2A-4D36-B634-78BA87AAAB26}.Release.Build.0 = Release|.NET
		{AC07F95F-9D11-44BE-8ABC-D6E33C3BB10B}.Debug.ActiveCfg = Debug|.NET
		{AC07F95F-9D11-44BE-8ABC-D6E33C3BB10B}.Debug.Build.0 = Debug|.NET
		{AC07F95F-9D11-44BE-8ABC-D6E33C3BB10B}.Release.ActiveCfg = Release|.NET
		{AC07F95F-9D11-44BE-8ABC-D6E33C3BB10B}.Release.Build.0 = Release|.NET
		{5ABF5752-A44A-4D8B-B4F0-D64CF5E74B2D}.Debug.ActiveCfg = Debug|.NET
		{5ABF5752-A44A-4D8B-B4F0-D64CF5E74B2D}.Debug.Build.0 = Debug|.NET
		{5ABF5752-A44A-4D8B-B4F0-D64CF5E74B2D}.Release.ActiveCfg = Release|.NET
		{5ABF5752-A44A-4D8B-B4F0-D64CF5E74B2D}.Release.Build.0 = Release|.NET
		{99DC1B23-014D-4BE4-8D4D-3FC613360102}.Debug.ActiveCfg = Debug|.NET
		{99DC1B23-014D-4BE4-8D4D-3FC613360102}.Debug.Build.0 = Debug|.NET
		{99DC1B23-014D-4BE4-8D4D-3FC613360102}.Release.ActiveCfg = Release|.NET
		{99DC1B23-014D-4BE4-8D4D-3FC613360102}.Release.Build.0 = Release|.NET
		{5E8E51FA-AB4A-4E48-BD20-7796EDCA1B63}.Debug.ActiveCfg = Debug|.NET
		{5E8E51FA-AB4A-4E48-BD20-7796EDCA1B63}.Debug.Build.0 = Debug|.NET
		{5E8E51FA-AB4A-4E48-BD20-7796EDCA1B63}.Release.ActiveCfg = Release|.NET
		{5E8E51FA-AB4A-4E48-BD20-7796EDCA1B63}.Release.Build.0 = Release|.NET
		{D2ADDD9E-56DE-4285-B209-013A19D9DCDC}.Debug.ActiveCfg = Debug|.NET
		{D2ADDD9E-56DE-4285-B209-013A19D9DCDC}.Debug.Build.0 = Debug|.NET
		{D2ADDD9E-56DE-4285-B209-013A19D9DCDC}.Release.ActiveCfg = Release|.NET
		{D2ADDD9E-56DE-4285-B209-013A19D9DCDC}.Release.Build.0 = Release|.NET
		{0202C35E-E79E-43BE-9E35-1ACECB0BBE9B}.Debug.ActiveCfg = Debug|.NET
		{0202C35E-E79E-43BE-9E35-1ACECB0BBE9B}.Debug.Build.0 = Debug|.NET
		{0202C35E-E79E-43BE-9E35-1ACECB0BBE9B}.Release.ActiveCfg = Release|.NET
		{0202C35E-E79E-43BE-9E35-1ACECB0BBE9B}.Release.Build.0 = Release|.NET
		{D4EBA788-51BA-42BE-83AD-28F2A441E3A7}.Debug.ActiveCfg = Debug|.NET
		{D4EBA788-51BA-42BE-83AD-28F2A441E3A7}.Debug.Build.0 = Debug|.NET
		{D4EBA788-51BA-42BE-83AD-28F2A441E3A7}.Release.ActiveCfg = Release|.NET
		{D4EBA788-51BA-42BE-83AD-28F2A441E3A7}.Release.Build.0 = Release|.NET
		{CC74E4E2-D514-4528-BF95-D5A658DB08B9}.Debug.ActiveCfg = Debug|.NET
		{CC74E4E2-D514-4528-BF95-D5A658DB08B9}.Debug.Build.0 = Debug|.NET
		{CC74E4E2-D514-4528-BF95-D5A658DB08B9}.Release.ActiveCfg = Release|.NET
		{CC74E4E2-D514-4528-BF95-D5A658DB08B9}.Release.Build.0 = Release|.NET
		{7733D3A9-66F7-4768-959B-236236085CAC}.Debug.ActiveCfg = Debug
		{7733D3A9-66F7-4768-959B-236236085CAC}.Release.ActiveCfg = Release
		{E9786766-8E62-4E55-850F-0C0363933664}.Debug.ActiveCfg = Debug|.NET
		{E9786766-8E62-4E55-850F-0C0363933664}.Debug.Build.0 = Debug|.NET
		{E9786766-8E62-4E55-850F-0C0363933664}.Release.ActiveCfg = Release|.NET
		{E9786766-8E62-4E55-850F-0C0363933664}.Release.Build.0 = Release|.NET
	EndGlobalSection
	GlobalSection(SolutionItems) = postSolution
		External\copy.info = External\copy.info
		copyproject.py = copyproject.py
		Epsitec Cresus Full Build.mgb = Epsitec Cresus Full Build.mgb
		Epsitec.Cresus.snk = Epsitec.Cresus.snk
		import-bin.bat = import-bin.bat
	EndGlobalSection
	GlobalSection(ExtensibilityGlobals) = postSolution
	EndGlobalSection
	GlobalSection(ExtensibilityAddIns) = postSolution
	EndGlobalSection
	GlobalSection(DPCodeReviewSolutionGUID) = preSolution
		DPCodeReviewSolutionGUID = {00000000-0000-0000-0000-000000000000}
	EndGlobalSection
EndGlobal
