
Microsoft Visual Studio Solution File, Format Version 11.00
# Visual Studio 2010
Project("{FAE04EC0-301F-11D3-BF4B-00C04F79EFBC}") = "Common", "Common\Common.csproj", "{1611E097-A82A-43E5-B616-D7DC6EFF3F0D}"
EndProject
Project("{2150E333-8FDC-42A3-9474-1A3956D46DE8}") = "Solution Items", "Solution Items", "{8930BC66-032C-41FE-BCD5-2B6BA7214320}"
	ProjectSection(SolutionItems) = preProject
		Solution Items\AssemblyInfo.CrDocVer.cs = Solution Items\AssemblyInfo.CrDocVer.cs
		Solution Items\AssemblyInfo.Dolphin.cs = Solution Items\AssemblyInfo.Dolphin.cs
		Solution Items\AssemblyInfo.Solution.cs = Solution Items\AssemblyInfo.Solution.cs
		Solution Items\Epsitec.Cresus.snk = Solution Items\Epsitec.Cresus.snk
		Epsitec.Cresus1.vsmdi = Epsitec.Cresus1.vsmdi
		Local.testsettings = Local.testsettings
		TraceAndTestImpact.testsettings = TraceAndTestImpact.testsettings
	EndProjectSection
EndProject
Project("{2150E333-8FDC-42A3-9474-1A3956D46DE8}") = "App Projects", "App Projects", "{15A29239-3411-4BDA-BCE6-FEDD2754240A}"
EndProject
Project("{FAE04EC0-301F-11D3-BF4B-00C04F79EFBC}") = "App.BanquePiguet", "App.BanquePiguet\App.BanquePiguet.csproj", "{BEF06147-ACD1-4DD0-937F-BF55544F07BF}"
EndProject
Project("{FAE04EC0-301F-11D3-BF4B-00C04F79EFBC}") = "Common.Designer", "Common.Designer\Common.Designer.csproj", "{A70AD57E-0E80-48D7-8583-836C4758669D}"
EndProject
Project("{FAE04EC0-301F-11D3-BF4B-00C04F79EFBC}") = "Common.Document", "Common.Document\Common.Document.csproj", "{B324896E-2CDE-45B8-91CE-B476687EA384}"
EndProject
Project("{FAE04EC0-301F-11D3-BF4B-00C04F79EFBC}") = "Common.Identity", "Common.Identity\Common.Identity.csproj", "{3B21F4C6-9461-4751-9B23-9A9006743D68}"
EndProject
Project("{2150E333-8FDC-42A3-9474-1A3956D46DE8}") = "Tool Projects", "Tool Projects", "{53746D5D-E24F-4FA5-A3C7-0934D47285D6}"
EndProject
Project("{FAE04EC0-301F-11D3-BF4B-00C04F79EFBC}") = "ModuleRepository.Client", "Tool.ModuleRepository\ModuleRepository.Client\ModuleRepository.Client.csproj", "{EC31ACEA-8F8A-43E8-9A26-584D8B22552C}"
EndProject
Project("{FAE04EC0-301F-11D3-BF4B-00C04F79EFBC}") = "ModuleRepository.Server", "Tool.ModuleRepository\ModuleRepository.Server\ModuleRepository.Server.csproj", "{F7F8C913-085B-41B2-98AC-9859BED201F1}"
EndProject
Project("{FAE04EC0-301F-11D3-BF4B-00C04F79EFBC}") = "ModuleRepository.Service", "Tool.ModuleRepository\ModuleRepository.Service\ModuleRepository.Service.csproj", "{9DEB3B56-6C6B-4D84-90DD-3A3FCE84441C}"
EndProject
Project("{FAE04EC0-301F-11D3-BF4B-00C04F79EFBC}") = "ModuleRepository.TestClient", "Tool.ModuleRepository\ModuleRepository.TestClient\ModuleRepository.TestClient.csproj", "{FC80577A-0E20-4469-864C-87ADB7B12C07}"
EndProject
Project("{8BC9CEB8-8B4A-11D0-8D11-00A0C91BC942}") = "Win32.Clipboard", "Win32.Clipboard\Win32.Clipboard.vcxproj", "{B4E1087F-2644-430B-A6D4-95B75D62398B}"
EndProject
Project("{2150E333-8FDC-42A3-9474-1A3956D46DE8}") = "Win32 Projects", "Win32 Projects", "{D74E34FB-9F8F-442A-AB89-4A6C700E4774}"
EndProject
Project("{FAE04EC0-301F-11D3-BF4B-00C04F79EFBC}") = "App.CreativeDocs", "App.CreativeDocs\App.CreativeDocs.csproj", "{1D0BD1B8-DF78-45E2-A3B7-D1AE3FB31E46}"
EndProject
Project("{FAE04EC0-301F-11D3-BF4B-00C04F79EFBC}") = "App.CresusDocuments", "App.CresusDocuments\App.CresusDocuments.csproj", "{D0BF9A45-E6F2-4FEF-B5A0-008BE0159967}"
EndProject
Project("{FAE04EC0-301F-11D3-BF4B-00C04F79EFBC}") = "Common.DocumentEditor", "Common.DocumentEditor\Common.DocumentEditor.csproj", "{B3B20AC3-680D-41E0-94C2-8113577CE703}"
EndProject
Project("{FAE04EC0-301F-11D3-BF4B-00C04F79EFBC}") = "App.CresusPictogrammes", "App.CresusPictogrammes\App.CresusPictogrammes.csproj", "{5AA8327F-FA0E-4951-8F90-63D15480042A}"
EndProject
Project("{FAE04EC0-301F-11D3-BF4B-00C04F79EFBC}") = "App.CresusDesigner", "App.CresusDesigner\App.CresusDesigner.csproj", "{2FAAC41D-B020-4BD3-BE37-48E8A7D850A9}"
EndProject
Project("{FAE04EC0-301F-11D3-BF4B-00C04F79EFBC}") = "Tool.Designer.Protocol", "Tool.Designer.Protocol\Tool.Designer.Protocol.csproj", "{FF4203B6-50D1-4915-9BBA-E0B57EA07D13}"
EndProject
Project("{FAE04EC0-301F-11D3-BF4B-00C04F79EFBC}") = "Tool.Designer.Protocol.Contract", "Tool.Designer.Protocol.Contract\Tool.Designer.Protocol.Contract.csproj", "{E5D2658F-7D33-48DF-9263-D740F821AE20}"
EndProject
Project("{FAE04EC0-301F-11D3-BF4B-00C04F79EFBC}") = "Tool.Designer.Protocol.Server", "Tool.Designer.Protocol.Server\Tool.Designer.Protocol.Server.csproj", "{A459BF1A-923E-410B-8B2C-02F969930A6D}"
EndProject
Project("{FAE04EC0-301F-11D3-BF4B-00C04F79EFBC}") = "Tool.Designer.Protocol.Tests", "Tool.Designer.Protocol.Tests\Tool.Designer.Protocol.Tests.csproj", "{1CFC6987-C967-442F-B0AC-05632037022B}"
EndProject
Project("{FAE04EC0-301F-11D3-BF4B-00C04F79EFBC}") = "Common.Splash", "Common.Splash\Common.Splash.csproj", "{28FBE9C0-881E-4BF0-BDFA-4F8BB9E31083}"
EndProject
Project("{FAE04EC0-301F-11D3-BF4B-00C04F79EFBC}") = "Cresus.Database", "Cresus.Database\Cresus.Database.csproj", "{BBBFCDFF-5A53-4B82-80CB-B98B2EC1B349}"
EndProject
Project("{FAE04EC0-301F-11D3-BF4B-00C04F79EFBC}") = "Cresus.Database.Implementation", "Cresus.Database.Implementation\Cresus.Database.Implementation.csproj", "{C757AD58-605D-4480-BC2E-03E8076368B2}"
EndProject
Project("{FAE04EC0-301F-11D3-BF4B-00C04F79EFBC}") = "Cresus.DataLayer", "Cresus.DataLayer\Cresus.DataLayer.csproj", "{BA604F89-53C1-4228-AC76-5D5E68205029}"
EndProject
Project("{FAE04EC0-301F-11D3-BF4B-00C04F79EFBC}") = "Common.Graph", "Common.Graph\Common.Graph.csproj", "{76C4BB36-308A-483E-9D6C-3401C96D2AD6}"
EndProject
Project("{FAE04EC0-301F-11D3-BF4B-00C04F79EFBC}") = "Cresus.Core", "Cresus.Core\Cresus.Core.csproj", "{543293D0-CAFB-4431-8202-6C6D5FF5403A}"
EndProject
Project("{FAE04EC0-301F-11D3-BF4B-00C04F79EFBC}") = "Cresus.Core.Library", "Cresus.Core.Library\Cresus.Core.Library.csproj", "{91DA0241-F084-40C5-B76E-0240884D1841}"
EndProject
Project("{FAE04EC0-301F-11D3-BF4B-00C04F79EFBC}") = "Cresus.CorePlugIn.WorkflowDesigner", "Cresus.CorePlugIn.WorkflowDesigner\Cresus.CorePlugIn.WorkflowDesigner.csproj", "{527D3555-0B76-4E86-9EE0-443CC97061F0}"
EndProject
Project("{FAE04EC0-301F-11D3-BF4B-00C04F79EFBC}") = "App.CresusGraph", "App.CresusGraph\App.CresusGraph.csproj", "{5FC1F7F5-74B3-4C6D-9EED-2F6B00CD9338}"
EndProject
Project("{FAE04EC0-301F-11D3-BF4B-00C04F79EFBC}") = "Common.Graph.Connector", "Common.Graph.Connector\Common.Graph.Connector.csproj", "{D4CE4659-71D4-49B3-89F6-50A543F601FD}"
EndProject
Project("{8BC9CEB8-8B4A-11D0-8D11-00A0C91BC942}") = "Win32.GraphConnector", "Win32.GraphConnector\Win32.GraphConnector.vcxproj", "{6DEB5DF9-EDAB-4943-9B19-48A57E6AEAEC}"
EndProject
Project("{2150E333-8FDC-42A3-9474-1A3956D46DE8}") = "Dependencies", "Dependencies", "{BE113330-11CC-46B3-98FD-2D92295A1010}"
EndProject
Project("{FAE04EC0-301F-11D3-BF4B-00C04F79EFBC}") = "Epsitec.CresusToolkit", "..\Epsitec\dot.net\Epsitec.ShellPE\Epsitec.CresusToolkit\Epsitec.CresusToolkit.csproj", "{BC0605F1-C986-4B52-AE21-AAE545FCB970}"
EndProject
Project("{2150E333-8FDC-42A3-9474-1A3956D46DE8}") = "Test Projects", "Test Projects", "{11A63789-C3A1-4BFF-AC27-3B5F7FD7EADE}"
EndProject
Project("{FAE04EC0-301F-11D3-BF4B-00C04F79EFBC}") = "Cresus.Core.Library.Finance", "Cresus.Core.Library.Finance\Cresus.Core.Library.Finance.csproj", "{608DCEB5-9004-44C6-B221-755E9D95FBB2}"
EndProject
Project("{FAE04EC0-301F-11D3-BF4B-00C04F79EFBC}") = "App.CresusCore", "App.CresusCore\App.CresusCore.csproj", "{3401E72C-6D2B-49AF-BD88-4178B370D33F}"
EndProject
Project("{FAE04EC0-301F-11D3-BF4B-00C04F79EFBC}") = "Cresus.Core.Library.UserManagement", "Cresus.Core.Library.UserManagement\Cresus.Core.Library.UserManagement.csproj", "{F5EA8D13-3119-4563-BC77-9E9D6CE94148}"
EndProject
Project("{FAE04EC0-301F-11D3-BF4B-00C04F79EFBC}") = "Cresus.Core.Library.Data", "Cresus.Core.Library.Data\Cresus.Core.Library.Data.csproj", "{AA11E634-2A75-45C1-868D-7B7C045C80C3}"
EndProject
Project("{FAE04EC0-301F-11D3-BF4B-00C04F79EFBC}") = "Cresus.Core.Library.Images", "Cresus.Core.Library.Images\Cresus.Core.Library.Images.csproj", "{539FF5AF-51A0-44DB-8771-910482BCF2E2}"
EndProject
Project("{FAE04EC0-301F-11D3-BF4B-00C04F79EFBC}") = "Cresus.Core.Library.Business", "Cresus.Core.Library.Business\Cresus.Core.Library.Business.csproj", "{E70C6F16-A0BF-439B-845D-87B164510AA0}"
EndProject
Project("{FAE04EC0-301F-11D3-BF4B-00C04F79EFBC}") = "Cresus.Core.Library.Workflows", "Cresus.Core.Library.Workflows\Cresus.Core.Library.Workflows.csproj", "{97CAFD8C-770C-4ABC-BF65-86D87354FFD1}"
EndProject
Project("{FAE04EC0-301F-11D3-BF4B-00C04F79EFBC}") = "Cresus.Core.Library.Print", "Cresus.Core.Library.Print\Cresus.Core.Library.Print.csproj", "{B79C6B74-CEDB-4242-AAFF-18DCF45B259C}"
EndProject
Project("{FAE04EC0-301F-11D3-BF4B-00C04F79EFBC}") = "Cresus.Core.Library.BusinessLogic", "Cresus.Core.Library.BusinessLogic\Cresus.Core.Library.BusinessLogic.csproj", "{0B7976F1-6ABB-45EA-93AA-1A0740AFE87F}"
EndProject
Project("{FAE04EC0-301F-11D3-BF4B-00C04F79EFBC}") = "Cresus.Core.Library.Address", "Cresus.Core.Library.Address\Cresus.Core.Library.Address.csproj", "{5D9704AF-69C1-4E71-8DF3-4455DC41D731}"
EndProject
Project("{FAE04EC0-301F-11D3-BF4B-00C04F79EFBC}") = "Cresus.Bricks", "Cresus.Bricks\Cresus.Bricks.csproj", "{AE911461-2EFC-435D-B7AD-1F0DE07EE251}"
EndProject
Project("{FAE04EC0-301F-11D3-BF4B-00C04F79EFBC}") = "Cresus.Bricks.Tests.Vs", "Cresus.Bricks.Tests.Vs\Cresus.Bricks.Tests.Vs.csproj", "{A2CD1135-769B-4B8B-A6D5-3D8E67C6F751}"
EndProject
Project("{FAE04EC0-301F-11D3-BF4B-00C04F79EFBC}") = "Common.UnitTesting", "Common.UnitTesting\Common.UnitTesting.csproj", "{24FD1EF5-9080-4D20-9C4F-1C0CAFEA26D8}"
EndProject
Project("{FAE04EC0-301F-11D3-BF4B-00C04F79EFBC}") = "Common.UnitTesting.Tests.Vs", "Common.UnitTesting.Tests.Vs\Common.UnitTesting.Tests.Vs.csproj", "{8DC6CABD-F081-4AF3-AC8B-89BC4C016967}"
EndProject
Project("{FAE04EC0-301F-11D3-BF4B-00C04F79EFBC}") = "Common.Graph.Tests", "Common.Graph.Tests\Common.Graph.Tests.csproj", "{D9CEEF86-6273-46CC-94FF-DD0C92EBFA68}"
EndProject
Project("{FAE04EC0-301F-11D3-BF4B-00C04F79EFBC}") = "Common.Identity.Tests", "Common.Identity.Tests\Common.Identity.Tests.csproj", "{99212AC6-9A4B-419C-91FC-F3079C19D1B9}"
EndProject
Project("{FAE04EC0-301F-11D3-BF4B-00C04F79EFBC}") = "Common.Tests.Vs", "Common.Tests.Vs\Common.Tests.Vs.csproj", "{9342B41E-28E0-4FC2-B2CB-28BB9A0D0124}"
EndProject
Project("{FAE04EC0-301F-11D3-BF4B-00C04F79EFBC}") = "Common.Tests", "Common.Tests\Common.Tests.csproj", "{1E921F71-7F6A-4130-84A6-A0180659F1D9}"
EndProject
Project("{FAE04EC0-301F-11D3-BF4B-00C04F79EFBC}") = "Cresus.Core.Library.Documents", "Cresus.Core.Library.Documents\Cresus.Core.Library.Documents.csproj", "{F2955C92-B208-498B-8ED4-E7B033AD284B}"
EndProject
Project("{FAE04EC0-301F-11D3-BF4B-00C04F79EFBC}") = "Cresus.Database.Tests.Vs", "Cresus.Database.Tests.Vs\Cresus.Database.Tests.Vs.csproj", "{48CFC75E-EAA8-46CE-860F-871511583AE2}"
EndProject
Project("{FAE04EC0-301F-11D3-BF4B-00C04F79EFBC}") = "Cresus.DataLayer.Tests.Vs", "Cresus.DataLayer.Tests.Vs\Cresus.DataLayer.Tests.Vs.csproj", "{E8493223-9A6E-49C1-81D6-42B0AE7A14D3}"
EndProject
Global
	GlobalSection(TestCaseManagementSettings) = postSolution
		CategoryFile = Epsitec.Cresus1.vsmdi
	EndGlobalSection
	GlobalSection(SolutionConfigurationPlatforms) = preSolution
		Debug .NET 2.0|Any CPU = Debug .NET 2.0|Any CPU
		Debug .NET 2.0|Mixed Platforms = Debug .NET 2.0|Mixed Platforms
		Debug .NET 2.0|Win32 = Debug .NET 2.0|Win32
		Debug .NET 2.0|x86 = Debug .NET 2.0|x86
		Debug|Any CPU = Debug|Any CPU
		Debug|Mixed Platforms = Debug|Mixed Platforms
		Debug|Win32 = Debug|Win32
		Debug|x86 = Debug|x86
		Release|Any CPU = Release|Any CPU
		Release|Mixed Platforms = Release|Mixed Platforms
		Release|Win32 = Release|Win32
		Release|x86 = Release|x86
	EndGlobalSection
	GlobalSection(ProjectConfigurationPlatforms) = postSolution
		{1611E097-A82A-43E5-B616-D7DC6EFF3F0D}.Debug .NET 2.0|Any CPU.ActiveCfg = Debug|Any CPU
		{1611E097-A82A-43E5-B616-D7DC6EFF3F0D}.Debug .NET 2.0|Any CPU.Build.0 = Debug|Any CPU
		{1611E097-A82A-43E5-B616-D7DC6EFF3F0D}.Debug .NET 2.0|Mixed Platforms.ActiveCfg = Debug|Any CPU
		{1611E097-A82A-43E5-B616-D7DC6EFF3F0D}.Debug .NET 2.0|Mixed Platforms.Build.0 = Debug|Any CPU
		{1611E097-A82A-43E5-B616-D7DC6EFF3F0D}.Debug .NET 2.0|Win32.ActiveCfg = Debug|Any CPU
		{1611E097-A82A-43E5-B616-D7DC6EFF3F0D}.Debug .NET 2.0|x86.ActiveCfg = Debug|Any CPU
		{1611E097-A82A-43E5-B616-D7DC6EFF3F0D}.Debug|Any CPU.ActiveCfg = Debug|Any CPU
		{1611E097-A82A-43E5-B616-D7DC6EFF3F0D}.Debug|Any CPU.Build.0 = Debug|Any CPU
		{1611E097-A82A-43E5-B616-D7DC6EFF3F0D}.Debug|Mixed Platforms.ActiveCfg = Debug|Any CPU
		{1611E097-A82A-43E5-B616-D7DC6EFF3F0D}.Debug|Mixed Platforms.Build.0 = Debug|Any CPU
		{1611E097-A82A-43E5-B616-D7DC6EFF3F0D}.Debug|Win32.ActiveCfg = Debug|Any CPU
		{1611E097-A82A-43E5-B616-D7DC6EFF3F0D}.Debug|x86.ActiveCfg = Debug|Any CPU
		{1611E097-A82A-43E5-B616-D7DC6EFF3F0D}.Release|Any CPU.ActiveCfg = Release|Any CPU
		{1611E097-A82A-43E5-B616-D7DC6EFF3F0D}.Release|Any CPU.Build.0 = Release|Any CPU
		{1611E097-A82A-43E5-B616-D7DC6EFF3F0D}.Release|Mixed Platforms.ActiveCfg = Release|Any CPU
		{1611E097-A82A-43E5-B616-D7DC6EFF3F0D}.Release|Mixed Platforms.Build.0 = Release|Any CPU
		{1611E097-A82A-43E5-B616-D7DC6EFF3F0D}.Release|Win32.ActiveCfg = Release|Any CPU
		{1611E097-A82A-43E5-B616-D7DC6EFF3F0D}.Release|x86.ActiveCfg = Release|Any CPU
		{BEF06147-ACD1-4DD0-937F-BF55544F07BF}.Debug .NET 2.0|Any CPU.ActiveCfg = Debug .NET 2.0|Any CPU
		{BEF06147-ACD1-4DD0-937F-BF55544F07BF}.Debug .NET 2.0|Any CPU.Build.0 = Debug .NET 2.0|Any CPU
		{BEF06147-ACD1-4DD0-937F-BF55544F07BF}.Debug .NET 2.0|Mixed Platforms.ActiveCfg = Debug .NET 2.0|Any CPU
		{BEF06147-ACD1-4DD0-937F-BF55544F07BF}.Debug .NET 2.0|Mixed Platforms.Build.0 = Debug .NET 2.0|Any CPU
		{BEF06147-ACD1-4DD0-937F-BF55544F07BF}.Debug .NET 2.0|Win32.ActiveCfg = Debug .NET 2.0|Any CPU
		{BEF06147-ACD1-4DD0-937F-BF55544F07BF}.Debug .NET 2.0|x86.ActiveCfg = Debug .NET 2.0|Any CPU
		{BEF06147-ACD1-4DD0-937F-BF55544F07BF}.Debug|Any CPU.ActiveCfg = Debug|Any CPU
		{BEF06147-ACD1-4DD0-937F-BF55544F07BF}.Debug|Any CPU.Build.0 = Debug|Any CPU
		{BEF06147-ACD1-4DD0-937F-BF55544F07BF}.Debug|Mixed Platforms.ActiveCfg = Debug|Any CPU
		{BEF06147-ACD1-4DD0-937F-BF55544F07BF}.Debug|Mixed Platforms.Build.0 = Debug|Any CPU
		{BEF06147-ACD1-4DD0-937F-BF55544F07BF}.Debug|Win32.ActiveCfg = Debug|Any CPU
		{BEF06147-ACD1-4DD0-937F-BF55544F07BF}.Debug|x86.ActiveCfg = Debug|Any CPU
		{BEF06147-ACD1-4DD0-937F-BF55544F07BF}.Release|Any CPU.ActiveCfg = Release|Any CPU
		{BEF06147-ACD1-4DD0-937F-BF55544F07BF}.Release|Any CPU.Build.0 = Release|Any CPU
		{BEF06147-ACD1-4DD0-937F-BF55544F07BF}.Release|Mixed Platforms.ActiveCfg = Release|Any CPU
		{BEF06147-ACD1-4DD0-937F-BF55544F07BF}.Release|Mixed Platforms.Build.0 = Release|Any CPU
		{BEF06147-ACD1-4DD0-937F-BF55544F07BF}.Release|Win32.ActiveCfg = Release|Any CPU
		{BEF06147-ACD1-4DD0-937F-BF55544F07BF}.Release|x86.ActiveCfg = Release|Any CPU
		{A70AD57E-0E80-48D7-8583-836C4758669D}.Debug .NET 2.0|Any CPU.ActiveCfg = Debug .NET 2.0|Any CPU
		{A70AD57E-0E80-48D7-8583-836C4758669D}.Debug .NET 2.0|Any CPU.Build.0 = Debug .NET 2.0|Any CPU
		{A70AD57E-0E80-48D7-8583-836C4758669D}.Debug .NET 2.0|Mixed Platforms.ActiveCfg = Debug .NET 2.0|Any CPU
		{A70AD57E-0E80-48D7-8583-836C4758669D}.Debug .NET 2.0|Mixed Platforms.Build.0 = Debug .NET 2.0|Any CPU
		{A70AD57E-0E80-48D7-8583-836C4758669D}.Debug .NET 2.0|Win32.ActiveCfg = Debug .NET 2.0|Any CPU
		{A70AD57E-0E80-48D7-8583-836C4758669D}.Debug .NET 2.0|x86.ActiveCfg = Debug .NET 2.0|Any CPU
		{A70AD57E-0E80-48D7-8583-836C4758669D}.Debug|Any CPU.ActiveCfg = Debug|Any CPU
		{A70AD57E-0E80-48D7-8583-836C4758669D}.Debug|Any CPU.Build.0 = Debug|Any CPU
		{A70AD57E-0E80-48D7-8583-836C4758669D}.Debug|Mixed Platforms.ActiveCfg = Debug|Any CPU
		{A70AD57E-0E80-48D7-8583-836C4758669D}.Debug|Mixed Platforms.Build.0 = Debug|Any CPU
		{A70AD57E-0E80-48D7-8583-836C4758669D}.Debug|Win32.ActiveCfg = Debug|Any CPU
		{A70AD57E-0E80-48D7-8583-836C4758669D}.Debug|x86.ActiveCfg = Debug|Any CPU
		{A70AD57E-0E80-48D7-8583-836C4758669D}.Release|Any CPU.ActiveCfg = Release|Any CPU
		{A70AD57E-0E80-48D7-8583-836C4758669D}.Release|Any CPU.Build.0 = Release|Any CPU
		{A70AD57E-0E80-48D7-8583-836C4758669D}.Release|Mixed Platforms.ActiveCfg = Release|Any CPU
		{A70AD57E-0E80-48D7-8583-836C4758669D}.Release|Mixed Platforms.Build.0 = Release|Any CPU
		{A70AD57E-0E80-48D7-8583-836C4758669D}.Release|Win32.ActiveCfg = Release|Any CPU
		{A70AD57E-0E80-48D7-8583-836C4758669D}.Release|x86.ActiveCfg = Release|Any CPU
		{B324896E-2CDE-45B8-91CE-B476687EA384}.Debug .NET 2.0|Any CPU.ActiveCfg = Debug .NET 2.0|Any CPU
		{B324896E-2CDE-45B8-91CE-B476687EA384}.Debug .NET 2.0|Any CPU.Build.0 = Debug .NET 2.0|Any CPU
		{B324896E-2CDE-45B8-91CE-B476687EA384}.Debug .NET 2.0|Mixed Platforms.ActiveCfg = Debug .NET 2.0|Any CPU
		{B324896E-2CDE-45B8-91CE-B476687EA384}.Debug .NET 2.0|Mixed Platforms.Build.0 = Debug .NET 2.0|Any CPU
		{B324896E-2CDE-45B8-91CE-B476687EA384}.Debug .NET 2.0|Win32.ActiveCfg = Debug .NET 2.0|Any CPU
		{B324896E-2CDE-45B8-91CE-B476687EA384}.Debug .NET 2.0|x86.ActiveCfg = Debug .NET 2.0|Any CPU
		{B324896E-2CDE-45B8-91CE-B476687EA384}.Debug|Any CPU.ActiveCfg = Debug|Any CPU
		{B324896E-2CDE-45B8-91CE-B476687EA384}.Debug|Any CPU.Build.0 = Debug|Any CPU
		{B324896E-2CDE-45B8-91CE-B476687EA384}.Debug|Mixed Platforms.ActiveCfg = Debug|Any CPU
		{B324896E-2CDE-45B8-91CE-B476687EA384}.Debug|Mixed Platforms.Build.0 = Debug|Any CPU
		{B324896E-2CDE-45B8-91CE-B476687EA384}.Debug|Win32.ActiveCfg = Debug|Any CPU
		{B324896E-2CDE-45B8-91CE-B476687EA384}.Debug|x86.ActiveCfg = Debug|Any CPU
		{B324896E-2CDE-45B8-91CE-B476687EA384}.Release|Any CPU.ActiveCfg = Release|Any CPU
		{B324896E-2CDE-45B8-91CE-B476687EA384}.Release|Any CPU.Build.0 = Release|Any CPU
		{B324896E-2CDE-45B8-91CE-B476687EA384}.Release|Mixed Platforms.ActiveCfg = Release|Any CPU
		{B324896E-2CDE-45B8-91CE-B476687EA384}.Release|Mixed Platforms.Build.0 = Release|Any CPU
		{B324896E-2CDE-45B8-91CE-B476687EA384}.Release|Win32.ActiveCfg = Release|Any CPU
		{B324896E-2CDE-45B8-91CE-B476687EA384}.Release|x86.ActiveCfg = Release|Any CPU
		{3B21F4C6-9461-4751-9B23-9A9006743D68}.Debug .NET 2.0|Any CPU.ActiveCfg = Debug .NET 2.0|Any CPU
		{3B21F4C6-9461-4751-9B23-9A9006743D68}.Debug .NET 2.0|Any CPU.Build.0 = Debug .NET 2.0|Any CPU
		{3B21F4C6-9461-4751-9B23-9A9006743D68}.Debug .NET 2.0|Mixed Platforms.ActiveCfg = Debug .NET 2.0|Any CPU
		{3B21F4C6-9461-4751-9B23-9A9006743D68}.Debug .NET 2.0|Mixed Platforms.Build.0 = Debug .NET 2.0|Any CPU
		{3B21F4C6-9461-4751-9B23-9A9006743D68}.Debug .NET 2.0|Win32.ActiveCfg = Debug .NET 2.0|Any CPU
		{3B21F4C6-9461-4751-9B23-9A9006743D68}.Debug .NET 2.0|x86.ActiveCfg = Debug .NET 2.0|Any CPU
		{3B21F4C6-9461-4751-9B23-9A9006743D68}.Debug|Any CPU.ActiveCfg = Debug|Any CPU
		{3B21F4C6-9461-4751-9B23-9A9006743D68}.Debug|Any CPU.Build.0 = Debug|Any CPU
		{3B21F4C6-9461-4751-9B23-9A9006743D68}.Debug|Mixed Platforms.ActiveCfg = Debug|Any CPU
		{3B21F4C6-9461-4751-9B23-9A9006743D68}.Debug|Mixed Platforms.Build.0 = Debug|Any CPU
		{3B21F4C6-9461-4751-9B23-9A9006743D68}.Debug|Win32.ActiveCfg = Debug|Any CPU
		{3B21F4C6-9461-4751-9B23-9A9006743D68}.Debug|x86.ActiveCfg = Debug|Any CPU
		{3B21F4C6-9461-4751-9B23-9A9006743D68}.Release|Any CPU.ActiveCfg = Release|Any CPU
		{3B21F4C6-9461-4751-9B23-9A9006743D68}.Release|Any CPU.Build.0 = Release|Any CPU
		{3B21F4C6-9461-4751-9B23-9A9006743D68}.Release|Mixed Platforms.ActiveCfg = Release|Any CPU
		{3B21F4C6-9461-4751-9B23-9A9006743D68}.Release|Mixed Platforms.Build.0 = Release|Any CPU
		{3B21F4C6-9461-4751-9B23-9A9006743D68}.Release|Win32.ActiveCfg = Release|Any CPU
		{3B21F4C6-9461-4751-9B23-9A9006743D68}.Release|x86.ActiveCfg = Release|Any CPU
		{EC31ACEA-8F8A-43E8-9A26-584D8B22552C}.Debug .NET 2.0|Any CPU.ActiveCfg = Debug .NET 2.0|Any CPU
		{EC31ACEA-8F8A-43E8-9A26-584D8B22552C}.Debug .NET 2.0|Any CPU.Build.0 = Debug .NET 2.0|Any CPU
		{EC31ACEA-8F8A-43E8-9A26-584D8B22552C}.Debug .NET 2.0|Mixed Platforms.ActiveCfg = Debug .NET 2.0|Any CPU
		{EC31ACEA-8F8A-43E8-9A26-584D8B22552C}.Debug .NET 2.0|Mixed Platforms.Build.0 = Debug .NET 2.0|Any CPU
		{EC31ACEA-8F8A-43E8-9A26-584D8B22552C}.Debug .NET 2.0|Win32.ActiveCfg = Debug .NET 2.0|Any CPU
		{EC31ACEA-8F8A-43E8-9A26-584D8B22552C}.Debug .NET 2.0|x86.ActiveCfg = Debug .NET 2.0|Any CPU
		{EC31ACEA-8F8A-43E8-9A26-584D8B22552C}.Debug|Any CPU.ActiveCfg = Debug|Any CPU
		{EC31ACEA-8F8A-43E8-9A26-584D8B22552C}.Debug|Any CPU.Build.0 = Debug|Any CPU
		{EC31ACEA-8F8A-43E8-9A26-584D8B22552C}.Debug|Mixed Platforms.ActiveCfg = Debug|Any CPU
		{EC31ACEA-8F8A-43E8-9A26-584D8B22552C}.Debug|Mixed Platforms.Build.0 = Debug|Any CPU
		{EC31ACEA-8F8A-43E8-9A26-584D8B22552C}.Debug|Win32.ActiveCfg = Debug|Any CPU
		{EC31ACEA-8F8A-43E8-9A26-584D8B22552C}.Debug|x86.ActiveCfg = Debug|Any CPU
		{EC31ACEA-8F8A-43E8-9A26-584D8B22552C}.Release|Any CPU.ActiveCfg = Release|Any CPU
		{EC31ACEA-8F8A-43E8-9A26-584D8B22552C}.Release|Any CPU.Build.0 = Release|Any CPU
		{EC31ACEA-8F8A-43E8-9A26-584D8B22552C}.Release|Mixed Platforms.ActiveCfg = Release|Any CPU
		{EC31ACEA-8F8A-43E8-9A26-584D8B22552C}.Release|Mixed Platforms.Build.0 = Release|Any CPU
		{EC31ACEA-8F8A-43E8-9A26-584D8B22552C}.Release|Win32.ActiveCfg = Release|Any CPU
		{EC31ACEA-8F8A-43E8-9A26-584D8B22552C}.Release|x86.ActiveCfg = Release|Any CPU
		{F7F8C913-085B-41B2-98AC-9859BED201F1}.Debug .NET 2.0|Any CPU.ActiveCfg = Debug .NET 2.0|Any CPU
		{F7F8C913-085B-41B2-98AC-9859BED201F1}.Debug .NET 2.0|Any CPU.Build.0 = Debug .NET 2.0|Any CPU
		{F7F8C913-085B-41B2-98AC-9859BED201F1}.Debug .NET 2.0|Mixed Platforms.ActiveCfg = Debug .NET 2.0|Any CPU
		{F7F8C913-085B-41B2-98AC-9859BED201F1}.Debug .NET 2.0|Mixed Platforms.Build.0 = Debug .NET 2.0|Any CPU
		{F7F8C913-085B-41B2-98AC-9859BED201F1}.Debug .NET 2.0|Win32.ActiveCfg = Debug .NET 2.0|Any CPU
		{F7F8C913-085B-41B2-98AC-9859BED201F1}.Debug .NET 2.0|x86.ActiveCfg = Debug .NET 2.0|Any CPU
		{F7F8C913-085B-41B2-98AC-9859BED201F1}.Debug|Any CPU.ActiveCfg = Debug|Any CPU
		{F7F8C913-085B-41B2-98AC-9859BED201F1}.Debug|Any CPU.Build.0 = Debug|Any CPU
		{F7F8C913-085B-41B2-98AC-9859BED201F1}.Debug|Mixed Platforms.ActiveCfg = Debug|Any CPU
		{F7F8C913-085B-41B2-98AC-9859BED201F1}.Debug|Mixed Platforms.Build.0 = Debug|Any CPU
		{F7F8C913-085B-41B2-98AC-9859BED201F1}.Debug|Win32.ActiveCfg = Debug|Any CPU
		{F7F8C913-085B-41B2-98AC-9859BED201F1}.Debug|x86.ActiveCfg = Debug|Any CPU
		{F7F8C913-085B-41B2-98AC-9859BED201F1}.Release|Any CPU.ActiveCfg = Release|Any CPU
		{F7F8C913-085B-41B2-98AC-9859BED201F1}.Release|Any CPU.Build.0 = Release|Any CPU
		{F7F8C913-085B-41B2-98AC-9859BED201F1}.Release|Mixed Platforms.ActiveCfg = Release|Any CPU
		{F7F8C913-085B-41B2-98AC-9859BED201F1}.Release|Mixed Platforms.Build.0 = Release|Any CPU
		{F7F8C913-085B-41B2-98AC-9859BED201F1}.Release|Win32.ActiveCfg = Release|Any CPU
		{F7F8C913-085B-41B2-98AC-9859BED201F1}.Release|x86.ActiveCfg = Release|Any CPU
		{9DEB3B56-6C6B-4D84-90DD-3A3FCE84441C}.Debug .NET 2.0|Any CPU.ActiveCfg = Debug .NET 2.0|Any CPU
		{9DEB3B56-6C6B-4D84-90DD-3A3FCE84441C}.Debug .NET 2.0|Any CPU.Build.0 = Debug .NET 2.0|Any CPU
		{9DEB3B56-6C6B-4D84-90DD-3A3FCE84441C}.Debug .NET 2.0|Mixed Platforms.ActiveCfg = Debug .NET 2.0|Any CPU
		{9DEB3B56-6C6B-4D84-90DD-3A3FCE84441C}.Debug .NET 2.0|Mixed Platforms.Build.0 = Debug .NET 2.0|Any CPU
		{9DEB3B56-6C6B-4D84-90DD-3A3FCE84441C}.Debug .NET 2.0|Win32.ActiveCfg = Debug .NET 2.0|Any CPU
		{9DEB3B56-6C6B-4D84-90DD-3A3FCE84441C}.Debug .NET 2.0|x86.ActiveCfg = Debug .NET 2.0|Any CPU
		{9DEB3B56-6C6B-4D84-90DD-3A3FCE84441C}.Debug|Any CPU.ActiveCfg = Debug|Any CPU
		{9DEB3B56-6C6B-4D84-90DD-3A3FCE84441C}.Debug|Any CPU.Build.0 = Debug|Any CPU
		{9DEB3B56-6C6B-4D84-90DD-3A3FCE84441C}.Debug|Mixed Platforms.ActiveCfg = Debug|Any CPU
		{9DEB3B56-6C6B-4D84-90DD-3A3FCE84441C}.Debug|Mixed Platforms.Build.0 = Debug|Any CPU
		{9DEB3B56-6C6B-4D84-90DD-3A3FCE84441C}.Debug|Win32.ActiveCfg = Debug|Any CPU
		{9DEB3B56-6C6B-4D84-90DD-3A3FCE84441C}.Debug|x86.ActiveCfg = Debug|Any CPU
		{9DEB3B56-6C6B-4D84-90DD-3A3FCE84441C}.Release|Any CPU.ActiveCfg = Release|Any CPU
		{9DEB3B56-6C6B-4D84-90DD-3A3FCE84441C}.Release|Any CPU.Build.0 = Release|Any CPU
		{9DEB3B56-6C6B-4D84-90DD-3A3FCE84441C}.Release|Mixed Platforms.ActiveCfg = Release|Any CPU
		{9DEB3B56-6C6B-4D84-90DD-3A3FCE84441C}.Release|Mixed Platforms.Build.0 = Release|Any CPU
		{9DEB3B56-6C6B-4D84-90DD-3A3FCE84441C}.Release|Win32.ActiveCfg = Release|Any CPU
		{9DEB3B56-6C6B-4D84-90DD-3A3FCE84441C}.Release|x86.ActiveCfg = Release|Any CPU
		{FC80577A-0E20-4469-864C-87ADB7B12C07}.Debug .NET 2.0|Any CPU.ActiveCfg = Debug .NET 2.0|Any CPU
		{FC80577A-0E20-4469-864C-87ADB7B12C07}.Debug .NET 2.0|Any CPU.Build.0 = Debug .NET 2.0|Any CPU
		{FC80577A-0E20-4469-864C-87ADB7B12C07}.Debug .NET 2.0|Mixed Platforms.ActiveCfg = Debug .NET 2.0|Any CPU
		{FC80577A-0E20-4469-864C-87ADB7B12C07}.Debug .NET 2.0|Mixed Platforms.Build.0 = Debug .NET 2.0|Any CPU
		{FC80577A-0E20-4469-864C-87ADB7B12C07}.Debug .NET 2.0|Win32.ActiveCfg = Debug .NET 2.0|Any CPU
		{FC80577A-0E20-4469-864C-87ADB7B12C07}.Debug .NET 2.0|x86.ActiveCfg = Debug .NET 2.0|Any CPU
		{FC80577A-0E20-4469-864C-87ADB7B12C07}.Debug|Any CPU.ActiveCfg = Debug|Any CPU
		{FC80577A-0E20-4469-864C-87ADB7B12C07}.Debug|Any CPU.Build.0 = Debug|Any CPU
		{FC80577A-0E20-4469-864C-87ADB7B12C07}.Debug|Mixed Platforms.ActiveCfg = Debug|Any CPU
		{FC80577A-0E20-4469-864C-87ADB7B12C07}.Debug|Mixed Platforms.Build.0 = Debug|Any CPU
		{FC80577A-0E20-4469-864C-87ADB7B12C07}.Debug|Win32.ActiveCfg = Debug|Any CPU
		{FC80577A-0E20-4469-864C-87ADB7B12C07}.Debug|x86.ActiveCfg = Debug|Any CPU
		{FC80577A-0E20-4469-864C-87ADB7B12C07}.Release|Any CPU.ActiveCfg = Release|Any CPU
		{FC80577A-0E20-4469-864C-87ADB7B12C07}.Release|Any CPU.Build.0 = Release|Any CPU
		{FC80577A-0E20-4469-864C-87ADB7B12C07}.Release|Mixed Platforms.ActiveCfg = Release|Any CPU
		{FC80577A-0E20-4469-864C-87ADB7B12C07}.Release|Mixed Platforms.Build.0 = Release|Any CPU
		{FC80577A-0E20-4469-864C-87ADB7B12C07}.Release|Win32.ActiveCfg = Release|Any CPU
		{FC80577A-0E20-4469-864C-87ADB7B12C07}.Release|x86.ActiveCfg = Release|Any CPU
		{B4E1087F-2644-430B-A6D4-95B75D62398B}.Debug .NET 2.0|Any CPU.ActiveCfg = Debug .NET 2.0|Win32
		{B4E1087F-2644-430B-A6D4-95B75D62398B}.Debug .NET 2.0|Mixed Platforms.ActiveCfg = Debug .NET 2.0|Win32
		{B4E1087F-2644-430B-A6D4-95B75D62398B}.Debug .NET 2.0|Mixed Platforms.Build.0 = Debug .NET 2.0|Win32
		{B4E1087F-2644-430B-A6D4-95B75D62398B}.Debug .NET 2.0|Win32.ActiveCfg = Debug .NET 2.0|Win32
		{B4E1087F-2644-430B-A6D4-95B75D62398B}.Debug .NET 2.0|Win32.Build.0 = Debug .NET 2.0|Win32
		{B4E1087F-2644-430B-A6D4-95B75D62398B}.Debug .NET 2.0|x86.ActiveCfg = Debug .NET 2.0|Win32
		{B4E1087F-2644-430B-A6D4-95B75D62398B}.Debug|Any CPU.ActiveCfg = Debug|Win32
		{B4E1087F-2644-430B-A6D4-95B75D62398B}.Debug|Mixed Platforms.ActiveCfg = Debug|Win32
		{B4E1087F-2644-430B-A6D4-95B75D62398B}.Debug|Mixed Platforms.Build.0 = Debug|Win32
		{B4E1087F-2644-430B-A6D4-95B75D62398B}.Debug|Win32.ActiveCfg = Debug|Win32
		{B4E1087F-2644-430B-A6D4-95B75D62398B}.Debug|Win32.Build.0 = Debug|Win32
		{B4E1087F-2644-430B-A6D4-95B75D62398B}.Debug|x86.ActiveCfg = Debug|Win32
		{B4E1087F-2644-430B-A6D4-95B75D62398B}.Release|Any CPU.ActiveCfg = Release|Win32
		{B4E1087F-2644-430B-A6D4-95B75D62398B}.Release|Mixed Platforms.ActiveCfg = Release|Win32
		{B4E1087F-2644-430B-A6D4-95B75D62398B}.Release|Mixed Platforms.Build.0 = Release|Win32
		{B4E1087F-2644-430B-A6D4-95B75D62398B}.Release|Win32.ActiveCfg = Release|Win32
		{B4E1087F-2644-430B-A6D4-95B75D62398B}.Release|Win32.Build.0 = Release|Win32
		{B4E1087F-2644-430B-A6D4-95B75D62398B}.Release|x86.ActiveCfg = Release|Win32
		{1D0BD1B8-DF78-45E2-A3B7-D1AE3FB31E46}.Debug .NET 2.0|Any CPU.ActiveCfg = Debug .NET 2.0|Any CPU
		{1D0BD1B8-DF78-45E2-A3B7-D1AE3FB31E46}.Debug .NET 2.0|Any CPU.Build.0 = Debug .NET 2.0|Any CPU
		{1D0BD1B8-DF78-45E2-A3B7-D1AE3FB31E46}.Debug .NET 2.0|Mixed Platforms.ActiveCfg = Debug .NET 2.0|Any CPU
		{1D0BD1B8-DF78-45E2-A3B7-D1AE3FB31E46}.Debug .NET 2.0|Mixed Platforms.Build.0 = Debug .NET 2.0|Any CPU
		{1D0BD1B8-DF78-45E2-A3B7-D1AE3FB31E46}.Debug .NET 2.0|Win32.ActiveCfg = Debug .NET 2.0|Any CPU
		{1D0BD1B8-DF78-45E2-A3B7-D1AE3FB31E46}.Debug .NET 2.0|x86.ActiveCfg = Debug .NET 2.0|Any CPU
		{1D0BD1B8-DF78-45E2-A3B7-D1AE3FB31E46}.Debug|Any CPU.ActiveCfg = Debug|Any CPU
		{1D0BD1B8-DF78-45E2-A3B7-D1AE3FB31E46}.Debug|Any CPU.Build.0 = Debug|Any CPU
		{1D0BD1B8-DF78-45E2-A3B7-D1AE3FB31E46}.Debug|Mixed Platforms.ActiveCfg = Debug|Any CPU
		{1D0BD1B8-DF78-45E2-A3B7-D1AE3FB31E46}.Debug|Mixed Platforms.Build.0 = Debug|Any CPU
		{1D0BD1B8-DF78-45E2-A3B7-D1AE3FB31E46}.Debug|Win32.ActiveCfg = Debug|Any CPU
		{1D0BD1B8-DF78-45E2-A3B7-D1AE3FB31E46}.Debug|x86.ActiveCfg = Debug|Any CPU
		{1D0BD1B8-DF78-45E2-A3B7-D1AE3FB31E46}.Release|Any CPU.ActiveCfg = Release|Any CPU
		{1D0BD1B8-DF78-45E2-A3B7-D1AE3FB31E46}.Release|Any CPU.Build.0 = Release|Any CPU
		{1D0BD1B8-DF78-45E2-A3B7-D1AE3FB31E46}.Release|Mixed Platforms.ActiveCfg = Release|Any CPU
		{1D0BD1B8-DF78-45E2-A3B7-D1AE3FB31E46}.Release|Mixed Platforms.Build.0 = Release|Any CPU
		{1D0BD1B8-DF78-45E2-A3B7-D1AE3FB31E46}.Release|Win32.ActiveCfg = Release|Any CPU
		{1D0BD1B8-DF78-45E2-A3B7-D1AE3FB31E46}.Release|x86.ActiveCfg = Release|Any CPU
		{D0BF9A45-E6F2-4FEF-B5A0-008BE0159967}.Debug .NET 2.0|Any CPU.ActiveCfg = Debug .NET 2.0|Any CPU
		{D0BF9A45-E6F2-4FEF-B5A0-008BE0159967}.Debug .NET 2.0|Any CPU.Build.0 = Debug .NET 2.0|Any CPU
		{D0BF9A45-E6F2-4FEF-B5A0-008BE0159967}.Debug .NET 2.0|Mixed Platforms.ActiveCfg = Debug .NET 2.0|Any CPU
		{D0BF9A45-E6F2-4FEF-B5A0-008BE0159967}.Debug .NET 2.0|Mixed Platforms.Build.0 = Debug .NET 2.0|Any CPU
		{D0BF9A45-E6F2-4FEF-B5A0-008BE0159967}.Debug .NET 2.0|Win32.ActiveCfg = Debug .NET 2.0|Any CPU
		{D0BF9A45-E6F2-4FEF-B5A0-008BE0159967}.Debug .NET 2.0|x86.ActiveCfg = Debug .NET 2.0|Any CPU
		{D0BF9A45-E6F2-4FEF-B5A0-008BE0159967}.Debug|Any CPU.ActiveCfg = Debug|Any CPU
		{D0BF9A45-E6F2-4FEF-B5A0-008BE0159967}.Debug|Any CPU.Build.0 = Debug|Any CPU
		{D0BF9A45-E6F2-4FEF-B5A0-008BE0159967}.Debug|Mixed Platforms.ActiveCfg = Debug|Any CPU
		{D0BF9A45-E6F2-4FEF-B5A0-008BE0159967}.Debug|Mixed Platforms.Build.0 = Debug|Any CPU
		{D0BF9A45-E6F2-4FEF-B5A0-008BE0159967}.Debug|Win32.ActiveCfg = Debug|Any CPU
		{D0BF9A45-E6F2-4FEF-B5A0-008BE0159967}.Debug|x86.ActiveCfg = Debug|Any CPU
		{D0BF9A45-E6F2-4FEF-B5A0-008BE0159967}.Release|Any CPU.ActiveCfg = Release|Any CPU
		{D0BF9A45-E6F2-4FEF-B5A0-008BE0159967}.Release|Any CPU.Build.0 = Release|Any CPU
		{D0BF9A45-E6F2-4FEF-B5A0-008BE0159967}.Release|Mixed Platforms.ActiveCfg = Release|Any CPU
		{D0BF9A45-E6F2-4FEF-B5A0-008BE0159967}.Release|Mixed Platforms.Build.0 = Release|Any CPU
		{D0BF9A45-E6F2-4FEF-B5A0-008BE0159967}.Release|Win32.ActiveCfg = Release|Any CPU
		{D0BF9A45-E6F2-4FEF-B5A0-008BE0159967}.Release|x86.ActiveCfg = Release|Any CPU
		{B3B20AC3-680D-41E0-94C2-8113577CE703}.Debug .NET 2.0|Any CPU.ActiveCfg = Debug .NET 2.0|Any CPU
		{B3B20AC3-680D-41E0-94C2-8113577CE703}.Debug .NET 2.0|Any CPU.Build.0 = Debug .NET 2.0|Any CPU
		{B3B20AC3-680D-41E0-94C2-8113577CE703}.Debug .NET 2.0|Mixed Platforms.ActiveCfg = Debug .NET 2.0|Any CPU
		{B3B20AC3-680D-41E0-94C2-8113577CE703}.Debug .NET 2.0|Mixed Platforms.Build.0 = Debug .NET 2.0|Any CPU
		{B3B20AC3-680D-41E0-94C2-8113577CE703}.Debug .NET 2.0|Win32.ActiveCfg = Debug .NET 2.0|Any CPU
		{B3B20AC3-680D-41E0-94C2-8113577CE703}.Debug .NET 2.0|x86.ActiveCfg = Debug .NET 2.0|Any CPU
		{B3B20AC3-680D-41E0-94C2-8113577CE703}.Debug|Any CPU.ActiveCfg = Debug|Any CPU
		{B3B20AC3-680D-41E0-94C2-8113577CE703}.Debug|Any CPU.Build.0 = Debug|Any CPU
		{B3B20AC3-680D-41E0-94C2-8113577CE703}.Debug|Mixed Platforms.ActiveCfg = Debug|Any CPU
		{B3B20AC3-680D-41E0-94C2-8113577CE703}.Debug|Mixed Platforms.Build.0 = Debug|Any CPU
		{B3B20AC3-680D-41E0-94C2-8113577CE703}.Debug|Win32.ActiveCfg = Debug|Any CPU
		{B3B20AC3-680D-41E0-94C2-8113577CE703}.Debug|x86.ActiveCfg = Debug|Any CPU
		{B3B20AC3-680D-41E0-94C2-8113577CE703}.Release|Any CPU.ActiveCfg = Release|Any CPU
		{B3B20AC3-680D-41E0-94C2-8113577CE703}.Release|Any CPU.Build.0 = Release|Any CPU
		{B3B20AC3-680D-41E0-94C2-8113577CE703}.Release|Mixed Platforms.ActiveCfg = Release|Any CPU
		{B3B20AC3-680D-41E0-94C2-8113577CE703}.Release|Mixed Platforms.Build.0 = Release|Any CPU
		{B3B20AC3-680D-41E0-94C2-8113577CE703}.Release|Win32.ActiveCfg = Release|Any CPU
		{B3B20AC3-680D-41E0-94C2-8113577CE703}.Release|x86.ActiveCfg = Release|Any CPU
		{5AA8327F-FA0E-4951-8F90-63D15480042A}.Debug .NET 2.0|Any CPU.ActiveCfg = Debug .NET 2.0|Any CPU
		{5AA8327F-FA0E-4951-8F90-63D15480042A}.Debug .NET 2.0|Any CPU.Build.0 = Debug .NET 2.0|Any CPU
		{5AA8327F-FA0E-4951-8F90-63D15480042A}.Debug .NET 2.0|Mixed Platforms.ActiveCfg = Debug .NET 2.0|Any CPU
		{5AA8327F-FA0E-4951-8F90-63D15480042A}.Debug .NET 2.0|Mixed Platforms.Build.0 = Debug .NET 2.0|Any CPU
		{5AA8327F-FA0E-4951-8F90-63D15480042A}.Debug .NET 2.0|Win32.ActiveCfg = Debug .NET 2.0|Any CPU
		{5AA8327F-FA0E-4951-8F90-63D15480042A}.Debug .NET 2.0|x86.ActiveCfg = Debug .NET 2.0|Any CPU
		{5AA8327F-FA0E-4951-8F90-63D15480042A}.Debug|Any CPU.ActiveCfg = Debug|Any CPU
		{5AA8327F-FA0E-4951-8F90-63D15480042A}.Debug|Any CPU.Build.0 = Debug|Any CPU
		{5AA8327F-FA0E-4951-8F90-63D15480042A}.Debug|Mixed Platforms.ActiveCfg = Debug|Any CPU
		{5AA8327F-FA0E-4951-8F90-63D15480042A}.Debug|Mixed Platforms.Build.0 = Debug|Any CPU
		{5AA8327F-FA0E-4951-8F90-63D15480042A}.Debug|Win32.ActiveCfg = Debug|Any CPU
		{5AA8327F-FA0E-4951-8F90-63D15480042A}.Debug|x86.ActiveCfg = Debug|Any CPU
		{5AA8327F-FA0E-4951-8F90-63D15480042A}.Release|Any CPU.ActiveCfg = Release|Any CPU
		{5AA8327F-FA0E-4951-8F90-63D15480042A}.Release|Any CPU.Build.0 = Release|Any CPU
		{5AA8327F-FA0E-4951-8F90-63D15480042A}.Release|Mixed Platforms.ActiveCfg = Release|Any CPU
		{5AA8327F-FA0E-4951-8F90-63D15480042A}.Release|Mixed Platforms.Build.0 = Release|Any CPU
		{5AA8327F-FA0E-4951-8F90-63D15480042A}.Release|Win32.ActiveCfg = Release|Any CPU
		{5AA8327F-FA0E-4951-8F90-63D15480042A}.Release|x86.ActiveCfg = Release|Any CPU
		{2FAAC41D-B020-4BD3-BE37-48E8A7D850A9}.Debug .NET 2.0|Any CPU.ActiveCfg = Debug .NET 2.0|Any CPU
		{2FAAC41D-B020-4BD3-BE37-48E8A7D850A9}.Debug .NET 2.0|Any CPU.Build.0 = Debug .NET 2.0|Any CPU
		{2FAAC41D-B020-4BD3-BE37-48E8A7D850A9}.Debug .NET 2.0|Mixed Platforms.ActiveCfg = Debug .NET 2.0|Any CPU
		{2FAAC41D-B020-4BD3-BE37-48E8A7D850A9}.Debug .NET 2.0|Mixed Platforms.Build.0 = Debug .NET 2.0|Any CPU
		{2FAAC41D-B020-4BD3-BE37-48E8A7D850A9}.Debug .NET 2.0|Win32.ActiveCfg = Debug .NET 2.0|Any CPU
		{2FAAC41D-B020-4BD3-BE37-48E8A7D850A9}.Debug .NET 2.0|x86.ActiveCfg = Debug .NET 2.0|Any CPU
		{2FAAC41D-B020-4BD3-BE37-48E8A7D850A9}.Debug|Any CPU.ActiveCfg = Debug|Any CPU
		{2FAAC41D-B020-4BD3-BE37-48E8A7D850A9}.Debug|Any CPU.Build.0 = Debug|Any CPU
		{2FAAC41D-B020-4BD3-BE37-48E8A7D850A9}.Debug|Mixed Platforms.ActiveCfg = Debug|Any CPU
		{2FAAC41D-B020-4BD3-BE37-48E8A7D850A9}.Debug|Mixed Platforms.Build.0 = Debug|Any CPU
		{2FAAC41D-B020-4BD3-BE37-48E8A7D850A9}.Debug|Win32.ActiveCfg = Debug|Any CPU
		{2FAAC41D-B020-4BD3-BE37-48E8A7D850A9}.Debug|x86.ActiveCfg = Debug|Any CPU
		{2FAAC41D-B020-4BD3-BE37-48E8A7D850A9}.Release|Any CPU.ActiveCfg = Release|Any CPU
		{2FAAC41D-B020-4BD3-BE37-48E8A7D850A9}.Release|Any CPU.Build.0 = Release|Any CPU
		{2FAAC41D-B020-4BD3-BE37-48E8A7D850A9}.Release|Mixed Platforms.ActiveCfg = Release|Any CPU
		{2FAAC41D-B020-4BD3-BE37-48E8A7D850A9}.Release|Mixed Platforms.Build.0 = Release|Any CPU
		{2FAAC41D-B020-4BD3-BE37-48E8A7D850A9}.Release|Win32.ActiveCfg = Release|Any CPU
		{2FAAC41D-B020-4BD3-BE37-48E8A7D850A9}.Release|x86.ActiveCfg = Release|Any CPU
		{FF4203B6-50D1-4915-9BBA-E0B57EA07D13}.Debug .NET 2.0|Any CPU.ActiveCfg = Debug .NET 2.0|Any CPU
		{FF4203B6-50D1-4915-9BBA-E0B57EA07D13}.Debug .NET 2.0|Any CPU.Build.0 = Debug .NET 2.0|Any CPU
		{FF4203B6-50D1-4915-9BBA-E0B57EA07D13}.Debug .NET 2.0|Mixed Platforms.ActiveCfg = Debug .NET 2.0|Any CPU
		{FF4203B6-50D1-4915-9BBA-E0B57EA07D13}.Debug .NET 2.0|Mixed Platforms.Build.0 = Debug .NET 2.0|Any CPU
		{FF4203B6-50D1-4915-9BBA-E0B57EA07D13}.Debug .NET 2.0|Win32.ActiveCfg = Debug .NET 2.0|Any CPU
		{FF4203B6-50D1-4915-9BBA-E0B57EA07D13}.Debug .NET 2.0|x86.ActiveCfg = Debug .NET 2.0|Any CPU
		{FF4203B6-50D1-4915-9BBA-E0B57EA07D13}.Debug|Any CPU.ActiveCfg = Debug|Any CPU
		{FF4203B6-50D1-4915-9BBA-E0B57EA07D13}.Debug|Any CPU.Build.0 = Debug|Any CPU
		{FF4203B6-50D1-4915-9BBA-E0B57EA07D13}.Debug|Mixed Platforms.ActiveCfg = Debug|Any CPU
		{FF4203B6-50D1-4915-9BBA-E0B57EA07D13}.Debug|Mixed Platforms.Build.0 = Debug|Any CPU
		{FF4203B6-50D1-4915-9BBA-E0B57EA07D13}.Debug|Win32.ActiveCfg = Debug|Any CPU
		{FF4203B6-50D1-4915-9BBA-E0B57EA07D13}.Debug|x86.ActiveCfg = Debug|Any CPU
		{FF4203B6-50D1-4915-9BBA-E0B57EA07D13}.Release|Any CPU.ActiveCfg = Release|Any CPU
		{FF4203B6-50D1-4915-9BBA-E0B57EA07D13}.Release|Any CPU.Build.0 = Release|Any CPU
		{FF4203B6-50D1-4915-9BBA-E0B57EA07D13}.Release|Mixed Platforms.ActiveCfg = Release|Any CPU
		{FF4203B6-50D1-4915-9BBA-E0B57EA07D13}.Release|Mixed Platforms.Build.0 = Release|Any CPU
		{FF4203B6-50D1-4915-9BBA-E0B57EA07D13}.Release|Win32.ActiveCfg = Release|Any CPU
		{FF4203B6-50D1-4915-9BBA-E0B57EA07D13}.Release|x86.ActiveCfg = Release|Any CPU
		{E5D2658F-7D33-48DF-9263-D740F821AE20}.Debug .NET 2.0|Any CPU.ActiveCfg = Debug .NET 2.0|Any CPU
		{E5D2658F-7D33-48DF-9263-D740F821AE20}.Debug .NET 2.0|Any CPU.Build.0 = Debug .NET 2.0|Any CPU
		{E5D2658F-7D33-48DF-9263-D740F821AE20}.Debug .NET 2.0|Mixed Platforms.ActiveCfg = Debug .NET 2.0|Any CPU
		{E5D2658F-7D33-48DF-9263-D740F821AE20}.Debug .NET 2.0|Mixed Platforms.Build.0 = Debug .NET 2.0|Any CPU
		{E5D2658F-7D33-48DF-9263-D740F821AE20}.Debug .NET 2.0|Win32.ActiveCfg = Debug .NET 2.0|Any CPU
		{E5D2658F-7D33-48DF-9263-D740F821AE20}.Debug .NET 2.0|x86.ActiveCfg = Debug .NET 2.0|Any CPU
		{E5D2658F-7D33-48DF-9263-D740F821AE20}.Debug|Any CPU.ActiveCfg = Debug|Any CPU
		{E5D2658F-7D33-48DF-9263-D740F821AE20}.Debug|Any CPU.Build.0 = Debug|Any CPU
		{E5D2658F-7D33-48DF-9263-D740F821AE20}.Debug|Mixed Platforms.ActiveCfg = Debug|Any CPU
		{E5D2658F-7D33-48DF-9263-D740F821AE20}.Debug|Mixed Platforms.Build.0 = Debug|Any CPU
		{E5D2658F-7D33-48DF-9263-D740F821AE20}.Debug|Win32.ActiveCfg = Debug|Any CPU
		{E5D2658F-7D33-48DF-9263-D740F821AE20}.Debug|x86.ActiveCfg = Debug|Any CPU
		{E5D2658F-7D33-48DF-9263-D740F821AE20}.Release|Any CPU.ActiveCfg = Release|Any CPU
		{E5D2658F-7D33-48DF-9263-D740F821AE20}.Release|Any CPU.Build.0 = Release|Any CPU
		{E5D2658F-7D33-48DF-9263-D740F821AE20}.Release|Mixed Platforms.ActiveCfg = Release|Any CPU
		{E5D2658F-7D33-48DF-9263-D740F821AE20}.Release|Mixed Platforms.Build.0 = Release|Any CPU
		{E5D2658F-7D33-48DF-9263-D740F821AE20}.Release|Win32.ActiveCfg = Release|Any CPU
		{E5D2658F-7D33-48DF-9263-D740F821AE20}.Release|x86.ActiveCfg = Release|Any CPU
		{A459BF1A-923E-410B-8B2C-02F969930A6D}.Debug .NET 2.0|Any CPU.ActiveCfg = Debug .NET 2.0|Any CPU
		{A459BF1A-923E-410B-8B2C-02F969930A6D}.Debug .NET 2.0|Any CPU.Build.0 = Debug .NET 2.0|Any CPU
		{A459BF1A-923E-410B-8B2C-02F969930A6D}.Debug .NET 2.0|Mixed Platforms.ActiveCfg = Debug .NET 2.0|Any CPU
		{A459BF1A-923E-410B-8B2C-02F969930A6D}.Debug .NET 2.0|Mixed Platforms.Build.0 = Debug .NET 2.0|Any CPU
		{A459BF1A-923E-410B-8B2C-02F969930A6D}.Debug .NET 2.0|Win32.ActiveCfg = Debug .NET 2.0|Any CPU
		{A459BF1A-923E-410B-8B2C-02F969930A6D}.Debug .NET 2.0|x86.ActiveCfg = Debug .NET 2.0|Any CPU
		{A459BF1A-923E-410B-8B2C-02F969930A6D}.Debug|Any CPU.ActiveCfg = Debug|Any CPU
		{A459BF1A-923E-410B-8B2C-02F969930A6D}.Debug|Any CPU.Build.0 = Debug|Any CPU
		{A459BF1A-923E-410B-8B2C-02F969930A6D}.Debug|Mixed Platforms.ActiveCfg = Debug|Any CPU
		{A459BF1A-923E-410B-8B2C-02F969930A6D}.Debug|Mixed Platforms.Build.0 = Debug|Any CPU
		{A459BF1A-923E-410B-8B2C-02F969930A6D}.Debug|Win32.ActiveCfg = Debug|Any CPU
		{A459BF1A-923E-410B-8B2C-02F969930A6D}.Debug|x86.ActiveCfg = Debug|Any CPU
		{A459BF1A-923E-410B-8B2C-02F969930A6D}.Release|Any CPU.ActiveCfg = Release|Any CPU
		{A459BF1A-923E-410B-8B2C-02F969930A6D}.Release|Any CPU.Build.0 = Release|Any CPU
		{A459BF1A-923E-410B-8B2C-02F969930A6D}.Release|Mixed Platforms.ActiveCfg = Release|Any CPU
		{A459BF1A-923E-410B-8B2C-02F969930A6D}.Release|Mixed Platforms.Build.0 = Release|Any CPU
		{A459BF1A-923E-410B-8B2C-02F969930A6D}.Release|Win32.ActiveCfg = Release|Any CPU
		{A459BF1A-923E-410B-8B2C-02F969930A6D}.Release|x86.ActiveCfg = Release|Any CPU
		{1CFC6987-C967-442F-B0AC-05632037022B}.Debug .NET 2.0|Any CPU.ActiveCfg = Debug|Any CPU
		{1CFC6987-C967-442F-B0AC-05632037022B}.Debug .NET 2.0|Any CPU.Build.0 = Debug|Any CPU
		{1CFC6987-C967-442F-B0AC-05632037022B}.Debug .NET 2.0|Mixed Platforms.ActiveCfg = Debug|Any CPU
		{1CFC6987-C967-442F-B0AC-05632037022B}.Debug .NET 2.0|Mixed Platforms.Build.0 = Debug|Any CPU
		{1CFC6987-C967-442F-B0AC-05632037022B}.Debug .NET 2.0|Win32.ActiveCfg = Debug|Any CPU
		{1CFC6987-C967-442F-B0AC-05632037022B}.Debug .NET 2.0|x86.ActiveCfg = Debug|Any CPU
		{1CFC6987-C967-442F-B0AC-05632037022B}.Debug|Any CPU.ActiveCfg = Debug|Any CPU
		{1CFC6987-C967-442F-B0AC-05632037022B}.Debug|Any CPU.Build.0 = Debug|Any CPU
		{1CFC6987-C967-442F-B0AC-05632037022B}.Debug|Mixed Platforms.ActiveCfg = Debug|Any CPU
		{1CFC6987-C967-442F-B0AC-05632037022B}.Debug|Mixed Platforms.Build.0 = Debug|Any CPU
		{1CFC6987-C967-442F-B0AC-05632037022B}.Debug|Win32.ActiveCfg = Debug|Any CPU
		{1CFC6987-C967-442F-B0AC-05632037022B}.Debug|x86.ActiveCfg = Debug|Any CPU
		{1CFC6987-C967-442F-B0AC-05632037022B}.Release|Any CPU.ActiveCfg = Release|Any CPU
		{1CFC6987-C967-442F-B0AC-05632037022B}.Release|Any CPU.Build.0 = Release|Any CPU
		{1CFC6987-C967-442F-B0AC-05632037022B}.Release|Mixed Platforms.ActiveCfg = Release|Any CPU
		{1CFC6987-C967-442F-B0AC-05632037022B}.Release|Mixed Platforms.Build.0 = Release|Any CPU
		{1CFC6987-C967-442F-B0AC-05632037022B}.Release|Win32.ActiveCfg = Release|Any CPU
		{1CFC6987-C967-442F-B0AC-05632037022B}.Release|x86.ActiveCfg = Release|Any CPU
		{28FBE9C0-881E-4BF0-BDFA-4F8BB9E31083}.Debug .NET 2.0|Any CPU.ActiveCfg = Debug .NET 2.0|Any CPU
		{28FBE9C0-881E-4BF0-BDFA-4F8BB9E31083}.Debug .NET 2.0|Any CPU.Build.0 = Debug .NET 2.0|Any CPU
		{28FBE9C0-881E-4BF0-BDFA-4F8BB9E31083}.Debug .NET 2.0|Mixed Platforms.ActiveCfg = Debug .NET 2.0|Any CPU
		{28FBE9C0-881E-4BF0-BDFA-4F8BB9E31083}.Debug .NET 2.0|Mixed Platforms.Build.0 = Debug .NET 2.0|Any CPU
		{28FBE9C0-881E-4BF0-BDFA-4F8BB9E31083}.Debug .NET 2.0|Win32.ActiveCfg = Debug .NET 2.0|Any CPU
		{28FBE9C0-881E-4BF0-BDFA-4F8BB9E31083}.Debug .NET 2.0|x86.ActiveCfg = Debug .NET 2.0|Any CPU
		{28FBE9C0-881E-4BF0-BDFA-4F8BB9E31083}.Debug|Any CPU.ActiveCfg = Debug|Any CPU
		{28FBE9C0-881E-4BF0-BDFA-4F8BB9E31083}.Debug|Any CPU.Build.0 = Debug|Any CPU
		{28FBE9C0-881E-4BF0-BDFA-4F8BB9E31083}.Debug|Mixed Platforms.ActiveCfg = Debug|Any CPU
		{28FBE9C0-881E-4BF0-BDFA-4F8BB9E31083}.Debug|Mixed Platforms.Build.0 = Debug|Any CPU
		{28FBE9C0-881E-4BF0-BDFA-4F8BB9E31083}.Debug|Win32.ActiveCfg = Debug|Any CPU
		{28FBE9C0-881E-4BF0-BDFA-4F8BB9E31083}.Debug|x86.ActiveCfg = Debug|Any CPU
		{28FBE9C0-881E-4BF0-BDFA-4F8BB9E31083}.Release|Any CPU.ActiveCfg = Release|Any CPU
		{28FBE9C0-881E-4BF0-BDFA-4F8BB9E31083}.Release|Any CPU.Build.0 = Release|Any CPU
		{28FBE9C0-881E-4BF0-BDFA-4F8BB9E31083}.Release|Mixed Platforms.ActiveCfg = Release|Any CPU
		{28FBE9C0-881E-4BF0-BDFA-4F8BB9E31083}.Release|Mixed Platforms.Build.0 = Release|Any CPU
		{28FBE9C0-881E-4BF0-BDFA-4F8BB9E31083}.Release|Win32.ActiveCfg = Release|Any CPU
		{28FBE9C0-881E-4BF0-BDFA-4F8BB9E31083}.Release|x86.ActiveCfg = Release|Any CPU
		{BBBFCDFF-5A53-4B82-80CB-B98B2EC1B349}.Debug .NET 2.0|Any CPU.ActiveCfg = Debug .NET 2.0|Any CPU
		{BBBFCDFF-5A53-4B82-80CB-B98B2EC1B349}.Debug .NET 2.0|Any CPU.Build.0 = Debug .NET 2.0|Any CPU
		{BBBFCDFF-5A53-4B82-80CB-B98B2EC1B349}.Debug .NET 2.0|Mixed Platforms.ActiveCfg = Debug .NET 2.0|Any CPU
		{BBBFCDFF-5A53-4B82-80CB-B98B2EC1B349}.Debug .NET 2.0|Mixed Platforms.Build.0 = Debug .NET 2.0|Any CPU
		{BBBFCDFF-5A53-4B82-80CB-B98B2EC1B349}.Debug .NET 2.0|Win32.ActiveCfg = Debug .NET 2.0|Any CPU
		{BBBFCDFF-5A53-4B82-80CB-B98B2EC1B349}.Debug .NET 2.0|x86.ActiveCfg = Debug .NET 2.0|Any CPU
		{BBBFCDFF-5A53-4B82-80CB-B98B2EC1B349}.Debug|Any CPU.ActiveCfg = Debug|Any CPU
		{BBBFCDFF-5A53-4B82-80CB-B98B2EC1B349}.Debug|Any CPU.Build.0 = Debug|Any CPU
		{BBBFCDFF-5A53-4B82-80CB-B98B2EC1B349}.Debug|Mixed Platforms.ActiveCfg = Debug|Any CPU
		{BBBFCDFF-5A53-4B82-80CB-B98B2EC1B349}.Debug|Mixed Platforms.Build.0 = Debug|Any CPU
		{BBBFCDFF-5A53-4B82-80CB-B98B2EC1B349}.Debug|Win32.ActiveCfg = Debug|Any CPU
		{BBBFCDFF-5A53-4B82-80CB-B98B2EC1B349}.Debug|x86.ActiveCfg = Debug|Any CPU
		{BBBFCDFF-5A53-4B82-80CB-B98B2EC1B349}.Release|Any CPU.ActiveCfg = Release|Any CPU
		{BBBFCDFF-5A53-4B82-80CB-B98B2EC1B349}.Release|Any CPU.Build.0 = Release|Any CPU
		{BBBFCDFF-5A53-4B82-80CB-B98B2EC1B349}.Release|Mixed Platforms.ActiveCfg = Release|Any CPU
		{BBBFCDFF-5A53-4B82-80CB-B98B2EC1B349}.Release|Mixed Platforms.Build.0 = Release|Any CPU
		{BBBFCDFF-5A53-4B82-80CB-B98B2EC1B349}.Release|Win32.ActiveCfg = Release|Any CPU
		{BBBFCDFF-5A53-4B82-80CB-B98B2EC1B349}.Release|x86.ActiveCfg = Release|Any CPU
		{C757AD58-605D-4480-BC2E-03E8076368B2}.Debug .NET 2.0|Any CPU.ActiveCfg = Debug .NET 2.0|Any CPU
		{C757AD58-605D-4480-BC2E-03E8076368B2}.Debug .NET 2.0|Any CPU.Build.0 = Debug .NET 2.0|Any CPU
		{C757AD58-605D-4480-BC2E-03E8076368B2}.Debug .NET 2.0|Mixed Platforms.ActiveCfg = Debug .NET 2.0|Any CPU
		{C757AD58-605D-4480-BC2E-03E8076368B2}.Debug .NET 2.0|Mixed Platforms.Build.0 = Debug .NET 2.0|Any CPU
		{C757AD58-605D-4480-BC2E-03E8076368B2}.Debug .NET 2.0|Win32.ActiveCfg = Debug .NET 2.0|Any CPU
		{C757AD58-605D-4480-BC2E-03E8076368B2}.Debug .NET 2.0|x86.ActiveCfg = Debug .NET 2.0|Any CPU
		{C757AD58-605D-4480-BC2E-03E8076368B2}.Debug|Any CPU.ActiveCfg = Debug|Any CPU
		{C757AD58-605D-4480-BC2E-03E8076368B2}.Debug|Any CPU.Build.0 = Debug|Any CPU
		{C757AD58-605D-4480-BC2E-03E8076368B2}.Debug|Mixed Platforms.ActiveCfg = Debug|Any CPU
		{C757AD58-605D-4480-BC2E-03E8076368B2}.Debug|Mixed Platforms.Build.0 = Debug|Any CPU
		{C757AD58-605D-4480-BC2E-03E8076368B2}.Debug|Win32.ActiveCfg = Debug|Any CPU
		{C757AD58-605D-4480-BC2E-03E8076368B2}.Debug|x86.ActiveCfg = Debug|Any CPU
		{C757AD58-605D-4480-BC2E-03E8076368B2}.Release|Any CPU.ActiveCfg = Release|Any CPU
		{C757AD58-605D-4480-BC2E-03E8076368B2}.Release|Any CPU.Build.0 = Release|Any CPU
		{C757AD58-605D-4480-BC2E-03E8076368B2}.Release|Mixed Platforms.ActiveCfg = Release|Any CPU
		{C757AD58-605D-4480-BC2E-03E8076368B2}.Release|Mixed Platforms.Build.0 = Release|Any CPU
		{C757AD58-605D-4480-BC2E-03E8076368B2}.Release|Win32.ActiveCfg = Release|Any CPU
		{C757AD58-605D-4480-BC2E-03E8076368B2}.Release|x86.ActiveCfg = Release|Any CPU
		{BA604F89-53C1-4228-AC76-5D5E68205029}.Debug .NET 2.0|Any CPU.ActiveCfg = Debug .NET 2.0|Any CPU
		{BA604F89-53C1-4228-AC76-5D5E68205029}.Debug .NET 2.0|Any CPU.Build.0 = Debug .NET 2.0|Any CPU
		{BA604F89-53C1-4228-AC76-5D5E68205029}.Debug .NET 2.0|Mixed Platforms.ActiveCfg = Debug .NET 2.0|Any CPU
		{BA604F89-53C1-4228-AC76-5D5E68205029}.Debug .NET 2.0|Mixed Platforms.Build.0 = Debug .NET 2.0|Any CPU
		{BA604F89-53C1-4228-AC76-5D5E68205029}.Debug .NET 2.0|Win32.ActiveCfg = Debug .NET 2.0|Any CPU
		{BA604F89-53C1-4228-AC76-5D5E68205029}.Debug .NET 2.0|x86.ActiveCfg = Debug .NET 2.0|Any CPU
		{BA604F89-53C1-4228-AC76-5D5E68205029}.Debug|Any CPU.ActiveCfg = Debug|Any CPU
		{BA604F89-53C1-4228-AC76-5D5E68205029}.Debug|Any CPU.Build.0 = Debug|Any CPU
		{BA604F89-53C1-4228-AC76-5D5E68205029}.Debug|Mixed Platforms.ActiveCfg = Debug|Any CPU
		{BA604F89-53C1-4228-AC76-5D5E68205029}.Debug|Mixed Platforms.Build.0 = Debug|Any CPU
		{BA604F89-53C1-4228-AC76-5D5E68205029}.Debug|Win32.ActiveCfg = Debug|Any CPU
		{BA604F89-53C1-4228-AC76-5D5E68205029}.Debug|x86.ActiveCfg = Debug|Any CPU
		{BA604F89-53C1-4228-AC76-5D5E68205029}.Release|Any CPU.ActiveCfg = Release|Any CPU
		{BA604F89-53C1-4228-AC76-5D5E68205029}.Release|Any CPU.Build.0 = Release|Any CPU
		{BA604F89-53C1-4228-AC76-5D5E68205029}.Release|Mixed Platforms.ActiveCfg = Release|Any CPU
		{BA604F89-53C1-4228-AC76-5D5E68205029}.Release|Mixed Platforms.Build.0 = Release|Any CPU
		{BA604F89-53C1-4228-AC76-5D5E68205029}.Release|Win32.ActiveCfg = Release|Any CPU
		{BA604F89-53C1-4228-AC76-5D5E68205029}.Release|x86.ActiveCfg = Release|Any CPU
		{76C4BB36-308A-483E-9D6C-3401C96D2AD6}.Debug .NET 2.0|Any CPU.ActiveCfg = Debug .NET 2.0|Any CPU
		{76C4BB36-308A-483E-9D6C-3401C96D2AD6}.Debug .NET 2.0|Any CPU.Build.0 = Debug .NET 2.0|Any CPU
		{76C4BB36-308A-483E-9D6C-3401C96D2AD6}.Debug .NET 2.0|Mixed Platforms.ActiveCfg = Debug .NET 2.0|Any CPU
		{76C4BB36-308A-483E-9D6C-3401C96D2AD6}.Debug .NET 2.0|Mixed Platforms.Build.0 = Debug .NET 2.0|Any CPU
		{76C4BB36-308A-483E-9D6C-3401C96D2AD6}.Debug .NET 2.0|Win32.ActiveCfg = Debug .NET 2.0|Any CPU
		{76C4BB36-308A-483E-9D6C-3401C96D2AD6}.Debug .NET 2.0|x86.ActiveCfg = Debug .NET 2.0|Any CPU
		{76C4BB36-308A-483E-9D6C-3401C96D2AD6}.Debug|Any CPU.ActiveCfg = Debug|Any CPU
		{76C4BB36-308A-483E-9D6C-3401C96D2AD6}.Debug|Any CPU.Build.0 = Debug|Any CPU
		{76C4BB36-308A-483E-9D6C-3401C96D2AD6}.Debug|Mixed Platforms.ActiveCfg = Debug|Any CPU
		{76C4BB36-308A-483E-9D6C-3401C96D2AD6}.Debug|Mixed Platforms.Build.0 = Debug|Any CPU
		{76C4BB36-308A-483E-9D6C-3401C96D2AD6}.Debug|Win32.ActiveCfg = Debug|Any CPU
		{76C4BB36-308A-483E-9D6C-3401C96D2AD6}.Debug|x86.ActiveCfg = Debug|Any CPU
		{76C4BB36-308A-483E-9D6C-3401C96D2AD6}.Release|Any CPU.ActiveCfg = Release|Any CPU
		{76C4BB36-308A-483E-9D6C-3401C96D2AD6}.Release|Any CPU.Build.0 = Release|Any CPU
		{76C4BB36-308A-483E-9D6C-3401C96D2AD6}.Release|Mixed Platforms.ActiveCfg = Release|Any CPU
		{76C4BB36-308A-483E-9D6C-3401C96D2AD6}.Release|Mixed Platforms.Build.0 = Release|Any CPU
		{76C4BB36-308A-483E-9D6C-3401C96D2AD6}.Release|Win32.ActiveCfg = Release|Any CPU
		{76C4BB36-308A-483E-9D6C-3401C96D2AD6}.Release|x86.ActiveCfg = Release|Any CPU
		{543293D0-CAFB-4431-8202-6C6D5FF5403A}.Debug .NET 2.0|Any CPU.ActiveCfg = Debug .NET 2.0|Any CPU
		{543293D0-CAFB-4431-8202-6C6D5FF5403A}.Debug .NET 2.0|Any CPU.Build.0 = Debug .NET 2.0|Any CPU
		{543293D0-CAFB-4431-8202-6C6D5FF5403A}.Debug .NET 2.0|Mixed Platforms.ActiveCfg = Debug .NET 2.0|Any CPU
		{543293D0-CAFB-4431-8202-6C6D5FF5403A}.Debug .NET 2.0|Mixed Platforms.Build.0 = Debug .NET 2.0|Any CPU
		{543293D0-CAFB-4431-8202-6C6D5FF5403A}.Debug .NET 2.0|Win32.ActiveCfg = Debug .NET 2.0|Any CPU
		{543293D0-CAFB-4431-8202-6C6D5FF5403A}.Debug .NET 2.0|x86.ActiveCfg = Debug .NET 2.0|Any CPU
		{543293D0-CAFB-4431-8202-6C6D5FF5403A}.Debug|Any CPU.ActiveCfg = Debug|Any CPU
		{543293D0-CAFB-4431-8202-6C6D5FF5403A}.Debug|Any CPU.Build.0 = Debug|Any CPU
		{543293D0-CAFB-4431-8202-6C6D5FF5403A}.Debug|Mixed Platforms.ActiveCfg = Debug|Any CPU
		{543293D0-CAFB-4431-8202-6C6D5FF5403A}.Debug|Mixed Platforms.Build.0 = Debug|Any CPU
		{543293D0-CAFB-4431-8202-6C6D5FF5403A}.Debug|Win32.ActiveCfg = Debug|Any CPU
		{543293D0-CAFB-4431-8202-6C6D5FF5403A}.Debug|x86.ActiveCfg = Debug|Any CPU
		{543293D0-CAFB-4431-8202-6C6D5FF5403A}.Release|Any CPU.ActiveCfg = Release|Any CPU
		{543293D0-CAFB-4431-8202-6C6D5FF5403A}.Release|Any CPU.Build.0 = Release|Any CPU
		{543293D0-CAFB-4431-8202-6C6D5FF5403A}.Release|Mixed Platforms.ActiveCfg = Release|Any CPU
		{543293D0-CAFB-4431-8202-6C6D5FF5403A}.Release|Mixed Platforms.Build.0 = Release|Any CPU
		{543293D0-CAFB-4431-8202-6C6D5FF5403A}.Release|Win32.ActiveCfg = Release|Any CPU
		{543293D0-CAFB-4431-8202-6C6D5FF5403A}.Release|x86.ActiveCfg = Release|Any CPU
		{91DA0241-F084-40C5-B76E-0240884D1841}.Debug .NET 2.0|Any CPU.ActiveCfg = Debug|Any CPU
		{91DA0241-F084-40C5-B76E-0240884D1841}.Debug .NET 2.0|Any CPU.Build.0 = Debug|Any CPU
		{91DA0241-F084-40C5-B76E-0240884D1841}.Debug .NET 2.0|Mixed Platforms.ActiveCfg = Debug|Any CPU
		{91DA0241-F084-40C5-B76E-0240884D1841}.Debug .NET 2.0|Mixed Platforms.Build.0 = Debug|Any CPU
		{91DA0241-F084-40C5-B76E-0240884D1841}.Debug .NET 2.0|Win32.ActiveCfg = Debug|Any CPU
		{91DA0241-F084-40C5-B76E-0240884D1841}.Debug .NET 2.0|x86.ActiveCfg = Debug|Any CPU
		{91DA0241-F084-40C5-B76E-0240884D1841}.Debug|Any CPU.ActiveCfg = Debug|Any CPU
		{91DA0241-F084-40C5-B76E-0240884D1841}.Debug|Any CPU.Build.0 = Debug|Any CPU
		{91DA0241-F084-40C5-B76E-0240884D1841}.Debug|Mixed Platforms.ActiveCfg = Debug|Any CPU
		{91DA0241-F084-40C5-B76E-0240884D1841}.Debug|Mixed Platforms.Build.0 = Debug|Any CPU
		{91DA0241-F084-40C5-B76E-0240884D1841}.Debug|Win32.ActiveCfg = Debug|Any CPU
		{91DA0241-F084-40C5-B76E-0240884D1841}.Debug|x86.ActiveCfg = Debug|Any CPU
		{91DA0241-F084-40C5-B76E-0240884D1841}.Release|Any CPU.ActiveCfg = Release|Any CPU
		{91DA0241-F084-40C5-B76E-0240884D1841}.Release|Any CPU.Build.0 = Release|Any CPU
		{91DA0241-F084-40C5-B76E-0240884D1841}.Release|Mixed Platforms.ActiveCfg = Release|Any CPU
		{91DA0241-F084-40C5-B76E-0240884D1841}.Release|Mixed Platforms.Build.0 = Release|Any CPU
		{91DA0241-F084-40C5-B76E-0240884D1841}.Release|Win32.ActiveCfg = Release|Any CPU
		{91DA0241-F084-40C5-B76E-0240884D1841}.Release|x86.ActiveCfg = Release|Any CPU
		{527D3555-0B76-4E86-9EE0-443CC97061F0}.Debug .NET 2.0|Any CPU.ActiveCfg = Debug .NET 2.0|Any CPU
		{527D3555-0B76-4E86-9EE0-443CC97061F0}.Debug .NET 2.0|Any CPU.Build.0 = Debug .NET 2.0|Any CPU
		{527D3555-0B76-4E86-9EE0-443CC97061F0}.Debug .NET 2.0|Mixed Platforms.ActiveCfg = Debug .NET 2.0|x86
		{527D3555-0B76-4E86-9EE0-443CC97061F0}.Debug .NET 2.0|Mixed Platforms.Build.0 = Debug .NET 2.0|x86
		{527D3555-0B76-4E86-9EE0-443CC97061F0}.Debug .NET 2.0|Win32.ActiveCfg = Debug .NET 2.0|x86
		{527D3555-0B76-4E86-9EE0-443CC97061F0}.Debug .NET 2.0|x86.ActiveCfg = Debug .NET 2.0|x86
		{527D3555-0B76-4E86-9EE0-443CC97061F0}.Debug .NET 2.0|x86.Build.0 = Debug .NET 2.0|x86
		{527D3555-0B76-4E86-9EE0-443CC97061F0}.Debug|Any CPU.ActiveCfg = Debug|Any CPU
		{527D3555-0B76-4E86-9EE0-443CC97061F0}.Debug|Any CPU.Build.0 = Debug|Any CPU
		{527D3555-0B76-4E86-9EE0-443CC97061F0}.Debug|Mixed Platforms.ActiveCfg = Debug|x86
		{527D3555-0B76-4E86-9EE0-443CC97061F0}.Debug|Mixed Platforms.Build.0 = Debug|x86
		{527D3555-0B76-4E86-9EE0-443CC97061F0}.Debug|Win32.ActiveCfg = Debug|x86
		{527D3555-0B76-4E86-9EE0-443CC97061F0}.Debug|x86.ActiveCfg = Debug|x86
		{527D3555-0B76-4E86-9EE0-443CC97061F0}.Debug|x86.Build.0 = Debug|x86
		{527D3555-0B76-4E86-9EE0-443CC97061F0}.Release|Any CPU.ActiveCfg = Release|Any CPU
		{527D3555-0B76-4E86-9EE0-443CC97061F0}.Release|Any CPU.Build.0 = Release|Any CPU
		{527D3555-0B76-4E86-9EE0-443CC97061F0}.Release|Mixed Platforms.ActiveCfg = Release|x86
		{527D3555-0B76-4E86-9EE0-443CC97061F0}.Release|Mixed Platforms.Build.0 = Release|x86
		{527D3555-0B76-4E86-9EE0-443CC97061F0}.Release|Win32.ActiveCfg = Release|x86
		{527D3555-0B76-4E86-9EE0-443CC97061F0}.Release|x86.ActiveCfg = Release|x86
		{527D3555-0B76-4E86-9EE0-443CC97061F0}.Release|x86.Build.0 = Release|x86
		{5FC1F7F5-74B3-4C6D-9EED-2F6B00CD9338}.Debug .NET 2.0|Any CPU.ActiveCfg = Debug .NET 2.0|Any CPU
		{5FC1F7F5-74B3-4C6D-9EED-2F6B00CD9338}.Debug .NET 2.0|Any CPU.Build.0 = Debug .NET 2.0|Any CPU
		{5FC1F7F5-74B3-4C6D-9EED-2F6B00CD9338}.Debug .NET 2.0|Mixed Platforms.ActiveCfg = Debug .NET 2.0|Any CPU
		{5FC1F7F5-74B3-4C6D-9EED-2F6B00CD9338}.Debug .NET 2.0|Mixed Platforms.Build.0 = Debug .NET 2.0|Any CPU
		{5FC1F7F5-74B3-4C6D-9EED-2F6B00CD9338}.Debug .NET 2.0|Win32.ActiveCfg = Debug .NET 2.0|Any CPU
		{5FC1F7F5-74B3-4C6D-9EED-2F6B00CD9338}.Debug .NET 2.0|x86.ActiveCfg = Debug .NET 2.0|Any CPU
		{5FC1F7F5-74B3-4C6D-9EED-2F6B00CD9338}.Debug|Any CPU.ActiveCfg = Debug|Any CPU
		{5FC1F7F5-74B3-4C6D-9EED-2F6B00CD9338}.Debug|Any CPU.Build.0 = Debug|Any CPU
		{5FC1F7F5-74B3-4C6D-9EED-2F6B00CD9338}.Debug|Mixed Platforms.ActiveCfg = Debug|Any CPU
		{5FC1F7F5-74B3-4C6D-9EED-2F6B00CD9338}.Debug|Mixed Platforms.Build.0 = Debug|Any CPU
		{5FC1F7F5-74B3-4C6D-9EED-2F6B00CD9338}.Debug|Win32.ActiveCfg = Debug|Any CPU
		{5FC1F7F5-74B3-4C6D-9EED-2F6B00CD9338}.Debug|x86.ActiveCfg = Debug|Any CPU
		{5FC1F7F5-74B3-4C6D-9EED-2F6B00CD9338}.Release|Any CPU.ActiveCfg = Release|Any CPU
		{5FC1F7F5-74B3-4C6D-9EED-2F6B00CD9338}.Release|Any CPU.Build.0 = Release|Any CPU
		{5FC1F7F5-74B3-4C6D-9EED-2F6B00CD9338}.Release|Mixed Platforms.ActiveCfg = Release|Any CPU
		{5FC1F7F5-74B3-4C6D-9EED-2F6B00CD9338}.Release|Mixed Platforms.Build.0 = Release|Any CPU
		{5FC1F7F5-74B3-4C6D-9EED-2F6B00CD9338}.Release|Win32.ActiveCfg = Release|Any CPU
		{5FC1F7F5-74B3-4C6D-9EED-2F6B00CD9338}.Release|x86.ActiveCfg = Release|Any CPU
		{D4CE4659-71D4-49B3-89F6-50A543F601FD}.Debug .NET 2.0|Any CPU.ActiveCfg = Debug .NET 2.0|Any CPU
		{D4CE4659-71D4-49B3-89F6-50A543F601FD}.Debug .NET 2.0|Any CPU.Build.0 = Debug .NET 2.0|Any CPU
		{D4CE4659-71D4-49B3-89F6-50A543F601FD}.Debug .NET 2.0|Mixed Platforms.ActiveCfg = Debug .NET 2.0|Any CPU
		{D4CE4659-71D4-49B3-89F6-50A543F601FD}.Debug .NET 2.0|Mixed Platforms.Build.0 = Debug .NET 2.0|Any CPU
		{D4CE4659-71D4-49B3-89F6-50A543F601FD}.Debug .NET 2.0|Win32.ActiveCfg = Debug .NET 2.0|Any CPU
		{D4CE4659-71D4-49B3-89F6-50A543F601FD}.Debug .NET 2.0|x86.ActiveCfg = Debug .NET 2.0|Any CPU
		{D4CE4659-71D4-49B3-89F6-50A543F601FD}.Debug|Any CPU.ActiveCfg = Debug|Any CPU
		{D4CE4659-71D4-49B3-89F6-50A543F601FD}.Debug|Any CPU.Build.0 = Debug|Any CPU
		{D4CE4659-71D4-49B3-89F6-50A543F601FD}.Debug|Mixed Platforms.ActiveCfg = Debug|Any CPU
		{D4CE4659-71D4-49B3-89F6-50A543F601FD}.Debug|Mixed Platforms.Build.0 = Debug|Any CPU
		{D4CE4659-71D4-49B3-89F6-50A543F601FD}.Debug|Win32.ActiveCfg = Debug|Any CPU
		{D4CE4659-71D4-49B3-89F6-50A543F601FD}.Debug|x86.ActiveCfg = Debug|Any CPU
		{D4CE4659-71D4-49B3-89F6-50A543F601FD}.Release|Any CPU.ActiveCfg = Release|Any CPU
		{D4CE4659-71D4-49B3-89F6-50A543F601FD}.Release|Any CPU.Build.0 = Release|Any CPU
		{D4CE4659-71D4-49B3-89F6-50A543F601FD}.Release|Mixed Platforms.ActiveCfg = Release|Any CPU
		{D4CE4659-71D4-49B3-89F6-50A543F601FD}.Release|Mixed Platforms.Build.0 = Release|Any CPU
		{D4CE4659-71D4-49B3-89F6-50A543F601FD}.Release|Win32.ActiveCfg = Release|Any CPU
		{D4CE4659-71D4-49B3-89F6-50A543F601FD}.Release|x86.ActiveCfg = Release|Any CPU
		{6DEB5DF9-EDAB-4943-9B19-48A57E6AEAEC}.Debug .NET 2.0|Any CPU.ActiveCfg = Debug .NET 2.0|Win32
		{6DEB5DF9-EDAB-4943-9B19-48A57E6AEAEC}.Debug .NET 2.0|Mixed Platforms.ActiveCfg = Debug .NET 2.0|Win32
		{6DEB5DF9-EDAB-4943-9B19-48A57E6AEAEC}.Debug .NET 2.0|Mixed Platforms.Build.0 = Debug .NET 2.0|Win32
		{6DEB5DF9-EDAB-4943-9B19-48A57E6AEAEC}.Debug .NET 2.0|Win32.ActiveCfg = Debug .NET 2.0|Win32
		{6DEB5DF9-EDAB-4943-9B19-48A57E6AEAEC}.Debug .NET 2.0|Win32.Build.0 = Debug .NET 2.0|Win32
		{6DEB5DF9-EDAB-4943-9B19-48A57E6AEAEC}.Debug .NET 2.0|x86.ActiveCfg = Debug .NET 2.0|Win32
		{6DEB5DF9-EDAB-4943-9B19-48A57E6AEAEC}.Debug|Any CPU.ActiveCfg = Debug|Win32
		{6DEB5DF9-EDAB-4943-9B19-48A57E6AEAEC}.Debug|Mixed Platforms.ActiveCfg = Debug|Win32
		{6DEB5DF9-EDAB-4943-9B19-48A57E6AEAEC}.Debug|Mixed Platforms.Build.0 = Debug|Win32
		{6DEB5DF9-EDAB-4943-9B19-48A57E6AEAEC}.Debug|Win32.ActiveCfg = Debug|Win32
		{6DEB5DF9-EDAB-4943-9B19-48A57E6AEAEC}.Debug|Win32.Build.0 = Debug|Win32
		{6DEB5DF9-EDAB-4943-9B19-48A57E6AEAEC}.Debug|x86.ActiveCfg = Debug|Win32
		{6DEB5DF9-EDAB-4943-9B19-48A57E6AEAEC}.Release|Any CPU.ActiveCfg = Release|Win32
		{6DEB5DF9-EDAB-4943-9B19-48A57E6AEAEC}.Release|Mixed Platforms.ActiveCfg = Release|Win32
		{6DEB5DF9-EDAB-4943-9B19-48A57E6AEAEC}.Release|Mixed Platforms.Build.0 = Release|Win32
		{6DEB5DF9-EDAB-4943-9B19-48A57E6AEAEC}.Release|Win32.ActiveCfg = Release|Win32
		{6DEB5DF9-EDAB-4943-9B19-48A57E6AEAEC}.Release|Win32.Build.0 = Release|Win32
		{6DEB5DF9-EDAB-4943-9B19-48A57E6AEAEC}.Release|x86.ActiveCfg = Release|Win32
		{BC0605F1-C986-4B52-AE21-AAE545FCB970}.Debug .NET 2.0|Any CPU.ActiveCfg = Debug|Any CPU
		{BC0605F1-C986-4B52-AE21-AAE545FCB970}.Debug .NET 2.0|Any CPU.Build.0 = Debug|Any CPU
		{BC0605F1-C986-4B52-AE21-AAE545FCB970}.Debug .NET 2.0|Mixed Platforms.ActiveCfg = Debug|Any CPU
		{BC0605F1-C986-4B52-AE21-AAE545FCB970}.Debug .NET 2.0|Mixed Platforms.Build.0 = Debug|Any CPU
		{BC0605F1-C986-4B52-AE21-AAE545FCB970}.Debug .NET 2.0|Win32.ActiveCfg = Debug|Any CPU
		{BC0605F1-C986-4B52-AE21-AAE545FCB970}.Debug .NET 2.0|x86.ActiveCfg = Debug|Any CPU
		{BC0605F1-C986-4B52-AE21-AAE545FCB970}.Debug|Any CPU.ActiveCfg = Debug|Any CPU
		{BC0605F1-C986-4B52-AE21-AAE545FCB970}.Debug|Any CPU.Build.0 = Debug|Any CPU
		{BC0605F1-C986-4B52-AE21-AAE545FCB970}.Debug|Mixed Platforms.ActiveCfg = Debug|Any CPU
		{BC0605F1-C986-4B52-AE21-AAE545FCB970}.Debug|Mixed Platforms.Build.0 = Debug|Any CPU
		{BC0605F1-C986-4B52-AE21-AAE545FCB970}.Debug|Win32.ActiveCfg = Debug|Any CPU
		{BC0605F1-C986-4B52-AE21-AAE545FCB970}.Debug|x86.ActiveCfg = Debug|Any CPU
		{BC0605F1-C986-4B52-AE21-AAE545FCB970}.Release|Any CPU.ActiveCfg = Release|Any CPU
		{BC0605F1-C986-4B52-AE21-AAE545FCB970}.Release|Any CPU.Build.0 = Release|Any CPU
		{BC0605F1-C986-4B52-AE21-AAE545FCB970}.Release|Mixed Platforms.ActiveCfg = Release|Any CPU
		{BC0605F1-C986-4B52-AE21-AAE545FCB970}.Release|Mixed Platforms.Build.0 = Release|Any CPU
		{BC0605F1-C986-4B52-AE21-AAE545FCB970}.Release|Win32.ActiveCfg = Release|Any CPU
		{BC0605F1-C986-4B52-AE21-AAE545FCB970}.Release|x86.ActiveCfg = Release|Any CPU
		{608DCEB5-9004-44C6-B221-755E9D95FBB2}.Debug .NET 2.0|Any CPU.ActiveCfg = Debug|Any CPU
		{608DCEB5-9004-44C6-B221-755E9D95FBB2}.Debug .NET 2.0|Any CPU.Build.0 = Debug|Any CPU
		{608DCEB5-9004-44C6-B221-755E9D95FBB2}.Debug .NET 2.0|Mixed Platforms.ActiveCfg = Debug|Any CPU
		{608DCEB5-9004-44C6-B221-755E9D95FBB2}.Debug .NET 2.0|Mixed Platforms.Build.0 = Debug|Any CPU
		{608DCEB5-9004-44C6-B221-755E9D95FBB2}.Debug .NET 2.0|Win32.ActiveCfg = Debug|Any CPU
		{608DCEB5-9004-44C6-B221-755E9D95FBB2}.Debug .NET 2.0|x86.ActiveCfg = Debug|Any CPU
		{608DCEB5-9004-44C6-B221-755E9D95FBB2}.Debug|Any CPU.ActiveCfg = Debug|Any CPU
		{608DCEB5-9004-44C6-B221-755E9D95FBB2}.Debug|Any CPU.Build.0 = Debug|Any CPU
		{608DCEB5-9004-44C6-B221-755E9D95FBB2}.Debug|Mixed Platforms.ActiveCfg = Debug|Any CPU
		{608DCEB5-9004-44C6-B221-755E9D95FBB2}.Debug|Mixed Platforms.Build.0 = Debug|Any CPU
		{608DCEB5-9004-44C6-B221-755E9D95FBB2}.Debug|Win32.ActiveCfg = Debug|Any CPU
		{608DCEB5-9004-44C6-B221-755E9D95FBB2}.Debug|x86.ActiveCfg = Debug|Any CPU
		{608DCEB5-9004-44C6-B221-755E9D95FBB2}.Release|Any CPU.ActiveCfg = Release|Any CPU
		{608DCEB5-9004-44C6-B221-755E9D95FBB2}.Release|Any CPU.Build.0 = Release|Any CPU
		{608DCEB5-9004-44C6-B221-755E9D95FBB2}.Release|Mixed Platforms.ActiveCfg = Release|Any CPU
		{608DCEB5-9004-44C6-B221-755E9D95FBB2}.Release|Mixed Platforms.Build.0 = Release|Any CPU
		{608DCEB5-9004-44C6-B221-755E9D95FBB2}.Release|Win32.ActiveCfg = Release|Any CPU
		{608DCEB5-9004-44C6-B221-755E9D95FBB2}.Release|x86.ActiveCfg = Release|Any CPU
		{3401E72C-6D2B-49AF-BD88-4178B370D33F}.Debug .NET 2.0|Any CPU.ActiveCfg = Debug|x86
		{3401E72C-6D2B-49AF-BD88-4178B370D33F}.Debug .NET 2.0|Mixed Platforms.ActiveCfg = Debug|x86
		{3401E72C-6D2B-49AF-BD88-4178B370D33F}.Debug .NET 2.0|Mixed Platforms.Build.0 = Debug|x86
		{3401E72C-6D2B-49AF-BD88-4178B370D33F}.Debug .NET 2.0|Win32.ActiveCfg = Debug|x86
		{3401E72C-6D2B-49AF-BD88-4178B370D33F}.Debug .NET 2.0|x86.ActiveCfg = Debug|x86
		{3401E72C-6D2B-49AF-BD88-4178B370D33F}.Debug .NET 2.0|x86.Build.0 = Debug|x86
		{3401E72C-6D2B-49AF-BD88-4178B370D33F}.Debug|Any CPU.ActiveCfg = Debug|x86
		{3401E72C-6D2B-49AF-BD88-4178B370D33F}.Debug|Mixed Platforms.ActiveCfg = Debug|x86
		{3401E72C-6D2B-49AF-BD88-4178B370D33F}.Debug|Mixed Platforms.Build.0 = Debug|x86
		{3401E72C-6D2B-49AF-BD88-4178B370D33F}.Debug|Win32.ActiveCfg = Debug|x86
		{3401E72C-6D2B-49AF-BD88-4178B370D33F}.Debug|x86.ActiveCfg = Debug|x86
		{3401E72C-6D2B-49AF-BD88-4178B370D33F}.Debug|x86.Build.0 = Debug|x86
		{3401E72C-6D2B-49AF-BD88-4178B370D33F}.Release|Any CPU.ActiveCfg = Release|x86
		{3401E72C-6D2B-49AF-BD88-4178B370D33F}.Release|Mixed Platforms.ActiveCfg = Release|x86
		{3401E72C-6D2B-49AF-BD88-4178B370D33F}.Release|Mixed Platforms.Build.0 = Release|x86
		{3401E72C-6D2B-49AF-BD88-4178B370D33F}.Release|Win32.ActiveCfg = Release|x86
		{3401E72C-6D2B-49AF-BD88-4178B370D33F}.Release|x86.ActiveCfg = Release|x86
		{3401E72C-6D2B-49AF-BD88-4178B370D33F}.Release|x86.Build.0 = Release|x86
		{F5EA8D13-3119-4563-BC77-9E9D6CE94148}.Debug .NET 2.0|Any CPU.ActiveCfg = Debug|Any CPU
		{F5EA8D13-3119-4563-BC77-9E9D6CE94148}.Debug .NET 2.0|Any CPU.Build.0 = Debug|Any CPU
		{F5EA8D13-3119-4563-BC77-9E9D6CE94148}.Debug .NET 2.0|Mixed Platforms.ActiveCfg = Debug|Any CPU
		{F5EA8D13-3119-4563-BC77-9E9D6CE94148}.Debug .NET 2.0|Mixed Platforms.Build.0 = Debug|Any CPU
		{F5EA8D13-3119-4563-BC77-9E9D6CE94148}.Debug .NET 2.0|Win32.ActiveCfg = Debug|Any CPU
		{F5EA8D13-3119-4563-BC77-9E9D6CE94148}.Debug .NET 2.0|x86.ActiveCfg = Debug|Any CPU
		{F5EA8D13-3119-4563-BC77-9E9D6CE94148}.Debug|Any CPU.ActiveCfg = Debug|Any CPU
		{F5EA8D13-3119-4563-BC77-9E9D6CE94148}.Debug|Any CPU.Build.0 = Debug|Any CPU
		{F5EA8D13-3119-4563-BC77-9E9D6CE94148}.Debug|Mixed Platforms.ActiveCfg = Debug|Any CPU
		{F5EA8D13-3119-4563-BC77-9E9D6CE94148}.Debug|Mixed Platforms.Build.0 = Debug|Any CPU
		{F5EA8D13-3119-4563-BC77-9E9D6CE94148}.Debug|Win32.ActiveCfg = Debug|Any CPU
		{F5EA8D13-3119-4563-BC77-9E9D6CE94148}.Debug|x86.ActiveCfg = Debug|Any CPU
		{F5EA8D13-3119-4563-BC77-9E9D6CE94148}.Release|Any CPU.ActiveCfg = Release|Any CPU
		{F5EA8D13-3119-4563-BC77-9E9D6CE94148}.Release|Any CPU.Build.0 = Release|Any CPU
		{F5EA8D13-3119-4563-BC77-9E9D6CE94148}.Release|Mixed Platforms.ActiveCfg = Release|Any CPU
		{F5EA8D13-3119-4563-BC77-9E9D6CE94148}.Release|Mixed Platforms.Build.0 = Release|Any CPU
		{F5EA8D13-3119-4563-BC77-9E9D6CE94148}.Release|Win32.ActiveCfg = Release|Any CPU
		{F5EA8D13-3119-4563-BC77-9E9D6CE94148}.Release|x86.ActiveCfg = Release|Any CPU
		{AA11E634-2A75-45C1-868D-7B7C045C80C3}.Debug .NET 2.0|Any CPU.ActiveCfg = Debug|Any CPU
		{AA11E634-2A75-45C1-868D-7B7C045C80C3}.Debug .NET 2.0|Any CPU.Build.0 = Debug|Any CPU
		{AA11E634-2A75-45C1-868D-7B7C045C80C3}.Debug .NET 2.0|Mixed Platforms.ActiveCfg = Debug|Any CPU
		{AA11E634-2A75-45C1-868D-7B7C045C80C3}.Debug .NET 2.0|Mixed Platforms.Build.0 = Debug|Any CPU
		{AA11E634-2A75-45C1-868D-7B7C045C80C3}.Debug .NET 2.0|Win32.ActiveCfg = Debug|Any CPU
		{AA11E634-2A75-45C1-868D-7B7C045C80C3}.Debug .NET 2.0|x86.ActiveCfg = Debug|Any CPU
		{AA11E634-2A75-45C1-868D-7B7C045C80C3}.Debug|Any CPU.ActiveCfg = Debug|Any CPU
		{AA11E634-2A75-45C1-868D-7B7C045C80C3}.Debug|Any CPU.Build.0 = Debug|Any CPU
		{AA11E634-2A75-45C1-868D-7B7C045C80C3}.Debug|Mixed Platforms.ActiveCfg = Debug|Any CPU
		{AA11E634-2A75-45C1-868D-7B7C045C80C3}.Debug|Mixed Platforms.Build.0 = Debug|Any CPU
		{AA11E634-2A75-45C1-868D-7B7C045C80C3}.Debug|Win32.ActiveCfg = Debug|Any CPU
		{AA11E634-2A75-45C1-868D-7B7C045C80C3}.Debug|x86.ActiveCfg = Debug|Any CPU
		{AA11E634-2A75-45C1-868D-7B7C045C80C3}.Release|Any CPU.ActiveCfg = Release|Any CPU
		{AA11E634-2A75-45C1-868D-7B7C045C80C3}.Release|Any CPU.Build.0 = Release|Any CPU
		{AA11E634-2A75-45C1-868D-7B7C045C80C3}.Release|Mixed Platforms.ActiveCfg = Release|Any CPU
		{AA11E634-2A75-45C1-868D-7B7C045C80C3}.Release|Mixed Platforms.Build.0 = Release|Any CPU
		{AA11E634-2A75-45C1-868D-7B7C045C80C3}.Release|Win32.ActiveCfg = Release|Any CPU
		{AA11E634-2A75-45C1-868D-7B7C045C80C3}.Release|x86.ActiveCfg = Release|Any CPU
		{539FF5AF-51A0-44DB-8771-910482BCF2E2}.Debug .NET 2.0|Any CPU.ActiveCfg = Debug|Any CPU
		{539FF5AF-51A0-44DB-8771-910482BCF2E2}.Debug .NET 2.0|Any CPU.Build.0 = Debug|Any CPU
		{539FF5AF-51A0-44DB-8771-910482BCF2E2}.Debug .NET 2.0|Mixed Platforms.ActiveCfg = Debug|Any CPU
		{539FF5AF-51A0-44DB-8771-910482BCF2E2}.Debug .NET 2.0|Mixed Platforms.Build.0 = Debug|Any CPU
		{539FF5AF-51A0-44DB-8771-910482BCF2E2}.Debug .NET 2.0|Win32.ActiveCfg = Debug|Any CPU
		{539FF5AF-51A0-44DB-8771-910482BCF2E2}.Debug .NET 2.0|x86.ActiveCfg = Debug|Any CPU
		{539FF5AF-51A0-44DB-8771-910482BCF2E2}.Debug|Any CPU.ActiveCfg = Debug|Any CPU
		{539FF5AF-51A0-44DB-8771-910482BCF2E2}.Debug|Any CPU.Build.0 = Debug|Any CPU
		{539FF5AF-51A0-44DB-8771-910482BCF2E2}.Debug|Mixed Platforms.ActiveCfg = Debug|Any CPU
		{539FF5AF-51A0-44DB-8771-910482BCF2E2}.Debug|Mixed Platforms.Build.0 = Debug|Any CPU
		{539FF5AF-51A0-44DB-8771-910482BCF2E2}.Debug|Win32.ActiveCfg = Debug|Any CPU
		{539FF5AF-51A0-44DB-8771-910482BCF2E2}.Debug|x86.ActiveCfg = Debug|Any CPU
		{539FF5AF-51A0-44DB-8771-910482BCF2E2}.Release|Any CPU.ActiveCfg = Release|Any CPU
		{539FF5AF-51A0-44DB-8771-910482BCF2E2}.Release|Any CPU.Build.0 = Release|Any CPU
		{539FF5AF-51A0-44DB-8771-910482BCF2E2}.Release|Mixed Platforms.ActiveCfg = Release|Any CPU
		{539FF5AF-51A0-44DB-8771-910482BCF2E2}.Release|Mixed Platforms.Build.0 = Release|Any CPU
		{539FF5AF-51A0-44DB-8771-910482BCF2E2}.Release|Win32.ActiveCfg = Release|Any CPU
		{539FF5AF-51A0-44DB-8771-910482BCF2E2}.Release|x86.ActiveCfg = Release|Any CPU
		{E70C6F16-A0BF-439B-845D-87B164510AA0}.Debug .NET 2.0|Any CPU.ActiveCfg = Debug|Any CPU
		{E70C6F16-A0BF-439B-845D-87B164510AA0}.Debug .NET 2.0|Any CPU.Build.0 = Debug|Any CPU
		{E70C6F16-A0BF-439B-845D-87B164510AA0}.Debug .NET 2.0|Mixed Platforms.ActiveCfg = Debug|Any CPU
		{E70C6F16-A0BF-439B-845D-87B164510AA0}.Debug .NET 2.0|Mixed Platforms.Build.0 = Debug|Any CPU
		{E70C6F16-A0BF-439B-845D-87B164510AA0}.Debug .NET 2.0|Win32.ActiveCfg = Debug|Any CPU
		{E70C6F16-A0BF-439B-845D-87B164510AA0}.Debug .NET 2.0|x86.ActiveCfg = Debug|Any CPU
		{E70C6F16-A0BF-439B-845D-87B164510AA0}.Debug|Any CPU.ActiveCfg = Debug|Any CPU
		{E70C6F16-A0BF-439B-845D-87B164510AA0}.Debug|Any CPU.Build.0 = Debug|Any CPU
		{E70C6F16-A0BF-439B-845D-87B164510AA0}.Debug|Mixed Platforms.ActiveCfg = Debug|Any CPU
		{E70C6F16-A0BF-439B-845D-87B164510AA0}.Debug|Mixed Platforms.Build.0 = Debug|Any CPU
		{E70C6F16-A0BF-439B-845D-87B164510AA0}.Debug|Win32.ActiveCfg = Debug|Any CPU
		{E70C6F16-A0BF-439B-845D-87B164510AA0}.Debug|x86.ActiveCfg = Debug|Any CPU
		{E70C6F16-A0BF-439B-845D-87B164510AA0}.Release|Any CPU.ActiveCfg = Release|Any CPU
		{E70C6F16-A0BF-439B-845D-87B164510AA0}.Release|Any CPU.Build.0 = Release|Any CPU
		{E70C6F16-A0BF-439B-845D-87B164510AA0}.Release|Mixed Platforms.ActiveCfg = Release|Any CPU
		{E70C6F16-A0BF-439B-845D-87B164510AA0}.Release|Mixed Platforms.Build.0 = Release|Any CPU
		{E70C6F16-A0BF-439B-845D-87B164510AA0}.Release|Win32.ActiveCfg = Release|Any CPU
		{E70C6F16-A0BF-439B-845D-87B164510AA0}.Release|x86.ActiveCfg = Release|Any CPU
		{97CAFD8C-770C-4ABC-BF65-86D87354FFD1}.Debug .NET 2.0|Any CPU.ActiveCfg = Debug|Any CPU
		{97CAFD8C-770C-4ABC-BF65-86D87354FFD1}.Debug .NET 2.0|Any CPU.Build.0 = Debug|Any CPU
		{97CAFD8C-770C-4ABC-BF65-86D87354FFD1}.Debug .NET 2.0|Mixed Platforms.ActiveCfg = Debug|Any CPU
		{97CAFD8C-770C-4ABC-BF65-86D87354FFD1}.Debug .NET 2.0|Mixed Platforms.Build.0 = Debug|Any CPU
		{97CAFD8C-770C-4ABC-BF65-86D87354FFD1}.Debug .NET 2.0|Win32.ActiveCfg = Debug|Any CPU
		{97CAFD8C-770C-4ABC-BF65-86D87354FFD1}.Debug .NET 2.0|x86.ActiveCfg = Debug|Any CPU
		{97CAFD8C-770C-4ABC-BF65-86D87354FFD1}.Debug|Any CPU.ActiveCfg = Debug|Any CPU
		{97CAFD8C-770C-4ABC-BF65-86D87354FFD1}.Debug|Any CPU.Build.0 = Debug|Any CPU
		{97CAFD8C-770C-4ABC-BF65-86D87354FFD1}.Debug|Mixed Platforms.ActiveCfg = Debug|Any CPU
		{97CAFD8C-770C-4ABC-BF65-86D87354FFD1}.Debug|Mixed Platforms.Build.0 = Debug|Any CPU
		{97CAFD8C-770C-4ABC-BF65-86D87354FFD1}.Debug|Win32.ActiveCfg = Debug|Any CPU
		{97CAFD8C-770C-4ABC-BF65-86D87354FFD1}.Debug|x86.ActiveCfg = Debug|Any CPU
		{97CAFD8C-770C-4ABC-BF65-86D87354FFD1}.Release|Any CPU.ActiveCfg = Release|Any CPU
		{97CAFD8C-770C-4ABC-BF65-86D87354FFD1}.Release|Any CPU.Build.0 = Release|Any CPU
		{97CAFD8C-770C-4ABC-BF65-86D87354FFD1}.Release|Mixed Platforms.ActiveCfg = Release|Any CPU
		{97CAFD8C-770C-4ABC-BF65-86D87354FFD1}.Release|Mixed Platforms.Build.0 = Release|Any CPU
		{97CAFD8C-770C-4ABC-BF65-86D87354FFD1}.Release|Win32.ActiveCfg = Release|Any CPU
		{97CAFD8C-770C-4ABC-BF65-86D87354FFD1}.Release|x86.ActiveCfg = Release|Any CPU
		{B79C6B74-CEDB-4242-AAFF-18DCF45B259C}.Debug .NET 2.0|Any CPU.ActiveCfg = Debug|Any CPU
		{B79C6B74-CEDB-4242-AAFF-18DCF45B259C}.Debug .NET 2.0|Any CPU.Build.0 = Debug|Any CPU
		{B79C6B74-CEDB-4242-AAFF-18DCF45B259C}.Debug .NET 2.0|Mixed Platforms.ActiveCfg = Debug|Any CPU
		{B79C6B74-CEDB-4242-AAFF-18DCF45B259C}.Debug .NET 2.0|Mixed Platforms.Build.0 = Debug|Any CPU
		{B79C6B74-CEDB-4242-AAFF-18DCF45B259C}.Debug .NET 2.0|Win32.ActiveCfg = Debug|Any CPU
		{B79C6B74-CEDB-4242-AAFF-18DCF45B259C}.Debug .NET 2.0|x86.ActiveCfg = Debug|Any CPU
		{B79C6B74-CEDB-4242-AAFF-18DCF45B259C}.Debug|Any CPU.ActiveCfg = Debug|Any CPU
		{B79C6B74-CEDB-4242-AAFF-18DCF45B259C}.Debug|Any CPU.Build.0 = Debug|Any CPU
		{B79C6B74-CEDB-4242-AAFF-18DCF45B259C}.Debug|Mixed Platforms.ActiveCfg = Debug|Any CPU
		{B79C6B74-CEDB-4242-AAFF-18DCF45B259C}.Debug|Mixed Platforms.Build.0 = Debug|Any CPU
		{B79C6B74-CEDB-4242-AAFF-18DCF45B259C}.Debug|Win32.ActiveCfg = Debug|Any CPU
		{B79C6B74-CEDB-4242-AAFF-18DCF45B259C}.Debug|x86.ActiveCfg = Debug|Any CPU
		{B79C6B74-CEDB-4242-AAFF-18DCF45B259C}.Release|Any CPU.ActiveCfg = Release|Any CPU
		{B79C6B74-CEDB-4242-AAFF-18DCF45B259C}.Release|Any CPU.Build.0 = Release|Any CPU
		{B79C6B74-CEDB-4242-AAFF-18DCF45B259C}.Release|Mixed Platforms.ActiveCfg = Release|Any CPU
		{B79C6B74-CEDB-4242-AAFF-18DCF45B259C}.Release|Mixed Platforms.Build.0 = Release|Any CPU
		{B79C6B74-CEDB-4242-AAFF-18DCF45B259C}.Release|Win32.ActiveCfg = Release|Any CPU
		{B79C6B74-CEDB-4242-AAFF-18DCF45B259C}.Release|x86.ActiveCfg = Release|Any CPU
		{0B7976F1-6ABB-45EA-93AA-1A0740AFE87F}.Debug .NET 2.0|Any CPU.ActiveCfg = Debug|Any CPU
		{0B7976F1-6ABB-45EA-93AA-1A0740AFE87F}.Debug .NET 2.0|Any CPU.Build.0 = Debug|Any CPU
		{0B7976F1-6ABB-45EA-93AA-1A0740AFE87F}.Debug .NET 2.0|Mixed Platforms.ActiveCfg = Debug|Any CPU
		{0B7976F1-6ABB-45EA-93AA-1A0740AFE87F}.Debug .NET 2.0|Mixed Platforms.Build.0 = Debug|Any CPU
		{0B7976F1-6ABB-45EA-93AA-1A0740AFE87F}.Debug .NET 2.0|Win32.ActiveCfg = Debug|Any CPU
		{0B7976F1-6ABB-45EA-93AA-1A0740AFE87F}.Debug .NET 2.0|x86.ActiveCfg = Debug|Any CPU
		{0B7976F1-6ABB-45EA-93AA-1A0740AFE87F}.Debug|Any CPU.ActiveCfg = Debug|Any CPU
		{0B7976F1-6ABB-45EA-93AA-1A0740AFE87F}.Debug|Any CPU.Build.0 = Debug|Any CPU
		{0B7976F1-6ABB-45EA-93AA-1A0740AFE87F}.Debug|Mixed Platforms.ActiveCfg = Debug|Any CPU
		{0B7976F1-6ABB-45EA-93AA-1A0740AFE87F}.Debug|Mixed Platforms.Build.0 = Debug|Any CPU
		{0B7976F1-6ABB-45EA-93AA-1A0740AFE87F}.Debug|Win32.ActiveCfg = Debug|Any CPU
		{0B7976F1-6ABB-45EA-93AA-1A0740AFE87F}.Debug|x86.ActiveCfg = Debug|Any CPU
		{0B7976F1-6ABB-45EA-93AA-1A0740AFE87F}.Release|Any CPU.ActiveCfg = Release|Any CPU
		{0B7976F1-6ABB-45EA-93AA-1A0740AFE87F}.Release|Any CPU.Build.0 = Release|Any CPU
		{0B7976F1-6ABB-45EA-93AA-1A0740AFE87F}.Release|Mixed Platforms.ActiveCfg = Release|Any CPU
		{0B7976F1-6ABB-45EA-93AA-1A0740AFE87F}.Release|Mixed Platforms.Build.0 = Release|Any CPU
		{0B7976F1-6ABB-45EA-93AA-1A0740AFE87F}.Release|Win32.ActiveCfg = Release|Any CPU
		{0B7976F1-6ABB-45EA-93AA-1A0740AFE87F}.Release|x86.ActiveCfg = Release|Any CPU
		{5D9704AF-69C1-4E71-8DF3-4455DC41D731}.Debug .NET 2.0|Any CPU.ActiveCfg = Debug|Any CPU
		{5D9704AF-69C1-4E71-8DF3-4455DC41D731}.Debug .NET 2.0|Any CPU.Build.0 = Debug|Any CPU
		{5D9704AF-69C1-4E71-8DF3-4455DC41D731}.Debug .NET 2.0|Mixed Platforms.ActiveCfg = Debug|Any CPU
		{5D9704AF-69C1-4E71-8DF3-4455DC41D731}.Debug .NET 2.0|Mixed Platforms.Build.0 = Debug|Any CPU
		{5D9704AF-69C1-4E71-8DF3-4455DC41D731}.Debug .NET 2.0|Win32.ActiveCfg = Debug|Any CPU
		{5D9704AF-69C1-4E71-8DF3-4455DC41D731}.Debug .NET 2.0|x86.ActiveCfg = Debug|Any CPU
		{5D9704AF-69C1-4E71-8DF3-4455DC41D731}.Debug|Any CPU.ActiveCfg = Debug|Any CPU
		{5D9704AF-69C1-4E71-8DF3-4455DC41D731}.Debug|Any CPU.Build.0 = Debug|Any CPU
		{5D9704AF-69C1-4E71-8DF3-4455DC41D731}.Debug|Mixed Platforms.ActiveCfg = Debug|Any CPU
		{5D9704AF-69C1-4E71-8DF3-4455DC41D731}.Debug|Mixed Platforms.Build.0 = Debug|Any CPU
		{5D9704AF-69C1-4E71-8DF3-4455DC41D731}.Debug|Win32.ActiveCfg = Debug|Any CPU
		{5D9704AF-69C1-4E71-8DF3-4455DC41D731}.Debug|x86.ActiveCfg = Debug|Any CPU
		{5D9704AF-69C1-4E71-8DF3-4455DC41D731}.Release|Any CPU.ActiveCfg = Release|Any CPU
		{5D9704AF-69C1-4E71-8DF3-4455DC41D731}.Release|Any CPU.Build.0 = Release|Any CPU
		{5D9704AF-69C1-4E71-8DF3-4455DC41D731}.Release|Mixed Platforms.ActiveCfg = Release|Any CPU
		{5D9704AF-69C1-4E71-8DF3-4455DC41D731}.Release|Mixed Platforms.Build.0 = Release|Any CPU
		{5D9704AF-69C1-4E71-8DF3-4455DC41D731}.Release|Win32.ActiveCfg = Release|Any CPU
		{5D9704AF-69C1-4E71-8DF3-4455DC41D731}.Release|x86.ActiveCfg = Release|Any CPU
		{AE911461-2EFC-435D-B7AD-1F0DE07EE251}.Debug .NET 2.0|Any CPU.ActiveCfg = Debug|Any CPU
		{AE911461-2EFC-435D-B7AD-1F0DE07EE251}.Debug .NET 2.0|Any CPU.Build.0 = Debug|Any CPU
		{AE911461-2EFC-435D-B7AD-1F0DE07EE251}.Debug .NET 2.0|Mixed Platforms.ActiveCfg = Debug|Any CPU
		{AE911461-2EFC-435D-B7AD-1F0DE07EE251}.Debug .NET 2.0|Mixed Platforms.Build.0 = Debug|Any CPU
		{AE911461-2EFC-435D-B7AD-1F0DE07EE251}.Debug .NET 2.0|Win32.ActiveCfg = Debug|Any CPU
		{AE911461-2EFC-435D-B7AD-1F0DE07EE251}.Debug .NET 2.0|x86.ActiveCfg = Debug|Any CPU
		{AE911461-2EFC-435D-B7AD-1F0DE07EE251}.Debug|Any CPU.ActiveCfg = Debug|Any CPU
		{AE911461-2EFC-435D-B7AD-1F0DE07EE251}.Debug|Any CPU.Build.0 = Debug|Any CPU
		{AE911461-2EFC-435D-B7AD-1F0DE07EE251}.Debug|Mixed Platforms.ActiveCfg = Debug|Any CPU
		{AE911461-2EFC-435D-B7AD-1F0DE07EE251}.Debug|Mixed Platforms.Build.0 = Debug|Any CPU
		{AE911461-2EFC-435D-B7AD-1F0DE07EE251}.Debug|Win32.ActiveCfg = Debug|Any CPU
		{AE911461-2EFC-435D-B7AD-1F0DE07EE251}.Debug|x86.ActiveCfg = Debug|Any CPU
		{AE911461-2EFC-435D-B7AD-1F0DE07EE251}.Release|Any CPU.ActiveCfg = Release|Any CPU
		{AE911461-2EFC-435D-B7AD-1F0DE07EE251}.Release|Any CPU.Build.0 = Release|Any CPU
		{AE911461-2EFC-435D-B7AD-1F0DE07EE251}.Release|Mixed Platforms.ActiveCfg = Release|Any CPU
		{AE911461-2EFC-435D-B7AD-1F0DE07EE251}.Release|Mixed Platforms.Build.0 = Release|Any CPU
		{AE911461-2EFC-435D-B7AD-1F0DE07EE251}.Release|Win32.ActiveCfg = Release|Any CPU
		{AE911461-2EFC-435D-B7AD-1F0DE07EE251}.Release|x86.ActiveCfg = Release|Any CPU
		{A2CD1135-769B-4B8B-A6D5-3D8E67C6F751}.Debug .NET 2.0|Any CPU.ActiveCfg = Debug|Any CPU
		{A2CD1135-769B-4B8B-A6D5-3D8E67C6F751}.Debug .NET 2.0|Any CPU.Build.0 = Debug|Any CPU
		{A2CD1135-769B-4B8B-A6D5-3D8E67C6F751}.Debug .NET 2.0|Mixed Platforms.ActiveCfg = Debug|Any CPU
		{A2CD1135-769B-4B8B-A6D5-3D8E67C6F751}.Debug .NET 2.0|Mixed Platforms.Build.0 = Debug|Any CPU
		{A2CD1135-769B-4B8B-A6D5-3D8E67C6F751}.Debug .NET 2.0|Win32.ActiveCfg = Debug|Any CPU
		{A2CD1135-769B-4B8B-A6D5-3D8E67C6F751}.Debug .NET 2.0|x86.ActiveCfg = Debug|Any CPU
		{A2CD1135-769B-4B8B-A6D5-3D8E67C6F751}.Debug|Any CPU.ActiveCfg = Debug|Any CPU
		{A2CD1135-769B-4B8B-A6D5-3D8E67C6F751}.Debug|Any CPU.Build.0 = Debug|Any CPU
		{A2CD1135-769B-4B8B-A6D5-3D8E67C6F751}.Debug|Mixed Platforms.ActiveCfg = Debug|Any CPU
		{A2CD1135-769B-4B8B-A6D5-3D8E67C6F751}.Debug|Mixed Platforms.Build.0 = Debug|Any CPU
		{A2CD1135-769B-4B8B-A6D5-3D8E67C6F751}.Debug|Win32.ActiveCfg = Debug|Any CPU
		{A2CD1135-769B-4B8B-A6D5-3D8E67C6F751}.Debug|x86.ActiveCfg = Debug|Any CPU
		{A2CD1135-769B-4B8B-A6D5-3D8E67C6F751}.Release|Any CPU.ActiveCfg = Release|Any CPU
		{A2CD1135-769B-4B8B-A6D5-3D8E67C6F751}.Release|Any CPU.Build.0 = Release|Any CPU
		{A2CD1135-769B-4B8B-A6D5-3D8E67C6F751}.Release|Mixed Platforms.ActiveCfg = Release|Any CPU
		{A2CD1135-769B-4B8B-A6D5-3D8E67C6F751}.Release|Mixed Platforms.Build.0 = Release|Any CPU
		{A2CD1135-769B-4B8B-A6D5-3D8E67C6F751}.Release|Win32.ActiveCfg = Release|Any CPU
		{A2CD1135-769B-4B8B-A6D5-3D8E67C6F751}.Release|x86.ActiveCfg = Release|Any CPU
		{24FD1EF5-9080-4D20-9C4F-1C0CAFEA26D8}.Debug .NET 2.0|Any CPU.ActiveCfg = Debug .NET 2.0|Any CPU
		{24FD1EF5-9080-4D20-9C4F-1C0CAFEA26D8}.Debug .NET 2.0|Any CPU.Build.0 = Debug .NET 2.0|Any CPU
		{24FD1EF5-9080-4D20-9C4F-1C0CAFEA26D8}.Debug .NET 2.0|Mixed Platforms.ActiveCfg = Debug .NET 2.0|Any CPU
		{24FD1EF5-9080-4D20-9C4F-1C0CAFEA26D8}.Debug .NET 2.0|Mixed Platforms.Build.0 = Debug .NET 2.0|Any CPU
		{24FD1EF5-9080-4D20-9C4F-1C0CAFEA26D8}.Debug .NET 2.0|Win32.ActiveCfg = Debug .NET 2.0|Any CPU
		{24FD1EF5-9080-4D20-9C4F-1C0CAFEA26D8}.Debug .NET 2.0|x86.ActiveCfg = Debug .NET 2.0|Any CPU
		{24FD1EF5-9080-4D20-9C4F-1C0CAFEA26D8}.Debug|Any CPU.ActiveCfg = Debug|Any CPU
		{24FD1EF5-9080-4D20-9C4F-1C0CAFEA26D8}.Debug|Any CPU.Build.0 = Debug|Any CPU
		{24FD1EF5-9080-4D20-9C4F-1C0CAFEA26D8}.Debug|Mixed Platforms.ActiveCfg = Debug|Any CPU
		{24FD1EF5-9080-4D20-9C4F-1C0CAFEA26D8}.Debug|Mixed Platforms.Build.0 = Debug|Any CPU
		{24FD1EF5-9080-4D20-9C4F-1C0CAFEA26D8}.Debug|Win32.ActiveCfg = Debug|Any CPU
		{24FD1EF5-9080-4D20-9C4F-1C0CAFEA26D8}.Debug|x86.ActiveCfg = Debug|Any CPU
		{24FD1EF5-9080-4D20-9C4F-1C0CAFEA26D8}.Release|Any CPU.ActiveCfg = Release|Any CPU
		{24FD1EF5-9080-4D20-9C4F-1C0CAFEA26D8}.Release|Any CPU.Build.0 = Release|Any CPU
		{24FD1EF5-9080-4D20-9C4F-1C0CAFEA26D8}.Release|Mixed Platforms.ActiveCfg = Release|Any CPU
		{24FD1EF5-9080-4D20-9C4F-1C0CAFEA26D8}.Release|Mixed Platforms.Build.0 = Release|Any CPU
		{24FD1EF5-9080-4D20-9C4F-1C0CAFEA26D8}.Release|Win32.ActiveCfg = Release|Any CPU
		{24FD1EF5-9080-4D20-9C4F-1C0CAFEA26D8}.Release|x86.ActiveCfg = Release|Any CPU
		{8DC6CABD-F081-4AF3-AC8B-89BC4C016967}.Debug .NET 2.0|Any CPU.ActiveCfg = Debug .NET 2.0|Any CPU
		{8DC6CABD-F081-4AF3-AC8B-89BC4C016967}.Debug .NET 2.0|Any CPU.Build.0 = Debug .NET 2.0|Any CPU
		{8DC6CABD-F081-4AF3-AC8B-89BC4C016967}.Debug .NET 2.0|Mixed Platforms.ActiveCfg = Debug .NET 2.0|Any CPU
		{8DC6CABD-F081-4AF3-AC8B-89BC4C016967}.Debug .NET 2.0|Mixed Platforms.Build.0 = Debug .NET 2.0|Any CPU
		{8DC6CABD-F081-4AF3-AC8B-89BC4C016967}.Debug .NET 2.0|Win32.ActiveCfg = Debug .NET 2.0|Any CPU
		{8DC6CABD-F081-4AF3-AC8B-89BC4C016967}.Debug .NET 2.0|x86.ActiveCfg = Debug .NET 2.0|Any CPU
		{8DC6CABD-F081-4AF3-AC8B-89BC4C016967}.Debug|Any CPU.ActiveCfg = Debug|Any CPU
		{8DC6CABD-F081-4AF3-AC8B-89BC4C016967}.Debug|Any CPU.Build.0 = Debug|Any CPU
		{8DC6CABD-F081-4AF3-AC8B-89BC4C016967}.Debug|Mixed Platforms.ActiveCfg = Debug|Any CPU
		{8DC6CABD-F081-4AF3-AC8B-89BC4C016967}.Debug|Mixed Platforms.Build.0 = Debug|Any CPU
		{8DC6CABD-F081-4AF3-AC8B-89BC4C016967}.Debug|Win32.ActiveCfg = Debug|Any CPU
		{8DC6CABD-F081-4AF3-AC8B-89BC4C016967}.Debug|x86.ActiveCfg = Debug|Any CPU
		{8DC6CABD-F081-4AF3-AC8B-89BC4C016967}.Release|Any CPU.ActiveCfg = Release|Any CPU
		{8DC6CABD-F081-4AF3-AC8B-89BC4C016967}.Release|Any CPU.Build.0 = Release|Any CPU
		{8DC6CABD-F081-4AF3-AC8B-89BC4C016967}.Release|Mixed Platforms.ActiveCfg = Release|Any CPU
		{8DC6CABD-F081-4AF3-AC8B-89BC4C016967}.Release|Mixed Platforms.Build.0 = Release|Any CPU
		{8DC6CABD-F081-4AF3-AC8B-89BC4C016967}.Release|Win32.ActiveCfg = Release|Any CPU
		{8DC6CABD-F081-4AF3-AC8B-89BC4C016967}.Release|x86.ActiveCfg = Release|Any CPU
		{D9CEEF86-6273-46CC-94FF-DD0C92EBFA68}.Debug .NET 2.0|Any CPU.ActiveCfg = Debug .NET 2.0|Any CPU
		{D9CEEF86-6273-46CC-94FF-DD0C92EBFA68}.Debug .NET 2.0|Any CPU.Build.0 = Debug .NET 2.0|Any CPU
		{D9CEEF86-6273-46CC-94FF-DD0C92EBFA68}.Debug .NET 2.0|Mixed Platforms.ActiveCfg = Debug .NET 2.0|Any CPU
		{D9CEEF86-6273-46CC-94FF-DD0C92EBFA68}.Debug .NET 2.0|Mixed Platforms.Build.0 = Debug .NET 2.0|Any CPU
		{D9CEEF86-6273-46CC-94FF-DD0C92EBFA68}.Debug .NET 2.0|Win32.ActiveCfg = Debug .NET 2.0|Any CPU
		{D9CEEF86-6273-46CC-94FF-DD0C92EBFA68}.Debug .NET 2.0|x86.ActiveCfg = Debug .NET 2.0|Any CPU
		{D9CEEF86-6273-46CC-94FF-DD0C92EBFA68}.Debug|Any CPU.ActiveCfg = Debug|Any CPU
		{D9CEEF86-6273-46CC-94FF-DD0C92EBFA68}.Debug|Any CPU.Build.0 = Debug|Any CPU
		{D9CEEF86-6273-46CC-94FF-DD0C92EBFA68}.Debug|Mixed Platforms.ActiveCfg = Debug|Any CPU
		{D9CEEF86-6273-46CC-94FF-DD0C92EBFA68}.Debug|Mixed Platforms.Build.0 = Debug|Any CPU
		{D9CEEF86-6273-46CC-94FF-DD0C92EBFA68}.Debug|Win32.ActiveCfg = Debug|Any CPU
		{D9CEEF86-6273-46CC-94FF-DD0C92EBFA68}.Debug|x86.ActiveCfg = Debug|Any CPU
		{D9CEEF86-6273-46CC-94FF-DD0C92EBFA68}.Release|Any CPU.ActiveCfg = Release|Any CPU
		{D9CEEF86-6273-46CC-94FF-DD0C92EBFA68}.Release|Any CPU.Build.0 = Release|Any CPU
		{D9CEEF86-6273-46CC-94FF-DD0C92EBFA68}.Release|Mixed Platforms.ActiveCfg = Release|Any CPU
		{D9CEEF86-6273-46CC-94FF-DD0C92EBFA68}.Release|Mixed Platforms.Build.0 = Release|Any CPU
		{D9CEEF86-6273-46CC-94FF-DD0C92EBFA68}.Release|Win32.ActiveCfg = Release|Any CPU
		{D9CEEF86-6273-46CC-94FF-DD0C92EBFA68}.Release|x86.ActiveCfg = Release|Any CPU
		{99212AC6-9A4B-419C-91FC-F3079C19D1B9}.Debug .NET 2.0|Any CPU.ActiveCfg = Debug .NET 2.0|Any CPU
		{99212AC6-9A4B-419C-91FC-F3079C19D1B9}.Debug .NET 2.0|Any CPU.Build.0 = Debug .NET 2.0|Any CPU
		{99212AC6-9A4B-419C-91FC-F3079C19D1B9}.Debug .NET 2.0|Mixed Platforms.ActiveCfg = Debug .NET 2.0|Any CPU
		{99212AC6-9A4B-419C-91FC-F3079C19D1B9}.Debug .NET 2.0|Mixed Platforms.Build.0 = Debug .NET 2.0|Any CPU
		{99212AC6-9A4B-419C-91FC-F3079C19D1B9}.Debug .NET 2.0|Win32.ActiveCfg = Debug .NET 2.0|Any CPU
		{99212AC6-9A4B-419C-91FC-F3079C19D1B9}.Debug .NET 2.0|x86.ActiveCfg = Debug .NET 2.0|Any CPU
		{99212AC6-9A4B-419C-91FC-F3079C19D1B9}.Debug|Any CPU.ActiveCfg = Debug|Any CPU
		{99212AC6-9A4B-419C-91FC-F3079C19D1B9}.Debug|Any CPU.Build.0 = Debug|Any CPU
		{99212AC6-9A4B-419C-91FC-F3079C19D1B9}.Debug|Mixed Platforms.ActiveCfg = Debug|Any CPU
		{99212AC6-9A4B-419C-91FC-F3079C19D1B9}.Debug|Mixed Platforms.Build.0 = Debug|Any CPU
		{99212AC6-9A4B-419C-91FC-F3079C19D1B9}.Debug|Win32.ActiveCfg = Debug|Any CPU
		{99212AC6-9A4B-419C-91FC-F3079C19D1B9}.Debug|x86.ActiveCfg = Debug|Any CPU
		{99212AC6-9A4B-419C-91FC-F3079C19D1B9}.Release|Any CPU.ActiveCfg = Release|Any CPU
		{99212AC6-9A4B-419C-91FC-F3079C19D1B9}.Release|Any CPU.Build.0 = Release|Any CPU
		{99212AC6-9A4B-419C-91FC-F3079C19D1B9}.Release|Mixed Platforms.ActiveCfg = Release|Any CPU
		{99212AC6-9A4B-419C-91FC-F3079C19D1B9}.Release|Mixed Platforms.Build.0 = Release|Any CPU
		{99212AC6-9A4B-419C-91FC-F3079C19D1B9}.Release|Win32.ActiveCfg = Release|Any CPU
		{99212AC6-9A4B-419C-91FC-F3079C19D1B9}.Release|x86.ActiveCfg = Release|Any CPU
		{9342B41E-28E0-4FC2-B2CB-28BB9A0D0124}.Debug .NET 2.0|Any CPU.ActiveCfg = Debug|Any CPU
		{9342B41E-28E0-4FC2-B2CB-28BB9A0D0124}.Debug .NET 2.0|Any CPU.Build.0 = Debug|Any CPU
		{9342B41E-28E0-4FC2-B2CB-28BB9A0D0124}.Debug .NET 2.0|Mixed Platforms.ActiveCfg = Debug|Any CPU
		{9342B41E-28E0-4FC2-B2CB-28BB9A0D0124}.Debug .NET 2.0|Mixed Platforms.Build.0 = Debug|Any CPU
		{9342B41E-28E0-4FC2-B2CB-28BB9A0D0124}.Debug .NET 2.0|Win32.ActiveCfg = Debug|Any CPU
		{9342B41E-28E0-4FC2-B2CB-28BB9A0D0124}.Debug .NET 2.0|x86.ActiveCfg = Debug|Any CPU
		{9342B41E-28E0-4FC2-B2CB-28BB9A0D0124}.Debug|Any CPU.ActiveCfg = Debug|Any CPU
		{9342B41E-28E0-4FC2-B2CB-28BB9A0D0124}.Debug|Any CPU.Build.0 = Debug|Any CPU
		{9342B41E-28E0-4FC2-B2CB-28BB9A0D0124}.Debug|Mixed Platforms.ActiveCfg = Debug|Any CPU
		{9342B41E-28E0-4FC2-B2CB-28BB9A0D0124}.Debug|Mixed Platforms.Build.0 = Debug|Any CPU
		{9342B41E-28E0-4FC2-B2CB-28BB9A0D0124}.Debug|Win32.ActiveCfg = Debug|Any CPU
		{9342B41E-28E0-4FC2-B2CB-28BB9A0D0124}.Debug|x86.ActiveCfg = Debug|Any CPU
		{9342B41E-28E0-4FC2-B2CB-28BB9A0D0124}.Release|Any CPU.ActiveCfg = Release|Any CPU
		{9342B41E-28E0-4FC2-B2CB-28BB9A0D0124}.Release|Any CPU.Build.0 = Release|Any CPU
		{9342B41E-28E0-4FC2-B2CB-28BB9A0D0124}.Release|Mixed Platforms.ActiveCfg = Release|Any CPU
		{9342B41E-28E0-4FC2-B2CB-28BB9A0D0124}.Release|Mixed Platforms.Build.0 = Release|Any CPU
		{9342B41E-28E0-4FC2-B2CB-28BB9A0D0124}.Release|Win32.ActiveCfg = Release|Any CPU
		{9342B41E-28E0-4FC2-B2CB-28BB9A0D0124}.Release|x86.ActiveCfg = Release|Any CPU
		{1E921F71-7F6A-4130-84A6-A0180659F1D9}.Debug .NET 2.0|Any CPU.ActiveCfg = Debug|Any CPU
		{1E921F71-7F6A-4130-84A6-A0180659F1D9}.Debug .NET 2.0|Any CPU.Build.0 = Debug|Any CPU
		{1E921F71-7F6A-4130-84A6-A0180659F1D9}.Debug .NET 2.0|Mixed Platforms.ActiveCfg = Debug|Any CPU
		{1E921F71-7F6A-4130-84A6-A0180659F1D9}.Debug .NET 2.0|Mixed Platforms.Build.0 = Debug|Any CPU
		{1E921F71-7F6A-4130-84A6-A0180659F1D9}.Debug .NET 2.0|Win32.ActiveCfg = Debug|Any CPU
		{1E921F71-7F6A-4130-84A6-A0180659F1D9}.Debug .NET 2.0|x86.ActiveCfg = Debug|Any CPU
		{1E921F71-7F6A-4130-84A6-A0180659F1D9}.Debug|Any CPU.ActiveCfg = Debug|Any CPU
		{1E921F71-7F6A-4130-84A6-A0180659F1D9}.Debug|Any CPU.Build.0 = Debug|Any CPU
		{1E921F71-7F6A-4130-84A6-A0180659F1D9}.Debug|Mixed Platforms.ActiveCfg = Debug|Any CPU
		{1E921F71-7F6A-4130-84A6-A0180659F1D9}.Debug|Mixed Platforms.Build.0 = Debug|Any CPU
		{1E921F71-7F6A-4130-84A6-A0180659F1D9}.Debug|Win32.ActiveCfg = Debug|Any CPU
		{1E921F71-7F6A-4130-84A6-A0180659F1D9}.Debug|x86.ActiveCfg = Debug|Any CPU
		{1E921F71-7F6A-4130-84A6-A0180659F1D9}.Release|Any CPU.ActiveCfg = Release|Any CPU
		{1E921F71-7F6A-4130-84A6-A0180659F1D9}.Release|Any CPU.Build.0 = Release|Any CPU
		{1E921F71-7F6A-4130-84A6-A0180659F1D9}.Release|Mixed Platforms.ActiveCfg = Release|Any CPU
		{1E921F71-7F6A-4130-84A6-A0180659F1D9}.Release|Mixed Platforms.Build.0 = Release|Any CPU
		{1E921F71-7F6A-4130-84A6-A0180659F1D9}.Release|Win32.ActiveCfg = Release|Any CPU
		{1E921F71-7F6A-4130-84A6-A0180659F1D9}.Release|x86.ActiveCfg = Release|Any CPU
		{F2955C92-B208-498B-8ED4-E7B033AD284B}.Debug .NET 2.0|Any CPU.ActiveCfg = Debug|Any CPU
		{F2955C92-B208-498B-8ED4-E7B033AD284B}.Debug .NET 2.0|Any CPU.Build.0 = Debug|Any CPU
		{F2955C92-B208-498B-8ED4-E7B033AD284B}.Debug .NET 2.0|Mixed Platforms.ActiveCfg = Debug|Any CPU
		{F2955C92-B208-498B-8ED4-E7B033AD284B}.Debug .NET 2.0|Mixed Platforms.Build.0 = Debug|Any CPU
		{F2955C92-B208-498B-8ED4-E7B033AD284B}.Debug .NET 2.0|Win32.ActiveCfg = Debug|Any CPU
		{F2955C92-B208-498B-8ED4-E7B033AD284B}.Debug .NET 2.0|x86.ActiveCfg = Debug|Any CPU
		{F2955C92-B208-498B-8ED4-E7B033AD284B}.Debug|Any CPU.ActiveCfg = Debug|Any CPU
		{F2955C92-B208-498B-8ED4-E7B033AD284B}.Debug|Any CPU.Build.0 = Debug|Any CPU
		{F2955C92-B208-498B-8ED4-E7B033AD284B}.Debug|Mixed Platforms.ActiveCfg = Debug|Any CPU
		{F2955C92-B208-498B-8ED4-E7B033AD284B}.Debug|Mixed Platforms.Build.0 = Debug|Any CPU
		{F2955C92-B208-498B-8ED4-E7B033AD284B}.Debug|Win32.ActiveCfg = Debug|Any CPU
		{F2955C92-B208-498B-8ED4-E7B033AD284B}.Debug|x86.ActiveCfg = Debug|Any CPU
		{F2955C92-B208-498B-8ED4-E7B033AD284B}.Release|Any CPU.ActiveCfg = Release|Any CPU
		{F2955C92-B208-498B-8ED4-E7B033AD284B}.Release|Any CPU.Build.0 = Release|Any CPU
		{F2955C92-B208-498B-8ED4-E7B033AD284B}.Release|Mixed Platforms.ActiveCfg = Release|Any CPU
		{F2955C92-B208-498B-8ED4-E7B033AD284B}.Release|Mixed Platforms.Build.0 = Release|Any CPU
		{F2955C92-B208-498B-8ED4-E7B033AD284B}.Release|Win32.ActiveCfg = Release|Any CPU
		{F2955C92-B208-498B-8ED4-E7B033AD284B}.Release|x86.ActiveCfg = Release|Any CPU
		{48CFC75E-EAA8-46CE-860F-871511583AE2}.Debug .NET 2.0|Any CPU.ActiveCfg = Debug .NET 2.0|Any CPU
		{48CFC75E-EAA8-46CE-860F-871511583AE2}.Debug .NET 2.0|Any CPU.Build.0 = Debug .NET 2.0|Any CPU
		{48CFC75E-EAA8-46CE-860F-871511583AE2}.Debug .NET 2.0|Mixed Platforms.ActiveCfg = Debug .NET 2.0|Any CPU
		{48CFC75E-EAA8-46CE-860F-871511583AE2}.Debug .NET 2.0|Mixed Platforms.Build.0 = Debug .NET 2.0|Any CPU
		{48CFC75E-EAA8-46CE-860F-871511583AE2}.Debug .NET 2.0|Win32.ActiveCfg = Debug .NET 2.0|Any CPU
		{48CFC75E-EAA8-46CE-860F-871511583AE2}.Debug .NET 2.0|x86.ActiveCfg = Debug .NET 2.0|Any CPU
		{48CFC75E-EAA8-46CE-860F-871511583AE2}.Debug|Any CPU.ActiveCfg = Debug|Any CPU
		{48CFC75E-EAA8-46CE-860F-871511583AE2}.Debug|Any CPU.Build.0 = Debug|Any CPU
		{48CFC75E-EAA8-46CE-860F-871511583AE2}.Debug|Mixed Platforms.ActiveCfg = Debug|Any CPU
		{48CFC75E-EAA8-46CE-860F-871511583AE2}.Debug|Mixed Platforms.Build.0 = Debug|Any CPU
		{48CFC75E-EAA8-46CE-860F-871511583AE2}.Debug|Win32.ActiveCfg = Debug|Any CPU
		{48CFC75E-EAA8-46CE-860F-871511583AE2}.Debug|x86.ActiveCfg = Debug|Any CPU
		{48CFC75E-EAA8-46CE-860F-871511583AE2}.Release|Any CPU.ActiveCfg = Release|Any CPU
		{48CFC75E-EAA8-46CE-860F-871511583AE2}.Release|Any CPU.Build.0 = Release|Any CPU
		{48CFC75E-EAA8-46CE-860F-871511583AE2}.Release|Mixed Platforms.ActiveCfg = Release|Any CPU
		{48CFC75E-EAA8-46CE-860F-871511583AE2}.Release|Mixed Platforms.Build.0 = Release|Any CPU
		{48CFC75E-EAA8-46CE-860F-871511583AE2}.Release|Win32.ActiveCfg = Release|Any CPU
		{48CFC75E-EAA8-46CE-860F-871511583AE2}.Release|x86.ActiveCfg = Release|Any CPU
		{E8493223-9A6E-49C1-81D6-42B0AE7A14D3}.Debug .NET 2.0|Any CPU.ActiveCfg = Debug .NET 2.0|Any CPU
		{E8493223-9A6E-49C1-81D6-42B0AE7A14D3}.Debug .NET 2.0|Any CPU.Build.0 = Debug .NET 2.0|Any CPU
		{E8493223-9A6E-49C1-81D6-42B0AE7A14D3}.Debug .NET 2.0|Mixed Platforms.ActiveCfg = Debug .NET 2.0|Any CPU
		{E8493223-9A6E-49C1-81D6-42B0AE7A14D3}.Debug .NET 2.0|Mixed Platforms.Build.0 = Debug .NET 2.0|Any CPU
		{E8493223-9A6E-49C1-81D6-42B0AE7A14D3}.Debug .NET 2.0|Win32.ActiveCfg = Debug .NET 2.0|Any CPU
		{E8493223-9A6E-49C1-81D6-42B0AE7A14D3}.Debug .NET 2.0|x86.ActiveCfg = Debug .NET 2.0|Any CPU
		{E8493223-9A6E-49C1-81D6-42B0AE7A14D3}.Debug|Any CPU.ActiveCfg = Debug|Any CPU
		{E8493223-9A6E-49C1-81D6-42B0AE7A14D3}.Debug|Any CPU.Build.0 = Debug|Any CPU
		{E8493223-9A6E-49C1-81D6-42B0AE7A14D3}.Debug|Mixed Platforms.ActiveCfg = Debug|Any CPU
		{E8493223-9A6E-49C1-81D6-42B0AE7A14D3}.Debug|Mixed Platforms.Build.0 = Debug|Any CPU
		{E8493223-9A6E-49C1-81D6-42B0AE7A14D3}.Debug|Win32.ActiveCfg = Debug|Any CPU
		{E8493223-9A6E-49C1-81D6-42B0AE7A14D3}.Debug|x86.ActiveCfg = Debug|Any CPU
		{E8493223-9A6E-49C1-81D6-42B0AE7A14D3}.Release|Any CPU.ActiveCfg = Release|Any CPU
		{E8493223-9A6E-49C1-81D6-42B0AE7A14D3}.Release|Any CPU.Build.0 = Release|Any CPU
		{E8493223-9A6E-49C1-81D6-42B0AE7A14D3}.Release|Mixed Platforms.ActiveCfg = Release|Any CPU
		{E8493223-9A6E-49C1-81D6-42B0AE7A14D3}.Release|Mixed Platforms.Build.0 = Release|Any CPU
		{E8493223-9A6E-49C1-81D6-42B0AE7A14D3}.Release|Win32.ActiveCfg = Release|Any CPU
		{E8493223-9A6E-49C1-81D6-42B0AE7A14D3}.Release|x86.ActiveCfg = Release|Any CPU
	EndGlobalSection
	GlobalSection(SolutionProperties) = preSolution
		HideSolutionNode = FALSE
	EndGlobalSection
	GlobalSection(NestedProjects) = preSolution
		{BEF06147-ACD1-4DD0-937F-BF55544F07BF} = {15A29239-3411-4BDA-BCE6-FEDD2754240A}
		{1D0BD1B8-DF78-45E2-A3B7-D1AE3FB31E46} = {15A29239-3411-4BDA-BCE6-FEDD2754240A}
		{D0BF9A45-E6F2-4FEF-B5A0-008BE0159967} = {15A29239-3411-4BDA-BCE6-FEDD2754240A}
		{5AA8327F-FA0E-4951-8F90-63D15480042A} = {15A29239-3411-4BDA-BCE6-FEDD2754240A}
		{2FAAC41D-B020-4BD3-BE37-48E8A7D850A9} = {15A29239-3411-4BDA-BCE6-FEDD2754240A}
		{5FC1F7F5-74B3-4C6D-9EED-2F6B00CD9338} = {15A29239-3411-4BDA-BCE6-FEDD2754240A}
		{3401E72C-6D2B-49AF-BD88-4178B370D33F} = {15A29239-3411-4BDA-BCE6-FEDD2754240A}
		{EC31ACEA-8F8A-43E8-9A26-584D8B22552C} = {53746D5D-E24F-4FA5-A3C7-0934D47285D6}
		{F7F8C913-085B-41B2-98AC-9859BED201F1} = {53746D5D-E24F-4FA5-A3C7-0934D47285D6}
		{9DEB3B56-6C6B-4D84-90DD-3A3FCE84441C} = {53746D5D-E24F-4FA5-A3C7-0934D47285D6}
		{FC80577A-0E20-4469-864C-87ADB7B12C07} = {53746D5D-E24F-4FA5-A3C7-0934D47285D6}
		{FF4203B6-50D1-4915-9BBA-E0B57EA07D13} = {53746D5D-E24F-4FA5-A3C7-0934D47285D6}
		{E5D2658F-7D33-48DF-9263-D740F821AE20} = {53746D5D-E24F-4FA5-A3C7-0934D47285D6}
		{A459BF1A-923E-410B-8B2C-02F969930A6D} = {53746D5D-E24F-4FA5-A3C7-0934D47285D6}
		{1CFC6987-C967-442F-B0AC-05632037022B} = {53746D5D-E24F-4FA5-A3C7-0934D47285D6}
		{B4E1087F-2644-430B-A6D4-95B75D62398B} = {D74E34FB-9F8F-442A-AB89-4A6C700E4774}
		{6DEB5DF9-EDAB-4943-9B19-48A57E6AEAEC} = {D74E34FB-9F8F-442A-AB89-4A6C700E4774}
		{BC0605F1-C986-4B52-AE21-AAE545FCB970} = {BE113330-11CC-46B3-98FD-2D92295A1010}
		{A2CD1135-769B-4B8B-A6D5-3D8E67C6F751} = {11A63789-C3A1-4BFF-AC27-3B5F7FD7EADE}
		{8DC6CABD-F081-4AF3-AC8B-89BC4C016967} = {11A63789-C3A1-4BFF-AC27-3B5F7FD7EADE}
		{D9CEEF86-6273-46CC-94FF-DD0C92EBFA68} = {11A63789-C3A1-4BFF-AC27-3B5F7FD7EADE}
		{99212AC6-9A4B-419C-91FC-F3079C19D1B9} = {11A63789-C3A1-4BFF-AC27-3B5F7FD7EADE}
		{9342B41E-28E0-4FC2-B2CB-28BB9A0D0124} = {11A63789-C3A1-4BFF-AC27-3B5F7FD7EADE}
		{1E921F71-7F6A-4130-84A6-A0180659F1D9} = {11A63789-C3A1-4BFF-AC27-3B5F7FD7EADE}
		{48CFC75E-EAA8-46CE-860F-871511583AE2} = {11A63789-C3A1-4BFF-AC27-3B5F7FD7EADE}
		{E8493223-9A6E-49C1-81D6-42B0AE7A14D3} = {11A63789-C3A1-4BFF-AC27-3B5F7FD7EADE}
	EndGlobalSection
EndGlobal
