Microsoft Visual Studio Solution File, Format Version 12.00
# Visual Studio Version 17
VisualStudioVersion = 17.9.34616.47
MinimumVisualStudioVersion = 10.0.40219.1
Project("{9A19103F-16F7-4668-BE54-9A1E7A4F7556}") = "App.CresusDesigner", "App.CresusDesigner.csproj", "{2FAAC41D-B020-4BD3-BE37-48E8A7D850A9}"
EndProject
Project("{9A19103F-16F7-4668-BE54-9A1E7A4F7556}") = "Aider", "..\Aider\Aider.csproj", "{7D1F83D0-B3BA-40ED-9C97-D34E6632757E}"
EndProject
Project("{9A19103F-16F7-4668-BE54-9A1E7A4F7556}") = "App.CresusDocuments", "..\App.CresusDocuments\App.CresusDocuments.csproj", "{02C10135-E88D-4823-B49F-5D1ADF94CD93}"
EndProject
Project("{9A19103F-16F7-4668-BE54-9A1E7A4F7556}") = "App.CresusGraph", "..\App.CresusGraph\App.CresusGraph.csproj", "{ABDFB3ED-5C8F-46DF-BE25-B9871147D7A0}"
EndProject
Project("{9A19103F-16F7-4668-BE54-9A1E7A4F7556}") = "Common.Designer", "..\Common.Designer\Common.Designer.csproj", "{A70AD57E-0E80-48D7-8583-836C4758669D}"
EndProject
Project("{9A19103F-16F7-4668-BE54-9A1E7A4F7556}") = "Common.Document.ExportEngine", "..\Common.Document.ExportEngine\Common.Document.ExportEngine.csproj", "{79CA1BB1-7798-40E7-B9F3-1D6FB2A48CFD}"
EndProject
Project("{9A19103F-16F7-4668-BE54-9A1E7A4F7556}") = "Common.Document", "..\Common.Document\Common.Document.csproj", "{A61E7999-E78A-419E-A47E-1A80D50023A9}"
EndProject
Project("{9A19103F-16F7-4668-BE54-9A1E7A4F7556}") = "Common.DocumentEditor", "..\Common.DocumentEditor\Common.DocumentEditor.csproj", "{F9B0DDFC-ABD1-4D4A-AD88-16C90F064BA4}"
EndProject
Project("{9A19103F-16F7-4668-BE54-9A1E7A4F7556}") = "Common.Graph.Connector", "..\Common.Graph.Connector\Common.Graph.Connector.csproj", "{7B3AEB09-40F5-4710-860D-0D1D3020E1B2}"
EndProject
Project("{9A19103F-16F7-4668-BE54-9A1E7A4F7556}") = "Common.Graph", "..\Common.Graph\Common.Graph.csproj", "{2E9E63AF-958D-4DA6-993F-362D14A507C8}"
EndProject
Project("{9A19103F-16F7-4668-BE54-9A1E7A4F7556}") = "Common.Identity", "..\Common.Identity\Common.Identity.csproj", "{A218BF3D-90E9-40B1-869C-A39D9F4918EC}"
EndProject
Project("{9A19103F-16F7-4668-BE54-9A1E7A4F7556}") = "Common.Pdf", "..\Common.Pdf\Common.Pdf.csproj", "{90B50103-F263-4554-9767-52FD4F061923}"
EndProject
Project("{9A19103F-16F7-4668-BE54-9A1E7A4F7556}") = "Common.Splash", "..\Common.Splash\Common.Splash.csproj", "{61AD3F81-8293-47AE-A27E-E1A273978F58}"
EndProject
Project("{9A19103F-16F7-4668-BE54-9A1E7A4F7556}") = "Common", "..\Common\Common.csproj", "{96B3981E-EF54-4E4F-9057-5615B4F0EAE0}"
EndProject
Project("{9A19103F-16F7-4668-BE54-9A1E7A4F7556}") = "Cresus.Bricks", "..\Cresus.Bricks\Cresus.Bricks.csproj", "{0F8C95E7-638D-41E7-BEF5-3AC96C7BD1A7}"
EndProject
Project("{9A19103F-16F7-4668-BE54-9A1E7A4F7556}") = "Cresus.Compta", "..\Cresus.Compta\Cresus.Compta.csproj", "{12FC693E-674E-4DE2-891D-B856239CD977}"
EndProject
Project("{9A19103F-16F7-4668-BE54-9A1E7A4F7556}") = "Cresus.Core.Library.Business", "..\Cresus.Core.Library.Business\Cresus.Core.Library.Business.csproj", "{1F9CACFA-FDB8-4BE6-9661-656B132C84CA}"
EndProject
Project("{9A19103F-16F7-4668-BE54-9A1E7A4F7556}") = "Cresus.Core.Library", "..\Cresus.Core.Library\Cresus.Core.Library.csproj", "{37F2A0E5-3EB0-4350-B4E2-2E846C390CB7}"
EndProject
Project("{9A19103F-16F7-4668-BE54-9A1E7A4F7556}") = "Cresus.Core", "..\Cresus.Core\Cresus.Core.csproj", "{6744ED04-BBB6-4B5A-B0F5-94B9445157A8}"
EndProject
Project("{9A19103F-16F7-4668-BE54-9A1E7A4F7556}") = "Cresus.Database.Implementation", "..\Cresus.Database.Implementation\Cresus.Database.Implementation.csproj", "{21D21392-C50A-467B-9CF5-C85FA6AC5F0F}"
EndProject
Project("{9A19103F-16F7-4668-BE54-9A1E7A4F7556}") = "Cresus.Database", "..\Cresus.Database\Cresus.Database.csproj", "{B9040B48-15C4-4145-B0A2-F0157B328E89}"
EndProject
Project("{9A19103F-16F7-4668-BE54-9A1E7A4F7556}") = "Cresus.DataLayer", "..\Cresus.DataLayer\Cresus.DataLayer.csproj", "{0CF71C9A-DA5D-48C7-A5E1-75A44D101CE6}"
EndProject
Project("{9A19103F-16F7-4668-BE54-9A1E7A4F7556}") = "Cresus.WebCore.Server", "..\Cresus.WebCore.Server\Cresus.WebCore.Server.csproj", "{E02E8FA4-53C1-49C5-AF9A-5498DB6C5D58}"
EndProject
Project("{9A19103F-16F7-4668-BE54-9A1E7A4F7556}") = "Data.Platform", "..\Data.Platform\Data.Platform.csproj", "{4C48AB6D-5AE6-4815-9AED-58DBC749A36E}"
EndProject
Project("{9A19103F-16F7-4668-BE54-9A1E7A4F7556}") = "Tool.Designer.Protocol.Contract", "..\Tool.Designer.Protocol.Contract\Tool.Designer.Protocol.Contract.csproj", "{E5D2658F-7D33-48DF-9263-D740F821AE20}"
EndProject
Project("{9A19103F-16F7-4668-BE54-9A1E7A4F7556}") = "Tool.Designer.Protocol.Server", "..\Tool.Designer.Protocol.Server\Tool.Designer.Protocol.Server.csproj", "{A459BF1A-923E-410B-8B2C-02F969930A6D}"
EndProject
Project("{9A19103F-16F7-4668-BE54-9A1E7A4F7556}") = "Tool.Designer.Protocol", "..\Tool.Designer.Protocol\Tool.Designer.Protocol.csproj", "{FF4203B6-50D1-4915-9BBA-E0B57EA07D13}"
EndProject
Project("{9A19103F-16F7-4668-BE54-9A1E7A4F7556}") = "ModuleRepository.Client", "..\Tool.ModuleRepository\ModuleRepository.Client\ModuleRepository.Client.csproj", "{EC31ACEA-8F8A-43E8-9A26-584D8B22552C}"
EndProject
Project("{9A19103F-16F7-4668-BE54-9A1E7A4F7556}") = "ModuleRepository.Service", "..\Tool.ModuleRepository\ModuleRepository.Service\ModuleRepository.Service.csproj", "{9DEB3B56-6C6B-4D84-90DD-3A3FCE84441C}"
EndProject
Project("{9A19103F-16F7-4668-BE54-9A1E7A4F7556}") = "Epsitec.CresusToolkit", "..\..\shellpe\Epsitec.CresusToolkit\Epsitec.CresusToolkit.csproj", "{1423536E-4DFE-4F6E-ABAA-6850013345E4}"
EndProject
Project("{9A19103F-16F7-4668-BE54-9A1E7A4F7556}") = "Epsitec.TwixClip", "..\..\twixclip\Epsitec.TwixClip\Epsitec.TwixClip.csproj", "{8E395330-2032-4A9F-80F1-7DED7FC43A7E}"
EndProject
Project("{9A19103F-16F7-4668-BE54-9A1E7A4F7556}") = "Epsitec.ZipMe", "..\..\zipme\Epsitec.ZipMe\Epsitec.ZipMe.csproj", "{95566E75-A48B-4E73-9D9F-E34980F86BD5}"
EndProject
Project("{8BC9CEB8-8B4A-11D0-8D11-00A0C91BC942}") = "AntiGrain.Win32", "..\..\grafix\AntiGrain.Win32\AntiGrain.Win32.vcxproj", "{01A5A54B-EEF0-492B-90E0-412DFF1B2657}"
EndProject
Project("{8BC9CEB8-8B4A-11D0-8D11-00A0C91BC942}") = "AntiGrain.NET", "..\..\grafix\AntiGrain.NET\AntiGrain.NET.vcxproj", "{5B06F6A2-61B0-4405-9B4A-DB806E199B56}"
EndProject
Global
	GlobalSection(SolutionConfigurationPlatforms) = preSolution
		Debug|x86 = Debug|x86
		Release|x86 = Release|x86
	EndGlobalSection
	GlobalSection(ProjectConfigurationPlatforms) = postSolution
		{2FAAC41D-B020-4BD3-BE37-48E8A7D850A9}.Debug|x86.ActiveCfg = Debug|x86
		{2FAAC41D-B020-4BD3-BE37-48E8A7D850A9}.Debug|x86.Build.0 = Debug|x86
		{2FAAC41D-B020-4BD3-BE37-48E8A7D850A9}.Release|x86.ActiveCfg = Release|x86
		{2FAAC41D-B020-4BD3-BE37-48E8A7D850A9}.Release|x86.Build.0 = Release|x86
		{7D1F83D0-B3BA-40ED-9C97-D34E6632757E}.Debug|x86.ActiveCfg = Debug|x86
		{7D1F83D0-B3BA-40ED-9C97-D34E6632757E}.Debug|x86.Build.0 = Debug|x86
		{7D1F83D0-B3BA-40ED-9C97-D34E6632757E}.Release|x86.ActiveCfg = Release|x86
		{7D1F83D0-B3BA-40ED-9C97-D34E6632757E}.Release|x86.Build.0 = Release|x86
		{02C10135-E88D-4823-B49F-5D1ADF94CD93}.Debug|x86.ActiveCfg = Debug|x86
		{02C10135-E88D-4823-B49F-5D1ADF94CD93}.Debug|x86.Build.0 = Debug|x86
		{02C10135-E88D-4823-B49F-5D1ADF94CD93}.Release|x86.ActiveCfg = Release|x86
		{02C10135-E88D-4823-B49F-5D1ADF94CD93}.Release|x86.Build.0 = Release|x86
		{ABDFB3ED-5C8F-46DF-BE25-B9871147D7A0}.Debug|x86.ActiveCfg = Debug|x86
		{ABDFB3ED-5C8F-46DF-BE25-B9871147D7A0}.Release|x86.ActiveCfg = Release|x86
		{ABDFB3ED-5C8F-46DF-BE25-B9871147D7A0}.Release|x86.Build.0 = Release|x86
		{A70AD57E-0E80-48D7-8583-836C4758669D}.Debug|x86.ActiveCfg = Debug|x86
		{A70AD57E-0E80-48D7-8583-836C4758669D}.Debug|x86.Build.0 = Debug|x86
		{A70AD57E-0E80-48D7-8583-836C4758669D}.Release|x86.ActiveCfg = Release|x86
		{A70AD57E-0E80-48D7-8583-836C4758669D}.Release|x86.Build.0 = Release|x86
		{79CA1BB1-7798-40E7-B9F3-1D6FB2A48CFD}.Debug|x86.ActiveCfg = Debug|x86
		{79CA1BB1-7798-40E7-B9F3-1D6FB2A48CFD}.Debug|x86.Build.0 = Debug|x86
		{79CA1BB1-7798-40E7-B9F3-1D6FB2A48CFD}.Release|x86.ActiveCfg = Release|x86
		{79CA1BB1-7798-40E7-B9F3-1D6FB2A48CFD}.Release|x86.Build.0 = Release|x86
		{A61E7999-E78A-419E-A47E-1A80D50023A9}.Debug|x86.ActiveCfg = Debug|x86
		{A61E7999-E78A-419E-A47E-1A80D50023A9}.Debug|x86.Build.0 = Debug|x86
		{A61E7999-E78A-419E-A47E-1A80D50023A9}.Release|x86.ActiveCfg = Release|x86
		{A61E7999-E78A-419E-A47E-1A80D50023A9}.Release|x86.Build.0 = Release|x86
		{F9B0DDFC-ABD1-4D4A-AD88-16C90F064BA4}.Debug|x86.ActiveCfg = Debug|x86
		{F9B0DDFC-ABD1-4D4A-AD88-16C90F064BA4}.Debug|x86.Build.0 = Debug|x86
		{F9B0DDFC-ABD1-4D4A-AD88-16C90F064BA4}.Release|x86.ActiveCfg = Release|x86
		{F9B0DDFC-ABD1-4D4A-AD88-16C90F064BA4}.Release|x86.Build.0 = Release|x86
		{7B3AEB09-40F5-4710-860D-0D1D3020E1B2}.Debug|x86.ActiveCfg = Debug|x86
		{7B3AEB09-40F5-4710-860D-0D1D3020E1B2}.Release|x86.ActiveCfg = Release|x86
		{7B3AEB09-40F5-4710-860D-0D1D3020E1B2}.Release|x86.Build.0 = Release|x86
		{2E9E63AF-958D-4DA6-993F-362D14A507C8}.Debug|x86.ActiveCfg = Debug|x86
		{2E9E63AF-958D-4DA6-993F-362D14A507C8}.Debug|x86.Build.0 = Debug|x86
		{2E9E63AF-958D-4DA6-993F-362D14A507C8}.Release|x86.ActiveCfg = Release|x86
		{2E9E63AF-958D-4DA6-993F-362D14A507C8}.Release|x86.Build.0 = Release|x86
		{A218BF3D-90E9-40B1-869C-A39D9F4918EC}.Debug|x86.ActiveCfg = Debug|x86
		{A218BF3D-90E9-40B1-869C-A39D9F4918EC}.Debug|x86.Build.0 = Debug|x86
		{A218BF3D-90E9-40B1-869C-A39D9F4918EC}.Release|x86.ActiveCfg = Release|x86
		{A218BF3D-90E9-40B1-869C-A39D9F4918EC}.Release|x86.Build.0 = Release|x86
		{90B50103-F263-4554-9767-52FD4F061923}.Debug|x86.ActiveCfg = Debug|x86
		{90B50103-F263-4554-9767-52FD4F061923}.Debug|x86.Build.0 = Debug|x86
		{90B50103-F263-4554-9767-52FD4F061923}.Release|x86.ActiveCfg = Release|x86
		{90B50103-F263-4554-9767-52FD4F061923}.Release|x86.Build.0 = Release|x86
		{61AD3F81-8293-47AE-A27E-E1A273978F58}.Debug|x86.ActiveCfg = Debug|x86
		{61AD3F81-8293-47AE-A27E-E1A273978F58}.Debug|x86.Build.0 = Debug|x86
		{61AD3F81-8293-47AE-A27E-E1A273978F58}.Release|x86.ActiveCfg = Release|x86
		{61AD3F81-8293-47AE-A27E-E1A273978F58}.Release|x86.Build.0 = Release|x86
		{96B3981E-EF54-4E4F-9057-5615B4F0EAE0}.Debug|x86.ActiveCfg = Debug|x86
		{96B3981E-EF54-4E4F-9057-5615B4F0EAE0}.Debug|x86.Build.0 = Debug|x86
		{96B3981E-EF54-4E4F-9057-5615B4F0EAE0}.Release|x86.ActiveCfg = Release|x86
		{96B3981E-EF54-4E4F-9057-5615B4F0EAE0}.Release|x86.Build.0 = Release|x86
		{0F8C95E7-638D-41E7-BEF5-3AC96C7BD1A7}.Debug|x86.ActiveCfg = Debug|x86
		{0F8C95E7-638D-41E7-BEF5-3AC96C7BD1A7}.Debug|x86.Build.0 = Debug|x86
		{0F8C95E7-638D-41E7-BEF5-3AC96C7BD1A7}.Release|x86.ActiveCfg = Release|x86
		{0F8C95E7-638D-41E7-BEF5-3AC96C7BD1A7}.Release|x86.Build.0 = Release|x86
		{12FC693E-674E-4DE2-891D-B856239CD977}.Debug|x86.ActiveCfg = Debug|x86
		{12FC693E-674E-4DE2-891D-B856239CD977}.Debug|x86.Build.0 = Debug|x86
		{12FC693E-674E-4DE2-891D-B856239CD977}.Release|x86.ActiveCfg = Release|x86
		{12FC693E-674E-4DE2-891D-B856239CD977}.Release|x86.Build.0 = Release|x86
		{1F9CACFA-FDB8-4BE6-9661-656B132C84CA}.Debug|x86.ActiveCfg = Debug|x86
		{1F9CACFA-FDB8-4BE6-9661-656B132C84CA}.Debug|x86.Build.0 = Debug|x86
		{1F9CACFA-FDB8-4BE6-9661-656B132C84CA}.Release|x86.ActiveCfg = Release|x86
		{1F9CACFA-FDB8-4BE6-9661-656B132C84CA}.Release|x86.Build.0 = Release|x86
		{37F2A0E5-3EB0-4350-B4E2-2E846C390CB7}.Debug|x86.ActiveCfg = Debug|x86
		{37F2A0E5-3EB0-4350-B4E2-2E846C390CB7}.Debug|x86.Build.0 = Debug|x86
		{37F2A0E5-3EB0-4350-B4E2-2E846C390CB7}.Release|x86.ActiveCfg = Release|x86
		{37F2A0E5-3EB0-4350-B4E2-2E846C390CB7}.Release|x86.Build.0 = Release|x86
		{6744ED04-BBB6-4B5A-B0F5-94B9445157A8}.Debug|x86.ActiveCfg = Debug|x86
		{6744ED04-BBB6-4B5A-B0F5-94B9445157A8}.Debug|x86.Build.0 = Debug|x86
		{6744ED04-BBB6-4B5A-B0F5-94B9445157A8}.Release|x86.ActiveCfg = Release|x86
		{6744ED04-BBB6-4B5A-B0F5-94B9445157A8}.Release|x86.Build.0 = Release|x86
		{21D21392-C50A-467B-9CF5-C85FA6AC5F0F}.Debug|x86.ActiveCfg = Debug|x86
		{21D21392-C50A-467B-9CF5-C85FA6AC5F0F}.Debug|x86.Build.0 = Debug|x86
		{21D21392-C50A-467B-9CF5-C85FA6AC5F0F}.Release|x86.ActiveCfg = Release|x86
		{21D21392-C50A-467B-9CF5-C85FA6AC5F0F}.Release|x86.Build.0 = Release|x86
		{B9040B48-15C4-4145-B0A2-F0157B328E89}.Debug|x86.ActiveCfg = Debug|x86
		{B9040B48-15C4-4145-B0A2-F0157B328E89}.Debug|x86.Build.0 = Debug|x86
		{B9040B48-15C4-4145-B0A2-F0157B328E89}.Release|x86.ActiveCfg = Release|x86
		{B9040B48-15C4-4145-B0A2-F0157B328E89}.Release|x86.Build.0 = Release|x86
		{0CF71C9A-DA5D-48C7-A5E1-75A44D101CE6}.Debug|x86.ActiveCfg = Debug|x86
		{0CF71C9A-DA5D-48C7-A5E1-75A44D101CE6}.Debug|x86.Build.0 = Debug|x86
		{0CF71C9A-DA5D-48C7-A5E1-75A44D101CE6}.Release|x86.ActiveCfg = Release|x86
		{0CF71C9A-DA5D-48C7-A5E1-75A44D101CE6}.Release|x86.Build.0 = Release|x86
		{E02E8FA4-53C1-49C5-AF9A-5498DB6C5D58}.Debug|x86.ActiveCfg = Debug|x86
		{E02E8FA4-53C1-49C5-AF9A-5498DB6C5D58}.Debug|x86.Build.0 = Debug|x86
		{E02E8FA4-53C1-49C5-AF9A-5498DB6C5D58}.Release|x86.ActiveCfg = Release|x86
		{E02E8FA4-53C1-49C5-AF9A-5498DB6C5D58}.Release|x86.Build.0 = Release|x86
		{4C48AB6D-5AE6-4815-9AED-58DBC749A36E}.Debug|x86.ActiveCfg = Debug|x86
		{4C48AB6D-5AE6-4815-9AED-58DBC749A36E}.Debug|x86.Build.0 = Debug|x86
		{4C48AB6D-5AE6-4815-9AED-58DBC749A36E}.Release|x86.ActiveCfg = Release|x86
		{4C48AB6D-5AE6-4815-9AED-58DBC749A36E}.Release|x86.Build.0 = Release|x86
		{E5D2658F-7D33-48DF-9263-D740F821AE20}.Debug|x86.ActiveCfg = Debug|x86
		{E5D2658F-7D33-48DF-9263-D740F821AE20}.Debug|x86.Build.0 = Debug|x86
		{E5D2658F-7D33-48DF-9263-D740F821AE20}.Release|x86.ActiveCfg = Release|x86
		{E5D2658F-7D33-48DF-9263-D740F821AE20}.Release|x86.Build.0 = Release|x86
		{A459BF1A-923E-410B-8B2C-02F969930A6D}.Debug|x86.ActiveCfg = Debug|x86
		{A459BF1A-923E-410B-8B2C-02F969930A6D}.Release|x86.ActiveCfg = Release|x86
		{A459BF1A-923E-410B-8B2C-02F969930A6D}.Release|x86.Build.0 = Release|x86
		{FF4203B6-50D1-4915-9BBA-E0B57EA07D13}.Debug|x86.ActiveCfg = Debug|x86
		{FF4203B6-50D1-4915-9BBA-E0B57EA07D13}.Debug|x86.Build.0 = Debug|x86
		{FF4203B6-50D1-4915-9BBA-E0B57EA07D13}.Release|x86.ActiveCfg = Release|x86
		{FF4203B6-50D1-4915-9BBA-E0B57EA07D13}.Release|x86.Build.0 = Release|x86
		{EC31ACEA-8F8A-43E8-9A26-584D8B22552C}.Debug|x86.ActiveCfg = Debug|x86
		{EC31ACEA-8F8A-43E8-9A26-584D8B22552C}.Debug|x86.Build.0 = Debug|x86
		{EC31ACEA-8F8A-43E8-9A26-584D8B22552C}.Release|x86.ActiveCfg = Release|x86
		{EC31ACEA-8F8A-43E8-9A26-584D8B22552C}.Release|x86.Build.0 = Release|x86
		{9DEB3B56-6C6B-4D84-90DD-3A3FCE84441C}.Debug|x86.ActiveCfg = Debug|x86
		{9DEB3B56-6C6B-4D84-90DD-3A3FCE84441C}.Debug|x86.Build.0 = Debug|x86
		{9DEB3B56-6C6B-4D84-90DD-3A3FCE84441C}.Release|x86.ActiveCfg = Release|x86
		{9DEB3B56-6C6B-4D84-90DD-3A3FCE84441C}.Release|x86.Build.0 = Release|x86
		{1423536E-4DFE-4F6E-ABAA-6850013345E4}.Debug|x86.ActiveCfg = Debug|x86
		{1423536E-4DFE-4F6E-ABAA-6850013345E4}.Debug|x86.Build.0 = Debug|x86
		{1423536E-4DFE-4F6E-ABAA-6850013345E4}.Release|x86.ActiveCfg = Release|x86
		{1423536E-4DFE-4F6E-ABAA-6850013345E4}.Release|x86.Build.0 = Release|x86
		{8E395330-2032-4A9F-80F1-7DED7FC43A7E}.Debug|x86.ActiveCfg = Debug|x86
		{8E395330-2032-4A9F-80F1-7DED7FC43A7E}.Debug|x86.Build.0 = Debug|x86
		{8E395330-2032-4A9F-80F1-7DED7FC43A7E}.Release|x86.ActiveCfg = Release|x86
		{8E395330-2032-4A9F-80F1-7DED7FC43A7E}.Release|x86.Build.0 = Release|x86
		{95566E75-A48B-4E73-9D9F-E34980F86BD5}.Debug|x86.ActiveCfg = Debug|x86
		{95566E75-A48B-4E73-9D9F-E34980F86BD5}.Debug|x86.Build.0 = Debug|x86
		{95566E75-A48B-4E73-9D9F-E34980F86BD5}.Release|x86.ActiveCfg = Release|x86
		{95566E75-A48B-4E73-9D9F-E34980F86BD5}.Release|x86.Build.0 = Release|x86
		{01A5A54B-EEF0-492B-90E0-412DFF1B2657}.Debug|x86.ActiveCfg = Debug|Win32
		{01A5A54B-EEF0-492B-90E0-412DFF1B2657}.Debug|x86.Build.0 = Debug|Win32
		{01A5A54B-EEF0-492B-90E0-412DFF1B2657}.Release|x86.ActiveCfg = Release|Win32
		{01A5A54B-EEF0-492B-90E0-412DFF1B2657}.Release|x86.Build.0 = Release|Win32
		{5B06F6A2-61B0-4405-9B4A-DB806E199B56}.Debug|x86.ActiveCfg = Debug|Win32
		{5B06F6A2-61B0-4405-9B4A-DB806E199B56}.Debug|x86.Build.0 = Debug|Win32
		{5B06F6A2-61B0-4405-9B4A-DB806E199B56}.Release|x86.ActiveCfg = Release|Win32
		{5B06F6A2-61B0-4405-9B4A-DB806E199B56}.Release|x86.Build.0 = Release|Win32
	EndGlobalSection
	GlobalSection(SolutionProperties) = preSolution
		HideSolutionNode = FALSE
	EndGlobalSection
	GlobalSection(ExtensibilityGlobals) = postSolution
		SolutionGuid = {F403A46F-8CE2-490F-A130-9260DEABA533}
	EndGlobalSection
EndGlobal
