Microsoft Visual Studio Solution File, Format Version 12.00
# Visual Studio Version 17
VisualStudioVersion = 17.8.34511.84
MinimumVisualStudioVersion = 10.0.40219.1
Project("{9A19103F-16F7-4668-BE54-9A1E7A4F7556}") = "App.CreativeDocs", "App.CreativeDocs.csproj", "{1D0BD1B8-DF78-45E2-A3B7-D1AE3FB31E46}"
EndProject
Project("{9A19103F-16F7-4668-BE54-9A1E7A4F7556}") = "Common.Document", "..\Common.Document\Common.Document.csproj", "{B324896E-2CDE-45B8-91CE-B476687EA384}"
EndProject
Project("{9A19103F-16F7-4668-BE54-9A1E7A4F7556}") = "Common.DocumentEditor", "..\Common.DocumentEditor\Common.DocumentEditor.csproj", "{B3B20AC3-680D-41E0-94C2-8113577CE703}"
EndProject
Project("{9A19103F-16F7-4668-BE54-9A1E7A4F7556}") = "Common", "..\Common\Common.csproj", "{1611E097-A82A-43E5-B616-D7DC6EFF3F0D}"
EndProject
Project("{2150E333-8FDC-42A3-9474-1A3956D46DE8}") = ".build", ".build", "{63780F8D-EEF0-40DC-A113-E973834D5C5C}"
EndProject
Project("{2150E333-8FDC-42A3-9474-1A3956D46DE8}") = "cresus-core", "cresus-core", "{86B64DEC-DD7B-431B-A5FC-ADF12D099F47}"
	ProjectSection(SolutionItems) = preProject
		..\Directory.Build.props = ..\Directory.Build.props
		..\Version.props = ..\Version.props
	EndProjectSection
EndProject
Project("{2150E333-8FDC-42A3-9474-1A3956D46DE8}") = "zou", "zou", "{BECED41F-17E9-4B78-A643-6ADB54CAC870}"
	ProjectSection(SolutionItems) = preProject
		..\..\zou\Directory.Build.Default.props = ..\..\zou\Directory.Build.Default.props
		..\..\zou\Directory.Build.Default.targets = ..\..\zou\Directory.Build.Default.targets
	EndProjectSection
EndProject
Project("{9A19103F-16F7-4668-BE54-9A1E7A4F7556}") = "Common.Tests", "..\Common.Tests\Common.Tests.csproj", "{1E921F71-7F6A-4130-84A6-A0180659F1D9}"
EndProject
Project("{2150E333-8FDC-42A3-9474-1A3956D46DE8}") = ".bundle", ".bundle", "{85E86EC1-8245-40F2-BECE-0558B90C13BA}"
	ProjectSection(SolutionItems) = preProject
		..\..\Directory.Build.props = ..\..\Directory.Build.props
		..\..\Directory.Build.targets = ..\..\Directory.Build.targets
		..\..\NuGet.config = ..\..\NuGet.config
	EndProjectSection
EndProject
Project("{2150E333-8FDC-42A3-9474-1A3956D46DE8}") = "grafix", "grafix", "{91D62AC1-BB8F-4467-8E0C-7C85FBAD9977}"
EndProject
Project("{9A19103F-16F7-4668-BE54-9A1E7A4F7556}") = "AntigrainSharp", "..\..\grafix\AggUI\AntigrainSharp.csproj", "{B427053A-C634-486C-AA6C-67D25DD074D6}"
	ProjectSection(ProjectDependencies) = postProject
		{8B94BAE5-A4A6-442C-A33B-6DBE63B076E7} = {8B94BAE5-A4A6-442C-A33B-6DBE63B076E7}
	EndProjectSection
EndProject
Project("{2150E333-8FDC-42A3-9474-1A3956D46DE8}") = "grafix", "grafix", "{B18A41B8-0430-46CF-BBB1-D992F8E3AA5A}"
	ProjectSection(SolutionItems) = preProject
		..\..\grafix\BUILDING.md = ..\..\grafix\BUILDING.md
		..\..\grafix\DESIGN.md = ..\..\grafix\DESIGN.md
		..\..\grafix\Directory.Build.props = ..\..\grafix\Directory.Build.props
		..\..\grafix\DOCUMENTATION.md = ..\..\grafix\DOCUMENTATION.md
		..\..\grafix\README.md = ..\..\grafix\README.md
		..\..\grafix\Version.props = ..\..\grafix\Version.props
	EndProjectSection
EndProject
Project("{8BC9CEB8-8B4A-11D0-8D11-00A0C91BC942}") = "aggcpp", "..\..\grafix\AggUI\aggcpp\aggcpp.vcxproj", "{8B94BAE5-A4A6-442C-A33B-6DBE63B076E7}"
EndProject
Global
	GlobalSection(SolutionConfigurationPlatforms) = preSolution
		Debug|x64 = Debug|x64
		Release|x64 = Release|x64
	EndGlobalSection
	GlobalSection(ProjectConfigurationPlatforms) = postSolution
		{1D0BD1B8-DF78-45E2-A3B7-D1AE3FB31E46}.Debug|x64.ActiveCfg = Debug|x64
		{1D0BD1B8-DF78-45E2-A3B7-D1AE3FB31E46}.Debug|x64.Build.0 = Debug|x64
		{1D0BD1B8-DF78-45E2-A3B7-D1AE3FB31E46}.Release|x64.ActiveCfg = Release|x64
		{1D0BD1B8-DF78-45E2-A3B7-D1AE3FB31E46}.Release|x64.Build.0 = Release|x64
		{B324896E-2CDE-45B8-91CE-B476687EA384}.Debug|x64.ActiveCfg = Debug|x64
		{B324896E-2CDE-45B8-91CE-B476687EA384}.Debug|x64.Build.0 = Debug|x64
		{B324896E-2CDE-45B8-91CE-B476687EA384}.Release|x64.ActiveCfg = Release|x64
		{B324896E-2CDE-45B8-91CE-B476687EA384}.Release|x64.Build.0 = Release|x64
		{B3B20AC3-680D-41E0-94C2-8113577CE703}.Debug|x64.ActiveCfg = Debug|x64
		{B3B20AC3-680D-41E0-94C2-8113577CE703}.Debug|x64.Build.0 = Debug|x64
		{B3B20AC3-680D-41E0-94C2-8113577CE703}.Release|x64.ActiveCfg = Release|x64
		{B3B20AC3-680D-41E0-94C2-8113577CE703}.Release|x64.Build.0 = Release|x64
		{1611E097-A82A-43E5-B616-D7DC6EFF3F0D}.Debug|x64.ActiveCfg = Debug|x64
		{1611E097-A82A-43E5-B616-D7DC6EFF3F0D}.Debug|x64.Build.0 = Debug|x64
		{1611E097-A82A-43E5-B616-D7DC6EFF3F0D}.Release|x64.ActiveCfg = Release|x64
		{1611E097-A82A-43E5-B616-D7DC6EFF3F0D}.Release|x64.Build.0 = Release|x64
		{1E921F71-7F6A-4130-84A6-A0180659F1D9}.Debug|x64.ActiveCfg = Debug|x64
		{1E921F71-7F6A-4130-84A6-A0180659F1D9}.Debug|x64.Build.0 = Debug|x64
		{1E921F71-7F6A-4130-84A6-A0180659F1D9}.Release|x64.ActiveCfg = Release|x64
		{1E921F71-7F6A-4130-84A6-A0180659F1D9}.Release|x64.Build.0 = Release|x64
		{B427053A-C634-486C-AA6C-67D25DD074D6}.Debug|x64.ActiveCfg = Debug|x64
		{B427053A-C634-486C-AA6C-67D25DD074D6}.Debug|x64.Build.0 = Debug|x64
		{B427053A-C634-486C-AA6C-67D25DD074D6}.Release|x64.ActiveCfg = Release|x64
		{B427053A-C634-486C-AA6C-67D25DD074D6}.Release|x64.Build.0 = Release|x64
		{8B94BAE5-A4A6-442C-A33B-6DBE63B076E7}.Debug|x64.ActiveCfg = Debug|x64
		{8B94BAE5-A4A6-442C-A33B-6DBE63B076E7}.Release|x64.ActiveCfg = Release|x64
		{8B94BAE5-A4A6-442C-A33B-6DBE63B076E7}.Release|x64.Build.0 = Release|x64
	EndGlobalSection
	GlobalSection(SolutionProperties) = preSolution
		HideSolutionNode = FALSE
	EndGlobalSection
	GlobalSection(NestedProjects) = preSolution
		{86B64DEC-DD7B-431B-A5FC-ADF12D099F47} = {63780F8D-EEF0-40DC-A113-E973834D5C5C}
		{BECED41F-17E9-4B78-A643-6ADB54CAC870} = {63780F8D-EEF0-40DC-A113-E973834D5C5C}
		{85E86EC1-8245-40F2-BECE-0558B90C13BA} = {63780F8D-EEF0-40DC-A113-E973834D5C5C}
		{B427053A-C634-486C-AA6C-67D25DD074D6} = {91D62AC1-BB8F-4467-8E0C-7C85FBAD9977}
		{B18A41B8-0430-46CF-BBB1-D992F8E3AA5A} = {63780F8D-EEF0-40DC-A113-E973834D5C5C}
		{8B94BAE5-A4A6-442C-A33B-6DBE63B076E7} = {91D62AC1-BB8F-4467-8E0C-7C85FBAD9977}
	EndGlobalSection
	GlobalSection(ExtensibilityGlobals) = postSolution
		SolutionGuid = {FD95B599-0575-49C0-BE73-AAAC9FB9A842}
	EndGlobalSection
EndGlobal
